// !$*UTF8*$!
{
	archiveVersion = 1;
	classes = {
	};
	objectVersion = 55;
	objects = {

/* Begin PBXBuildFile section */
		0D023C6127D7659100191426 /* DatePicker.storyboard in Resources */ = {isa = PBXBuildFile; fileRef = 0D023C6027D7659100191426 /* DatePicker.storyboard */; };
		0D023C6327D765BA00191426 /* DatePickerViewController.swift in Sources */ = {isa = PBXBuildFile; fileRef = 0D023C6227D765BA00191426 /* DatePickerViewController.swift */; };
		0D04FB3527C7555D00F9C31D /* ViewControllerSizeClass.swift in Sources */ = {isa = PBXBuildFile; fileRef = 0D04FB3427C7555D00F9C31D /* ViewControllerSizeClass.swift */; };
		0D04FB3727C7A31000F9C31D /* SizeClass2.storyboard in Resources */ = {isa = PBXBuildFile; fileRef = 0D04FB3627C7A31000F9C31D /* SizeClass2.storyboard */; };
		0D06786127D9B5CB00B20B27 /* SegmentedContlrollerToSwitchView.storyboard in Resources */ = {isa = PBXBuildFile; fileRef = 0D06786027D9B5CB00B20B27 /* SegmentedContlrollerToSwitchView.storyboard */; };
		0D06786327D9B6D700B20B27 /* SegmentControllerToSwitchViewVC.swift in Sources */ = {isa = PBXBuildFile; fileRef = 0D06786227D9B6D700B20B27 /* SegmentControllerToSwitchViewVC.swift */; };
		0D07C53327D07BB900F31E5C /* ScrollView.storyboard in Resources */ = {isa = PBXBuildFile; fileRef = 0D07C53227D07BB900F31E5C /* ScrollView.storyboard */; };
		0D07C53527D09CD700F31E5C /* TableViewWIthCustomCell.storyboard in Resources */ = {isa = PBXBuildFile; fileRef = 0D07C53427D09CD700F31E5C /* TableViewWIthCustomCell.storyboard */; };
		0D07C53827D09D1200F31E5C /* TableViewCell.swift in Sources */ = {isa = PBXBuildFile; fileRef = 0D07C53627D09D1200F31E5C /* TableViewCell.swift */; };
		0D07C53927D09D1200F31E5C /* TableViewCell.xib in Resources */ = {isa = PBXBuildFile; fileRef = 0D07C53727D09D1200F31E5C /* TableViewCell.xib */; };
		0D07C53B27D0A01900F31E5C /* ViewControllerTableViewCustomCell.swift in Sources */ = {isa = PBXBuildFile; fileRef = 0D07C53A27D0A01900F31E5C /* ViewControllerTableViewCustomCell.swift */; };
		0D2681AD27DB4125002E6EA6 /* demo.html in Resources */ = {isa = PBXBuildFile; fileRef = 0D2681AC27DB4125002E6EA6 /* demo.html */; };
		0D4D787C27D9E924007B0100 /* TableCell.swift in Sources */ = {isa = PBXBuildFile; fileRef = 0D4D787B27D9E924007B0100 /* TableCell.swift */; };
		0D4D787E27D9EE8A007B0100 /* CollectionViewCelll.swift in Sources */ = {isa = PBXBuildFile; fileRef = 0D4D787D27D9EE8A007B0100 /* CollectionViewCelll.swift */; };
		0D4D788027DA0ED2007B0100 /* WKWebkitDemo.storyboard in Resources */ = {isa = PBXBuildFile; fileRef = 0D4D787F27DA0ED2007B0100 /* WKWebkitDemo.storyboard */; };
		0D4D788427DA118A007B0100 /* WKWebViewViewController.swift in Sources */ = {isa = PBXBuildFile; fileRef = 0D4D788327DA118A007B0100 /* WKWebViewViewController.swift */; };
		0D582BDC27D1D51700AB8497 /* ViewControllerForTabBar.swift in Sources */ = {isa = PBXBuildFile; fileRef = 0D582BDB27D1D51700AB8497 /* ViewControllerForTabBar.swift */; };
		0D582BE027D1D61C00AB8497 /* ViewControllerMapView.swift in Sources */ = {isa = PBXBuildFile; fileRef = 0D582BDF27D1D61C00AB8497 /* ViewControllerMapView.swift */; };
		0D582BE227D1E01F00AB8497 /* TabBarApp.storyboard in Resources */ = {isa = PBXBuildFile; fileRef = 0D582BE127D1E01F00AB8497 /* TabBarApp.storyboard */; };
		0D582BE527D1EADC00AB8497 /* MapKit.framework in Frameworks */ = {isa = PBXBuildFile; fileRef = 0D582BE427D1EADC00AB8497 /* MapKit.framework */; };
		0D582BE727D1ED4C00AB8497 /* PinAnnotation.swift in Sources */ = {isa = PBXBuildFile; fileRef = 0D582BE627D1ED4C00AB8497 /* PinAnnotation.swift */; };
		0D8739B527D5F92D0046218A /* ViewControllerCollectionView.swift in Sources */ = {isa = PBXBuildFile; fileRef = 0D8739B427D5F92D0046218A /* ViewControllerCollectionView.swift */; };
		0D8739B727D5F9CB0046218A /* CellStackViewAxisChanger.swift in Sources */ = {isa = PBXBuildFile; fileRef = 0D8739B627D5F9CB0046218A /* CellStackViewAxisChanger.swift */; };
		0D8739B927D5FA060046218A /* CellIncrementorDecrementor.swift in Sources */ = {isa = PBXBuildFile; fileRef = 0D8739B827D5FA060046218A /* CellIncrementorDecrementor.swift */; };
		0D8739BD27D613090046218A /* TableViewControllerForSearchBar.swift in Sources */ = {isa = PBXBuildFile; fileRef = 0D8739BC27D613090046218A /* TableViewControllerForSearchBar.swift */; };
		0D88EE3927C6279F005B66BA /* ViewController1.swift in Sources */ = {isa = PBXBuildFile; fileRef = 0D88EE3827C6279F005B66BA /* ViewController1.swift */; };
		0D88EE3B27C62F9E005B66BA /* ViewControllerSignUp.swift in Sources */ = {isa = PBXBuildFile; fileRef = 0D88EE3A27C62F9E005B66BA /* ViewControllerSignUp.swift */; };
		0D88EE3D27C65350005B66BA /* HuggingPriorityContentCompression.storyboard in Resources */ = {isa = PBXBuildFile; fileRef = 0D88EE3C27C65350005B66BA /* HuggingPriorityContentCompression.storyboard */; };
		0D88EE3F27C65B76005B66BA /* Sizeclass.storyboard in Resources */ = {isa = PBXBuildFile; fileRef = 0D88EE3E27C65B76005B66BA /* Sizeclass.storyboard */; };
		0DBFD98D27DB0A040011FC1A /* MainViewController.swift in Sources */ = {isa = PBXBuildFile; fileRef = 0DBFD98C27DB0A040011FC1A /* MainViewController.swift */; };
		0DBFD98F27DB0A6A0011FC1A /* TableViewCellData.swift in Sources */ = {isa = PBXBuildFile; fileRef = 0DBFD98E27DB0A6A0011FC1A /* TableViewCellData.swift */; };
		0DBFD99127DB10030011FC1A /* TableViewTopicCell.swift in Sources */ = {isa = PBXBuildFile; fileRef = 0DBFD99027DB10030011FC1A /* TableViewTopicCell.swift */; };
		0DC2721027CCA5FD001A2C5B /* LoginSignupPractical1.storyboard in Resources */ = {isa = PBXBuildFile; fileRef = 0DC2720F27CCA5FD001A2C5B /* LoginSignupPractical1.storyboard */; };
		0DC2721227CCC6B4001A2C5B /* PageViewController.swift in Sources */ = {isa = PBXBuildFile; fileRef = 0DC2721127CCC6B4001A2C5B /* PageViewController.swift */; };
		0DCF9AA428029C0A00669677 /* Coordinator.swift in Sources */ = {isa = PBXBuildFile; fileRef = 0DCF9AA328029C0A00669677 /* Coordinator.swift */; };
		0DCF9AA628029C1500669677 /* AppCoordinator.swift in Sources */ = {isa = PBXBuildFile; fileRef = 0DCF9AA528029C1500669677 /* AppCoordinator.swift */; };
		0DCF9AA828029C2A00669677 /* NavigationController.storyboard in Resources */ = {isa = PBXBuildFile; fileRef = 0DCF9AA728029C2A00669677 /* NavigationController.storyboard */; };
		0DCF9AAA28029CF400669677 /* FirstViewController.swift in Sources */ = {isa = PBXBuildFile; fileRef = 0DCF9AA928029CF400669677 /* FirstViewController.swift */; };
		0DCF9AAC28029D0100669677 /* SecondViewController.swift in Sources */ = {isa = PBXBuildFile; fileRef = 0DCF9AAB28029D0100669677 /* SecondViewController.swift */; };
		0DCF9AAE28029D3E00669677 /* ThirdViewController.swift in Sources */ = {isa = PBXBuildFile; fileRef = 0DCF9AAD28029D3E00669677 /* ThirdViewController.swift */; };
		0DCF9AB028029D4A00669677 /* FourthViewController.swift in Sources */ = {isa = PBXBuildFile; fileRef = 0DCF9AAF28029D4A00669677 /* FourthViewController.swift */; };
		0DCF9AB228029D9D00669677 /* HomeVCCoordinator.swift in Sources */ = {isa = PBXBuildFile; fileRef = 0DCF9AB128029D9D00669677 /* HomeVCCoordinator.swift */; };
		0DCF9AB428029DAE00669677 /* MainVCCoordinator.swift in Sources */ = {isa = PBXBuildFile; fileRef = 0DCF9AB328029DAE00669677 /* MainVCCoordinator.swift */; };
		0DCF9AB628029DC100669677 /* VCOneCoordinator.swift in Sources */ = {isa = PBXBuildFile; fileRef = 0DCF9AB528029DC100669677 /* VCOneCoordinator.swift */; };
		0DCF9AB828029DD700669677 /* VCTwoCoordinator.swift in Sources */ = {isa = PBXBuildFile; fileRef = 0DCF9AB728029DD700669677 /* VCTwoCoordinator.swift */; };
		0DCF9ABA28029E0600669677 /* ViewControllerOneByCoordinator.swift in Sources */ = {isa = PBXBuildFile; fileRef = 0DCF9AB928029E0600669677 /* ViewControllerOneByCoordinator.swift */; };
		0DCF9ABC28029E1400669677 /* ViewControllerTwoByCoordinator.swift in Sources */ = {isa = PBXBuildFile; fileRef = 0DCF9ABB28029E1400669677 /* ViewControllerTwoByCoordinator.swift */; };
		0DCF9ABE2802A23200669677 /* RecievedItemTableViewCell.swift in Sources */ = {isa = PBXBuildFile; fileRef = 0DCF9ABD2802A23200669677 /* RecievedItemTableViewCell.swift */; };
		0DCF9BBE2802AC9300669677 /* Internal Review  Report II.pptx (1).pdf in Resources */ = {isa = PBXBuildFile; fileRef = 0DCF9BBD2802AC9300669677 /* Internal Review  Report II.pptx (1).pdf */; };
		0DD4E7EB27C4C61A0024EAC4 /* AppDelegate.swift in Sources */ = {isa = PBXBuildFile; fileRef = 0DD4E7EA27C4C61A0024EAC4 /* AppDelegate.swift */; };
		0DD4E7ED27C4C61A0024EAC4 /* SceneDelegate.swift in Sources */ = {isa = PBXBuildFile; fileRef = 0DD4E7EC27C4C61A0024EAC4 /* SceneDelegate.swift */; };
		0DD4E7EF27C4C61A0024EAC4 /* ViewController.swift in Sources */ = {isa = PBXBuildFile; fileRef = 0DD4E7EE27C4C61A0024EAC4 /* ViewController.swift */; };
		0DD4E7F427C4C61D0024EAC4 /* Assets.xcassets in Resources */ = {isa = PBXBuildFile; fileRef = 0DD4E7F327C4C61D0024EAC4 /* Assets.xcassets */; };
		0DD4E7F727C4C61D0024EAC4 /* LaunchScreen.storyboard in Resources */ = {isa = PBXBuildFile; fileRef = 0DD4E7F527C4C61D0024EAC4 /* LaunchScreen.storyboard */; };
		0DD4E80227C4C61D0024EAC4 /* IOSUIPracticalsTests.swift in Sources */ = {isa = PBXBuildFile; fileRef = 0DD4E80127C4C61D0024EAC4 /* IOSUIPracticalsTests.swift */; };
		0DD4E80C27C4C61D0024EAC4 /* IOSUIPracticalsUITests.swift in Sources */ = {isa = PBXBuildFile; fileRef = 0DD4E80B27C4C61D0024EAC4 /* IOSUIPracticalsUITests.swift */; };
		0DD4E80E27C4C61D0024EAC4 /* IOSUIPracticalsUITestsLaunchTests.swift in Sources */ = {isa = PBXBuildFile; fileRef = 0DD4E80D27C4C61D0024EAC4 /* IOSUIPracticalsUITestsLaunchTests.swift */; };
		0DD4E81B27C52BED0024EAC4 /* Main.storyboard in Resources */ = {isa = PBXBuildFile; fileRef = 0DD4E81A27C52BED0024EAC4 /* Main.storyboard */; };
		0DE8FB1427D86C6800003E4C /* LifecycleDemo.storyboard in Resources */ = {isa = PBXBuildFile; fileRef = 0DE8FB1327D86C6800003E4C /* LifecycleDemo.storyboard */; };
		0DE8FB1627D86D5B00003E4C /* ViewControllerTabOne.swift in Sources */ = {isa = PBXBuildFile; fileRef = 0DE8FB1527D86D5B00003E4C /* ViewControllerTabOne.swift */; };
		0DE8FB1827D86D6C00003E4C /* ViewControllerTabTwo.swift in Sources */ = {isa = PBXBuildFile; fileRef = 0DE8FB1727D86D6C00003E4C /* ViewControllerTabTwo.swift */; };
		0DF3DBE2280D696E00A873C3 /* TableViewControllerForSearchBar.swift in Sources */ = {isa = PBXBuildFile; fileRef = 0DF3DBA1280D696D00A873C3 /* TableViewControllerForSearchBar.swift */; };
		0DF3DBE3280D696E00A873C3 /* ViewControllerDemo.swift in Sources */ = {isa = PBXBuildFile; fileRef = 0DF3DBA2280D696D00A873C3 /* ViewControllerDemo.swift */; };
		0DF3DBE4280D696E00A873C3 /* CellIncrementorDecrementor.swift in Sources */ = {isa = PBXBuildFile; fileRef = 0DF3DBA3280D696D00A873C3 /* CellIncrementorDecrementor.swift */; };
		0DF3DBE5280D696E00A873C3 /* ViewController.swift in Sources */ = {isa = PBXBuildFile; fileRef = 0DF3DBA4280D696D00A873C3 /* ViewController.swift */; };
		0DF3DBE6280D696E00A873C3 /* ViewControllerSizeClass.swift in Sources */ = {isa = PBXBuildFile; fileRef = 0DF3DBA5280D696E00A873C3 /* ViewControllerSizeClass.swift */; };
		0DF3DBE7280D696E00A873C3 /* RadioTableViewCell.swift in Sources */ = {isa = PBXBuildFile; fileRef = 0DF3DBA6280D696E00A873C3 /* RadioTableViewCell.swift */; };
		0DF3DBE8280D696E00A873C3 /* SegmentControllerToSwitchViewVC.swift in Sources */ = {isa = PBXBuildFile; fileRef = 0DF3DBA8280D696E00A873C3 /* SegmentControllerToSwitchViewVC.swift */; };
		0DF3DBE9280D696E00A873C3 /* TableCell.swift in Sources */ = {isa = PBXBuildFile; fileRef = 0DF3DBA9280D696E00A873C3 /* TableCell.swift */; };
		0DF3DBEA280D696E00A873C3 /* SegmentedContlrollerToSwitchView.storyboard in Resources */ = {isa = PBXBuildFile; fileRef = 0DF3DBAA280D696E00A873C3 /* SegmentedContlrollerToSwitchView.storyboard */; };
		0DF3DBEB280D696E00A873C3 /* CollectionViewCelll.swift in Sources */ = {isa = PBXBuildFile; fileRef = 0DF3DBAB280D696E00A873C3 /* CollectionViewCelll.swift */; };
		0DF3DBEC280D696E00A873C3 /* ViewControllerOneByCoordinator.swift in Sources */ = {isa = PBXBuildFile; fileRef = 0DF3DBAE280D696E00A873C3 /* ViewControllerOneByCoordinator.swift */; };
		0DF3DBED280D696E00A873C3 /* RecievedItemTableViewCell.swift in Sources */ = {isa = PBXBuildFile; fileRef = 0DF3DBAF280D696E00A873C3 /* RecievedItemTableViewCell.swift */; };
		0DF3DBEE280D696E00A873C3 /* AppCoordinator.swift in Sources */ = {isa = PBXBuildFile; fileRef = 0DF3DBB0280D696E00A873C3 /* AppCoordinator.swift */; };
		0DF3DBEF280D696E00A873C3 /* VCOneCoordinator.swift in Sources */ = {isa = PBXBuildFile; fileRef = 0DF3DBB1280D696E00A873C3 /* VCOneCoordinator.swift */; };
		0DF3DBF0280D696E00A873C3 /* MainVCCoordinator.swift in Sources */ = {isa = PBXBuildFile; fileRef = 0DF3DBB2280D696E00A873C3 /* MainVCCoordinator.swift */; };
		0DF3DBF1280D696E00A873C3 /* HomeVCCoordinator.swift in Sources */ = {isa = PBXBuildFile; fileRef = 0DF3DBB3280D696E00A873C3 /* HomeVCCoordinator.swift */; };
		0DF3DBF2280D696E00A873C3 /* VCTwoCoordinator.swift in Sources */ = {isa = PBXBuildFile; fileRef = 0DF3DBB4280D696E00A873C3 /* VCTwoCoordinator.swift */; };
		0DF3DBF3280D696E00A873C3 /* ViewControllerTwoByCoordinator.swift in Sources */ = {isa = PBXBuildFile; fileRef = 0DF3DBB5280D696E00A873C3 /* ViewControllerTwoByCoordinator.swift */; };
		0DF3DBF4280D696E00A873C3 /* Coordinator.swift in Sources */ = {isa = PBXBuildFile; fileRef = 0DF3DBB6280D696E00A873C3 /* Coordinator.swift */; };
		0DF3DBF5280D696E00A873C3 /* ThirdViewController.swift in Sources */ = {isa = PBXBuildFile; fileRef = 0DF3DBB7280D696E00A873C3 /* ThirdViewController.swift */; };
		0DF3DBF6280D696E00A873C3 /* FirstViewController.swift in Sources */ = {isa = PBXBuildFile; fileRef = 0DF3DBB8280D696E00A873C3 /* FirstViewController.swift */; };
		0DF3DBF7280D696E00A873C3 /* NavigationController.storyboard in Resources */ = {isa = PBXBuildFile; fileRef = 0DF3DBB9280D696E00A873C3 /* NavigationController.storyboard */; };
		0DF3DBF8280D696E00A873C3 /* FourthViewController.swift in Sources */ = {isa = PBXBuildFile; fileRef = 0DF3DBBA280D696E00A873C3 /* FourthViewController.swift */; };
		0DF3DBF9280D696E00A873C3 /* SecondViewController.swift in Sources */ = {isa = PBXBuildFile; fileRef = 0DF3DBBB280D696E00A873C3 /* SecondViewController.swift */; };
		0DF3DBFA280D696E00A873C3 /* WKWebkitDemo.storyboard in Resources */ = {isa = PBXBuildFile; fileRef = 0DF3DBBC280D696E00A873C3 /* WKWebkitDemo.storyboard */; };
		0DF3DBFB280D696E00A873C3 /* ViewControllerTabTwo.swift in Sources */ = {isa = PBXBuildFile; fileRef = 0DF3DBBD280D696E00A873C3 /* ViewControllerTabTwo.swift */; };
		0DF3DBFC280D696E00A873C3 /* ViewController1.swift in Sources */ = {isa = PBXBuildFile; fileRef = 0DF3DBBE280D696E00A873C3 /* ViewController1.swift */; };
		0DF3DBFD280D696E00A873C3 /* DatePickerViewController.swift in Sources */ = {isa = PBXBuildFile; fileRef = 0DF3DBBF280D696E00A873C3 /* DatePickerViewController.swift */; };
		0DF3DBFE280D696E00A873C3 /* LifecycleDemo.storyboard in Resources */ = {isa = PBXBuildFile; fileRef = 0DF3DBC0280D696E00A873C3 /* LifecycleDemo.storyboard */; };
		0DF3DBFF280D696E00A873C3 /* MainViewController.swift in Sources */ = {isa = PBXBuildFile; fileRef = 0DF3DBC1280D696E00A873C3 /* MainViewController.swift */; };
		0DF3DC00280D696E00A873C3 /* ViewControllerTableViewCustomCell.swift in Sources */ = {isa = PBXBuildFile; fileRef = 0DF3DBC2280D696E00A873C3 /* ViewControllerTableViewCustomCell.swift */; };
		0DF3DC01280D696E00A873C3 /* Sizeclass.storyboard in Resources */ = {isa = PBXBuildFile; fileRef = 0DF3DBC3280D696E00A873C3 /* Sizeclass.storyboard */; };
		0DF3DC02280D696E00A873C3 /* Assets.xcassets in Resources */ = {isa = PBXBuildFile; fileRef = 0DF3DBC4280D696E00A873C3 /* Assets.xcassets */; };
		0DF3DC03280D696E00A873C3 /* TableViewCell.swift in Sources */ = {isa = PBXBuildFile; fileRef = 0DF3DBC5280D696E00A873C3 /* TableViewCell.swift */; };
		0DF3DC04280D696E00A873C3 /* ViewControllerForSignup.swift in Sources */ = {isa = PBXBuildFile; fileRef = 0DF3DBC6280D696E00A873C3 /* ViewControllerForSignup.swift */; };
		0DF3DC05280D696E00A873C3 /* CellStackViewAxisChanger.swift in Sources */ = {isa = PBXBuildFile; fileRef = 0DF3DBC7280D696E00A873C3 /* CellStackViewAxisChanger.swift */; };
		0DF3DC06280D696E00A873C3 /* Internal Review  Report II.pptx (1).pdf in Resources */ = {isa = PBXBuildFile; fileRef = 0DF3DBC8280D696E00A873C3 /* Internal Review  Report II.pptx (1).pdf */; };
		0DF3DC07280D696E00A873C3 /* LoginSignupPractical1.storyboard in Resources */ = {isa = PBXBuildFile; fileRef = 0DF3DBC9280D696E00A873C3 /* LoginSignupPractical1.storyboard */; };
		0DF3DC08280D696E00A873C3 /* LaunchScreen.storyboard in Resources */ = {isa = PBXBuildFile; fileRef = 0DF3DBCA280D696E00A873C3 /* LaunchScreen.storyboard */; };
		0DF3DC09280D696E00A873C3 /* ViewControllerMapView.swift in Sources */ = {isa = PBXBuildFile; fileRef = 0DF3DBCC280D696E00A873C3 /* ViewControllerMapView.swift */; };
		0DF3DC0A280D696E00A873C3 /* Main.storyboard in Resources */ = {isa = PBXBuildFile; fileRef = 0DF3DBCD280D696E00A873C3 /* Main.storyboard */; };
		0DF3DC0B280D696E00A873C3 /* TableViewCell.xib in Resources */ = {isa = PBXBuildFile; fileRef = 0DF3DBCE280D696E00A873C3 /* TableViewCell.xib */; };
		0DF3DC0C280D696E00A873C3 /* DatePicker.storyboard in Resources */ = {isa = PBXBuildFile; fileRef = 0DF3DBCF280D696E00A873C3 /* DatePicker.storyboard */; };
		0DF3DC0D280D696E00A873C3 /* SizeClass2.storyboard in Resources */ = {isa = PBXBuildFile; fileRef = 0DF3DBD0280D696E00A873C3 /* SizeClass2.storyboard */; };
		0DF3DC0E280D696E00A873C3 /* TableViewCellData.swift in Sources */ = {isa = PBXBuildFile; fileRef = 0DF3DBD1280D696E00A873C3 /* TableViewCellData.swift */; };
		0DF3DC0F280D696E00A873C3 /* WKWebViewViewController.swift in Sources */ = {isa = PBXBuildFile; fileRef = 0DF3DBD2280D696E00A873C3 /* WKWebViewViewController.swift */; };
		0DF3DC10280D696E00A873C3 /* TabBarApp.storyboard in Resources */ = {isa = PBXBuildFile; fileRef = 0DF3DBD3280D696E00A873C3 /* TabBarApp.storyboard */; };
		0DF3DC11280D696E00A873C3 /* ScrollView.storyboard in Resources */ = {isa = PBXBuildFile; fileRef = 0DF3DBD4280D696E00A873C3 /* ScrollView.storyboard */; };
		0DF3DC12280D696E00A873C3 /* TableViewWIthCustomCell.storyboard in Resources */ = {isa = PBXBuildFile; fileRef = 0DF3DBD5280D696E00A873C3 /* TableViewWIthCustomCell.storyboard */; };
		0DF3DC13280D696E00A873C3 /* ViewControllerForTabBar.swift in Sources */ = {isa = PBXBuildFile; fileRef = 0DF3DBD6280D696E00A873C3 /* ViewControllerForTabBar.swift */; };
		0DF3DC14280D696E00A873C3 /* AppDelegate.swift in Sources */ = {isa = PBXBuildFile; fileRef = 0DF3DBD7280D696E00A873C3 /* AppDelegate.swift */; };
		0DF3DC15280D696E00A873C3 /* HuggingPriorityContentCompression.storyboard in Resources */ = {isa = PBXBuildFile; fileRef = 0DF3DBD8280D696E00A873C3 /* HuggingPriorityContentCompression.storyboard */; };
		0DF3DC16280D696E00A873C3 /* demo.html in Resources */ = {isa = PBXBuildFile; fileRef = 0DF3DBD9280D696E00A873C3 /* demo.html */; };
		0DF3DC17280D696E00A873C3 /* PageViewController.swift in Sources */ = {isa = PBXBuildFile; fileRef = 0DF3DBDA280D696E00A873C3 /* PageViewController.swift */; };
		0DF3DC18280D696E00A873C3 /* ViewControllerSignUp.swift in Sources */ = {isa = PBXBuildFile; fileRef = 0DF3DBDB280D696E00A873C3 /* ViewControllerSignUp.swift */; };
		0DF3DC19280D696E00A873C3 /* PinAnnotation.swift in Sources */ = {isa = PBXBuildFile; fileRef = 0DF3DBDC280D696E00A873C3 /* PinAnnotation.swift */; };
		0DF3DC1A280D696E00A873C3 /* Info.plist in Resources */ = {isa = PBXBuildFile; fileRef = 0DF3DBDD280D696E00A873C3 /* Info.plist */; };
		0DF3DC1B280D696E00A873C3 /* SceneDelegate.swift in Sources */ = {isa = PBXBuildFile; fileRef = 0DF3DBDE280D696E00A873C3 /* SceneDelegate.swift */; };
		0DF3DC1C280D696E00A873C3 /* ViewControllerTabOne.swift in Sources */ = {isa = PBXBuildFile; fileRef = 0DF3DBDF280D696E00A873C3 /* ViewControllerTabOne.swift */; };
		0DF3DC1D280D696E00A873C3 /* TableViewTopicCell.swift in Sources */ = {isa = PBXBuildFile; fileRef = 0DF3DBE0280D696E00A873C3 /* TableViewTopicCell.swift */; };
		0DF3DC1E280D696E00A873C3 /* ViewControllerCollectionView.swift in Sources */ = {isa = PBXBuildFile; fileRef = 0DF3DBE1280D696E00A873C3 /* ViewControllerCollectionView.swift */; };
		0DFF83A427CE39C000DEA55B /* ViewControllerForSignup.swift in Sources */ = {isa = PBXBuildFile; fileRef = 0DFF83A327CE39C000DEA55B /* ViewControllerForSignup.swift */; };
/* End PBXBuildFile section */

/* Begin PBXContainerItemProxy section */
		0DD4E7FE27C4C61D0024EAC4 /* PBXContainerItemProxy */ = {
			isa = PBXContainerItemProxy;
			containerPortal = 0DD4E7DF27C4C61A0024EAC4 /* Project object */;
			proxyType = 1;
			remoteGlobalIDString = 0DD4E7E627C4C61A0024EAC4;
			remoteInfo = IOSUIPracticals;
		};
		0DD4E80827C4C61D0024EAC4 /* PBXContainerItemProxy */ = {
			isa = PBXContainerItemProxy;
			containerPortal = 0DD4E7DF27C4C61A0024EAC4 /* Project object */;
			proxyType = 1;
			remoteGlobalIDString = 0DD4E7E627C4C61A0024EAC4;
			remoteInfo = IOSUIPracticals;
		};
/* End PBXContainerItemProxy section */

/* Begin PBXFileReference section */
		0D023C6027D7659100191426 /* DatePicker.storyboard */ = {isa = PBXFileReference; lastKnownFileType = file.storyboard; path = DatePicker.storyboard; sourceTree = "<group>"; };
		0D023C6227D765BA00191426 /* DatePickerViewController.swift */ = {isa = PBXFileReference; lastKnownFileType = sourcecode.swift; path = DatePickerViewController.swift; sourceTree = "<group>"; };
		0D04FB3427C7555D00F9C31D /* ViewControllerSizeClass.swift */ = {isa = PBXFileReference; lastKnownFileType = sourcecode.swift; path = ViewControllerSizeClass.swift; sourceTree = "<group>"; };
		0D04FB3627C7A31000F9C31D /* SizeClass2.storyboard */ = {isa = PBXFileReference; lastKnownFileType = file.storyboard; path = SizeClass2.storyboard; sourceTree = "<group>"; };
		0D06786027D9B5CB00B20B27 /* SegmentedContlrollerToSwitchView.storyboard */ = {isa = PBXFileReference; lastKnownFileType = file.storyboard; path = SegmentedContlrollerToSwitchView.storyboard; sourceTree = "<group>"; };
		0D06786227D9B6D700B20B27 /* SegmentControllerToSwitchViewVC.swift */ = {isa = PBXFileReference; lastKnownFileType = sourcecode.swift; path = SegmentControllerToSwitchViewVC.swift; sourceTree = "<group>"; };
		0D07C53227D07BB900F31E5C /* ScrollView.storyboard */ = {isa = PBXFileReference; lastKnownFileType = file.storyboard; path = ScrollView.storyboard; sourceTree = "<group>"; };
		0D07C53427D09CD700F31E5C /* TableViewWIthCustomCell.storyboard */ = {isa = PBXFileReference; lastKnownFileType = file.storyboard; path = TableViewWIthCustomCell.storyboard; sourceTree = "<group>"; };
		0D07C53627D09D1200F31E5C /* TableViewCell.swift */ = {isa = PBXFileReference; lastKnownFileType = sourcecode.swift; path = TableViewCell.swift; sourceTree = "<group>"; };
		0D07C53727D09D1200F31E5C /* TableViewCell.xib */ = {isa = PBXFileReference; lastKnownFileType = file.xib; path = TableViewCell.xib; sourceTree = "<group>"; };
		0D07C53A27D0A01900F31E5C /* ViewControllerTableViewCustomCell.swift */ = {isa = PBXFileReference; lastKnownFileType = sourcecode.swift; path = ViewControllerTableViewCustomCell.swift; sourceTree = "<group>"; };
		0D2681AC27DB4125002E6EA6 /* demo.html */ = {isa = PBXFileReference; fileEncoding = 4; lastKnownFileType = text.html; name = demo.html; path = ../../../demo.html; sourceTree = "<group>"; };
		0D4D787B27D9E924007B0100 /* TableCell.swift */ = {isa = PBXFileReference; lastKnownFileType = sourcecode.swift; path = TableCell.swift; sourceTree = "<group>"; };
		0D4D787D27D9EE8A007B0100 /* CollectionViewCelll.swift */ = {isa = PBXFileReference; lastKnownFileType = sourcecode.swift; path = CollectionViewCelll.swift; sourceTree = "<group>"; };
		0D4D787F27DA0ED2007B0100 /* WKWebkitDemo.storyboard */ = {isa = PBXFileReference; lastKnownFileType = file.storyboard; path = WKWebkitDemo.storyboard; sourceTree = "<group>"; };
		0D4D788327DA118A007B0100 /* WKWebViewViewController.swift */ = {isa = PBXFileReference; lastKnownFileType = sourcecode.swift; path = WKWebViewViewController.swift; sourceTree = "<group>"; };
		0D582BDB27D1D51700AB8497 /* ViewControllerForTabBar.swift */ = {isa = PBXFileReference; lastKnownFileType = sourcecode.swift; path = ViewControllerForTabBar.swift; sourceTree = "<group>"; };
		0D582BDF27D1D61C00AB8497 /* ViewControllerMapView.swift */ = {isa = PBXFileReference; lastKnownFileType = sourcecode.swift; path = ViewControllerMapView.swift; sourceTree = "<group>"; };
		0D582BE127D1E01F00AB8497 /* TabBarApp.storyboard */ = {isa = PBXFileReference; lastKnownFileType = file.storyboard; path = TabBarApp.storyboard; sourceTree = "<group>"; };
		0D582BE427D1EADC00AB8497 /* MapKit.framework */ = {isa = PBXFileReference; lastKnownFileType = wrapper.framework; name = MapKit.framework; path = System/Library/Frameworks/MapKit.framework; sourceTree = SDKROOT; };
		0D582BE627D1ED4C00AB8497 /* PinAnnotation.swift */ = {isa = PBXFileReference; lastKnownFileType = sourcecode.swift; path = PinAnnotation.swift; sourceTree = "<group>"; };
		0D8739B427D5F92D0046218A /* ViewControllerCollectionView.swift */ = {isa = PBXFileReference; lastKnownFileType = sourcecode.swift; path = ViewControllerCollectionView.swift; sourceTree = "<group>"; };
		0D8739B627D5F9CB0046218A /* CellStackViewAxisChanger.swift */ = {isa = PBXFileReference; lastKnownFileType = sourcecode.swift; path = CellStackViewAxisChanger.swift; sourceTree = "<group>"; };
		0D8739B827D5FA060046218A /* CellIncrementorDecrementor.swift */ = {isa = PBXFileReference; lastKnownFileType = sourcecode.swift; path = CellIncrementorDecrementor.swift; sourceTree = "<group>"; };
		0D8739BC27D613090046218A /* TableViewControllerForSearchBar.swift */ = {isa = PBXFileReference; lastKnownFileType = sourcecode.swift; path = TableViewControllerForSearchBar.swift; sourceTree = "<group>"; };
		0D88EE3827C6279F005B66BA /* ViewController1.swift */ = {isa = PBXFileReference; lastKnownFileType = sourcecode.swift; path = ViewController1.swift; sourceTree = "<group>"; };
		0D88EE3A27C62F9E005B66BA /* ViewControllerSignUp.swift */ = {isa = PBXFileReference; lastKnownFileType = sourcecode.swift; path = ViewControllerSignUp.swift; sourceTree = "<group>"; };
		0D88EE3C27C65350005B66BA /* HuggingPriorityContentCompression.storyboard */ = {isa = PBXFileReference; lastKnownFileType = file.storyboard; path = HuggingPriorityContentCompression.storyboard; sourceTree = "<group>"; };
		0D88EE3E27C65B76005B66BA /* Sizeclass.storyboard */ = {isa = PBXFileReference; lastKnownFileType = file.storyboard; path = Sizeclass.storyboard; sourceTree = "<group>"; };
		0DBFD98C27DB0A040011FC1A /* MainViewController.swift */ = {isa = PBXFileReference; lastKnownFileType = sourcecode.swift; path = MainViewController.swift; sourceTree = "<group>"; };
		0DBFD98E27DB0A6A0011FC1A /* TableViewCellData.swift */ = {isa = PBXFileReference; lastKnownFileType = sourcecode.swift; path = TableViewCellData.swift; sourceTree = "<group>"; };
		0DBFD99027DB10030011FC1A /* TableViewTopicCell.swift */ = {isa = PBXFileReference; lastKnownFileType = sourcecode.swift; path = TableViewTopicCell.swift; sourceTree = "<group>"; };
		0DC2720F27CCA5FD001A2C5B /* LoginSignupPractical1.storyboard */ = {isa = PBXFileReference; lastKnownFileType = file.storyboard; path = LoginSignupPractical1.storyboard; sourceTree = "<group>"; };
		0DC2721127CCC6B4001A2C5B /* PageViewController.swift */ = {isa = PBXFileReference; lastKnownFileType = sourcecode.swift; path = PageViewController.swift; sourceTree = "<group>"; };
		0DCF9AA328029C0A00669677 /* Coordinator.swift */ = {isa = PBXFileReference; lastKnownFileType = sourcecode.swift; path = Coordinator.swift; sourceTree = "<group>"; };
		0DCF9AA528029C1500669677 /* AppCoordinator.swift */ = {isa = PBXFileReference; lastKnownFileType = sourcecode.swift; path = AppCoordinator.swift; sourceTree = "<group>"; };
		0DCF9AA728029C2A00669677 /* NavigationController.storyboard */ = {isa = PBXFileReference; lastKnownFileType = file.storyboard; path = NavigationController.storyboard; sourceTree = "<group>"; };
		0DCF9AA928029CF400669677 /* FirstViewController.swift */ = {isa = PBXFileReference; lastKnownFileType = sourcecode.swift; path = FirstViewController.swift; sourceTree = "<group>"; };
		0DCF9AAB28029D0100669677 /* SecondViewController.swift */ = {isa = PBXFileReference; lastKnownFileType = sourcecode.swift; path = SecondViewController.swift; sourceTree = "<group>"; };
		0DCF9AAD28029D3E00669677 /* ThirdViewController.swift */ = {isa = PBXFileReference; lastKnownFileType = sourcecode.swift; path = ThirdViewController.swift; sourceTree = "<group>"; };
		0DCF9AAF28029D4A00669677 /* FourthViewController.swift */ = {isa = PBXFileReference; lastKnownFileType = sourcecode.swift; path = FourthViewController.swift; sourceTree = "<group>"; };
		0DCF9AB128029D9D00669677 /* HomeVCCoordinator.swift */ = {isa = PBXFileReference; lastKnownFileType = sourcecode.swift; path = HomeVCCoordinator.swift; sourceTree = "<group>"; };
		0DCF9AB328029DAE00669677 /* MainVCCoordinator.swift */ = {isa = PBXFileReference; lastKnownFileType = sourcecode.swift; path = MainVCCoordinator.swift; sourceTree = "<group>"; };
		0DCF9AB528029DC100669677 /* VCOneCoordinator.swift */ = {isa = PBXFileReference; lastKnownFileType = sourcecode.swift; path = VCOneCoordinator.swift; sourceTree = "<group>"; };
		0DCF9AB728029DD700669677 /* VCTwoCoordinator.swift */ = {isa = PBXFileReference; lastKnownFileType = sourcecode.swift; path = VCTwoCoordinator.swift; sourceTree = "<group>"; };
		0DCF9AB928029E0600669677 /* ViewControllerOneByCoordinator.swift */ = {isa = PBXFileReference; lastKnownFileType = sourcecode.swift; path = ViewControllerOneByCoordinator.swift; sourceTree = "<group>"; };
		0DCF9ABB28029E1400669677 /* ViewControllerTwoByCoordinator.swift */ = {isa = PBXFileReference; lastKnownFileType = sourcecode.swift; path = ViewControllerTwoByCoordinator.swift; sourceTree = "<group>"; };
		0DCF9ABD2802A23200669677 /* RecievedItemTableViewCell.swift */ = {isa = PBXFileReference; lastKnownFileType = sourcecode.swift; path = RecievedItemTableViewCell.swift; sourceTree = "<group>"; };
		0DCF9BBD2802AC9300669677 /* Internal Review  Report II.pptx (1).pdf */ = {isa = PBXFileReference; lastKnownFileType = image.pdf; name = "Internal Review  Report II.pptx (1).pdf"; path = "IOSUIPracticals/Internal Review  Report II.pptx (1).pdf"; sourceTree = "<group>"; };
		0DD4E7E727C4C61A0024EAC4 /* IOSUIPracticals.app */ = {isa = PBXFileReference; explicitFileType = wrapper.application; includeInIndex = 0; path = IOSUIPracticals.app; sourceTree = BUILT_PRODUCTS_DIR; };
		0DD4E7EA27C4C61A0024EAC4 /* AppDelegate.swift */ = {isa = PBXFileReference; lastKnownFileType = sourcecode.swift; path = AppDelegate.swift; sourceTree = "<group>"; };
		0DD4E7EC27C4C61A0024EAC4 /* SceneDelegate.swift */ = {isa = PBXFileReference; lastKnownFileType = sourcecode.swift; path = SceneDelegate.swift; sourceTree = "<group>"; };
		0DD4E7EE27C4C61A0024EAC4 /* ViewController.swift */ = {isa = PBXFileReference; lastKnownFileType = sourcecode.swift; path = ViewController.swift; sourceTree = "<group>"; };
		0DD4E7F327C4C61D0024EAC4 /* Assets.xcassets */ = {isa = PBXFileReference; lastKnownFileType = folder.assetcatalog; path = Assets.xcassets; sourceTree = "<group>"; };
		0DD4E7F627C4C61D0024EAC4 /* Base */ = {isa = PBXFileReference; lastKnownFileType = file.storyboard; name = Base; path = Base.lproj/LaunchScreen.storyboard; sourceTree = "<group>"; };
		0DD4E7F827C4C61D0024EAC4 /* Info.plist */ = {isa = PBXFileReference; lastKnownFileType = text.plist.xml; path = Info.plist; sourceTree = "<group>"; };
		0DD4E7FD27C4C61D0024EAC4 /* IOSUIPracticalsTests.xctest */ = {isa = PBXFileReference; explicitFileType = wrapper.cfbundle; includeInIndex = 0; path = IOSUIPracticalsTests.xctest; sourceTree = BUILT_PRODUCTS_DIR; };
		0DD4E80127C4C61D0024EAC4 /* IOSUIPracticalsTests.swift */ = {isa = PBXFileReference; lastKnownFileType = sourcecode.swift; path = IOSUIPracticalsTests.swift; sourceTree = "<group>"; };
		0DD4E80727C4C61D0024EAC4 /* IOSUIPracticalsUITests.xctest */ = {isa = PBXFileReference; explicitFileType = wrapper.cfbundle; includeInIndex = 0; path = IOSUIPracticalsUITests.xctest; sourceTree = BUILT_PRODUCTS_DIR; };
		0DD4E80B27C4C61D0024EAC4 /* IOSUIPracticalsUITests.swift */ = {isa = PBXFileReference; lastKnownFileType = sourcecode.swift; path = IOSUIPracticalsUITests.swift; sourceTree = "<group>"; };
		0DD4E80D27C4C61D0024EAC4 /* IOSUIPracticalsUITestsLaunchTests.swift */ = {isa = PBXFileReference; lastKnownFileType = sourcecode.swift; path = IOSUIPracticalsUITestsLaunchTests.swift; sourceTree = "<group>"; };
		0DD4E81A27C52BED0024EAC4 /* Main.storyboard */ = {isa = PBXFileReference; lastKnownFileType = file.storyboard; path = Main.storyboard; sourceTree = "<group>"; };
		0DE8FB1327D86C6800003E4C /* LifecycleDemo.storyboard */ = {isa = PBXFileReference; lastKnownFileType = file.storyboard; path = LifecycleDemo.storyboard; sourceTree = "<group>"; };
		0DE8FB1527D86D5B00003E4C /* ViewControllerTabOne.swift */ = {isa = PBXFileReference; lastKnownFileType = sourcecode.swift; path = ViewControllerTabOne.swift; sourceTree = "<group>"; };
		0DE8FB1727D86D6C00003E4C /* ViewControllerTabTwo.swift */ = {isa = PBXFileReference; lastKnownFileType = sourcecode.swift; path = ViewControllerTabTwo.swift; sourceTree = "<group>"; };
		0DF3DBA1280D696D00A873C3 /* TableViewControllerForSearchBar.swift */ = {isa = PBXFileReference; fileEncoding = 4; lastKnownFileType = sourcecode.swift; path = TableViewControllerForSearchBar.swift; sourceTree = "<group>"; };
		0DF3DBA2280D696D00A873C3 /* ViewControllerDemo.swift */ = {isa = PBXFileReference; fileEncoding = 4; lastKnownFileType = sourcecode.swift; path = ViewControllerDemo.swift; sourceTree = "<group>"; };
		0DF3DBA3280D696D00A873C3 /* CellIncrementorDecrementor.swift */ = {isa = PBXFileReference; fileEncoding = 4; lastKnownFileType = sourcecode.swift; path = CellIncrementorDecrementor.swift; sourceTree = "<group>"; };
		0DF3DBA4280D696D00A873C3 /* ViewController.swift */ = {isa = PBXFileReference; fileEncoding = 4; lastKnownFileType = sourcecode.swift; path = ViewController.swift; sourceTree = "<group>"; };
		0DF3DBA5280D696E00A873C3 /* ViewControllerSizeClass.swift */ = {isa = PBXFileReference; fileEncoding = 4; lastKnownFileType = sourcecode.swift; path = ViewControllerSizeClass.swift; sourceTree = "<group>"; };
		0DF3DBA6280D696E00A873C3 /* RadioTableViewCell.swift */ = {isa = PBXFileReference; fileEncoding = 4; lastKnownFileType = sourcecode.swift; path = RadioTableViewCell.swift; sourceTree = "<group>"; };
		0DF3DBA8280D696E00A873C3 /* SegmentControllerToSwitchViewVC.swift */ = {isa = PBXFileReference; fileEncoding = 4; lastKnownFileType = sourcecode.swift; path = SegmentControllerToSwitchViewVC.swift; sourceTree = "<group>"; };
		0DF3DBA9280D696E00A873C3 /* TableCell.swift */ = {isa = PBXFileReference; fileEncoding = 4; lastKnownFileType = sourcecode.swift; path = TableCell.swift; sourceTree = "<group>"; };
		0DF3DBAA280D696E00A873C3 /* SegmentedContlrollerToSwitchView.storyboard */ = {isa = PBXFileReference; fileEncoding = 4; lastKnownFileType = file.storyboard; path = SegmentedContlrollerToSwitchView.storyboard; sourceTree = "<group>"; };
		0DF3DBAB280D696E00A873C3 /* CollectionViewCelll.swift */ = {isa = PBXFileReference; fileEncoding = 4; lastKnownFileType = sourcecode.swift; path = CollectionViewCelll.swift; sourceTree = "<group>"; };
		0DF3DBAE280D696E00A873C3 /* ViewControllerOneByCoordinator.swift */ = {isa = PBXFileReference; fileEncoding = 4; lastKnownFileType = sourcecode.swift; path = ViewControllerOneByCoordinator.swift; sourceTree = "<group>"; };
		0DF3DBAF280D696E00A873C3 /* RecievedItemTableViewCell.swift */ = {isa = PBXFileReference; fileEncoding = 4; lastKnownFileType = sourcecode.swift; path = RecievedItemTableViewCell.swift; sourceTree = "<group>"; };
		0DF3DBB0280D696E00A873C3 /* AppCoordinator.swift */ = {isa = PBXFileReference; fileEncoding = 4; lastKnownFileType = sourcecode.swift; path = AppCoordinator.swift; sourceTree = "<group>"; };
		0DF3DBB1280D696E00A873C3 /* VCOneCoordinator.swift */ = {isa = PBXFileReference; fileEncoding = 4; lastKnownFileType = sourcecode.swift; path = VCOneCoordinator.swift; sourceTree = "<group>"; };
		0DF3DBB2280D696E00A873C3 /* MainVCCoordinator.swift */ = {isa = PBXFileReference; fileEncoding = 4; lastKnownFileType = sourcecode.swift; path = MainVCCoordinator.swift; sourceTree = "<group>"; };
		0DF3DBB3280D696E00A873C3 /* HomeVCCoordinator.swift */ = {isa = PBXFileReference; fileEncoding = 4; lastKnownFileType = sourcecode.swift; path = HomeVCCoordinator.swift; sourceTree = "<group>"; };
		0DF3DBB4280D696E00A873C3 /* VCTwoCoordinator.swift */ = {isa = PBXFileReference; fileEncoding = 4; lastKnownFileType = sourcecode.swift; path = VCTwoCoordinator.swift; sourceTree = "<group>"; };
		0DF3DBB5280D696E00A873C3 /* ViewControllerTwoByCoordinator.swift */ = {isa = PBXFileReference; fileEncoding = 4; lastKnownFileType = sourcecode.swift; path = ViewControllerTwoByCoordinator.swift; sourceTree = "<group>"; };
		0DF3DBB6280D696E00A873C3 /* Coordinator.swift */ = {isa = PBXFileReference; fileEncoding = 4; lastKnownFileType = sourcecode.swift; path = Coordinator.swift; sourceTree = "<group>"; };
		0DF3DBB7280D696E00A873C3 /* ThirdViewController.swift */ = {isa = PBXFileReference; fileEncoding = 4; lastKnownFileType = sourcecode.swift; path = ThirdViewController.swift; sourceTree = "<group>"; };
		0DF3DBB8280D696E00A873C3 /* FirstViewController.swift */ = {isa = PBXFileReference; fileEncoding = 4; lastKnownFileType = sourcecode.swift; path = FirstViewController.swift; sourceTree = "<group>"; };
		0DF3DBB9280D696E00A873C3 /* NavigationController.storyboard */ = {isa = PBXFileReference; fileEncoding = 4; lastKnownFileType = file.storyboard; path = NavigationController.storyboard; sourceTree = "<group>"; };
		0DF3DBBA280D696E00A873C3 /* FourthViewController.swift */ = {isa = PBXFileReference; fileEncoding = 4; lastKnownFileType = sourcecode.swift; path = FourthViewController.swift; sourceTree = "<group>"; };
		0DF3DBBB280D696E00A873C3 /* SecondViewController.swift */ = {isa = PBXFileReference; fileEncoding = 4; lastKnownFileType = sourcecode.swift; path = SecondViewController.swift; sourceTree = "<group>"; };
		0DF3DBBC280D696E00A873C3 /* WKWebkitDemo.storyboard */ = {isa = PBXFileReference; fileEncoding = 4; lastKnownFileType = file.storyboard; path = WKWebkitDemo.storyboard; sourceTree = "<group>"; };
		0DF3DBBD280D696E00A873C3 /* ViewControllerTabTwo.swift */ = {isa = PBXFileReference; fileEncoding = 4; lastKnownFileType = sourcecode.swift; path = ViewControllerTabTwo.swift; sourceTree = "<group>"; };
		0DF3DBBE280D696E00A873C3 /* ViewController1.swift */ = {isa = PBXFileReference; fileEncoding = 4; lastKnownFileType = sourcecode.swift; path = ViewController1.swift; sourceTree = "<group>"; };
		0DF3DBBF280D696E00A873C3 /* DatePickerViewController.swift */ = {isa = PBXFileReference; fileEncoding = 4; lastKnownFileType = sourcecode.swift; path = DatePickerViewController.swift; sourceTree = "<group>"; };
		0DF3DBC0280D696E00A873C3 /* LifecycleDemo.storyboard */ = {isa = PBXFileReference; fileEncoding = 4; lastKnownFileType = file.storyboard; path = LifecycleDemo.storyboard; sourceTree = "<group>"; };
		0DF3DBC1280D696E00A873C3 /* MainViewController.swift */ = {isa = PBXFileReference; fileEncoding = 4; lastKnownFileType = sourcecode.swift; path = MainViewController.swift; sourceTree = "<group>"; };
		0DF3DBC2280D696E00A873C3 /* ViewControllerTableViewCustomCell.swift */ = {isa = PBXFileReference; fileEncoding = 4; lastKnownFileType = sourcecode.swift; path = ViewControllerTableViewCustomCell.swift; sourceTree = "<group>"; };
		0DF3DBC3280D696E00A873C3 /* Sizeclass.storyboard */ = {isa = PBXFileReference; fileEncoding = 4; lastKnownFileType = file.storyboard; path = Sizeclass.storyboard; sourceTree = "<group>"; };
		0DF3DBC4280D696E00A873C3 /* Assets.xcassets */ = {isa = PBXFileReference; lastKnownFileType = folder.assetcatalog; path = Assets.xcassets; sourceTree = "<group>"; };
		0DF3DBC5280D696E00A873C3 /* TableViewCell.swift */ = {isa = PBXFileReference; fileEncoding = 4; lastKnownFileType = sourcecode.swift; path = TableViewCell.swift; sourceTree = "<group>"; };
		0DF3DBC6280D696E00A873C3 /* ViewControllerForSignup.swift */ = {isa = PBXFileReference; fileEncoding = 4; lastKnownFileType = sourcecode.swift; path = ViewControllerForSignup.swift; sourceTree = "<group>"; };
		0DF3DBC7280D696E00A873C3 /* CellStackViewAxisChanger.swift */ = {isa = PBXFileReference; fileEncoding = 4; lastKnownFileType = sourcecode.swift; path = CellStackViewAxisChanger.swift; sourceTree = "<group>"; };
		0DF3DBC8280D696E00A873C3 /* Internal Review  Report II.pptx (1).pdf */ = {isa = PBXFileReference; lastKnownFileType = image.pdf; path = "Internal Review  Report II.pptx (1).pdf"; sourceTree = "<group>"; };
		0DF3DBC9280D696E00A873C3 /* LoginSignupPractical1.storyboard */ = {isa = PBXFileReference; fileEncoding = 4; lastKnownFileType = file.storyboard; path = LoginSignupPractical1.storyboard; sourceTree = "<group>"; };
		0DF3DBCB280D696E00A873C3 /* Base */ = {isa = PBXFileReference; lastKnownFileType = file.storyboard; name = Base; path = Base.lproj/LaunchScreen.storyboard; sourceTree = "<group>"; };
		0DF3DBCC280D696E00A873C3 /* ViewControllerMapView.swift */ = {isa = PBXFileReference; fileEncoding = 4; lastKnownFileType = sourcecode.swift; path = ViewControllerMapView.swift; sourceTree = "<group>"; };
		0DF3DBCD280D696E00A873C3 /* Main.storyboard */ = {isa = PBXFileReference; fileEncoding = 4; lastKnownFileType = file.storyboard; path = Main.storyboard; sourceTree = "<group>"; };
		0DF3DBCE280D696E00A873C3 /* TableViewCell.xib */ = {isa = PBXFileReference; fileEncoding = 4; lastKnownFileType = file.xib; path = TableViewCell.xib; sourceTree = "<group>"; };
		0DF3DBCF280D696E00A873C3 /* DatePicker.storyboard */ = {isa = PBXFileReference; fileEncoding = 4; lastKnownFileType = file.storyboard; path = DatePicker.storyboard; sourceTree = "<group>"; };
		0DF3DBD0280D696E00A873C3 /* SizeClass2.storyboard */ = {isa = PBXFileReference; fileEncoding = 4; lastKnownFileType = file.storyboard; path = SizeClass2.storyboard; sourceTree = "<group>"; };
		0DF3DBD1280D696E00A873C3 /* TableViewCellData.swift */ = {isa = PBXFileReference; fileEncoding = 4; lastKnownFileType = sourcecode.swift; path = TableViewCellData.swift; sourceTree = "<group>"; };
		0DF3DBD2280D696E00A873C3 /* WKWebViewViewController.swift */ = {isa = PBXFileReference; fileEncoding = 4; lastKnownFileType = sourcecode.swift; path = WKWebViewViewController.swift; sourceTree = "<group>"; };
		0DF3DBD3280D696E00A873C3 /* TabBarApp.storyboard */ = {isa = PBXFileReference; fileEncoding = 4; lastKnownFileType = file.storyboard; path = TabBarApp.storyboard; sourceTree = "<group>"; };
		0DF3DBD4280D696E00A873C3 /* ScrollView.storyboard */ = {isa = PBXFileReference; fileEncoding = 4; lastKnownFileType = file.storyboard; path = ScrollView.storyboard; sourceTree = "<group>"; };
		0DF3DBD5280D696E00A873C3 /* TableViewWIthCustomCell.storyboard */ = {isa = PBXFileReference; fileEncoding = 4; lastKnownFileType = file.storyboard; path = TableViewWIthCustomCell.storyboard; sourceTree = "<group>"; };
		0DF3DBD6280D696E00A873C3 /* ViewControllerForTabBar.swift */ = {isa = PBXFileReference; fileEncoding = 4; lastKnownFileType = sourcecode.swift; path = ViewControllerForTabBar.swift; sourceTree = "<group>"; };
		0DF3DBD7280D696E00A873C3 /* AppDelegate.swift */ = {isa = PBXFileReference; fileEncoding = 4; lastKnownFileType = sourcecode.swift; path = AppDelegate.swift; sourceTree = "<group>"; };
		0DF3DBD8280D696E00A873C3 /* HuggingPriorityContentCompression.storyboard */ = {isa = PBXFileReference; fileEncoding = 4; lastKnownFileType = file.storyboard; path = HuggingPriorityContentCompression.storyboard; sourceTree = "<group>"; };
		0DF3DBD9280D696E00A873C3 /* demo.html */ = {isa = PBXFileReference; fileEncoding = 4; lastKnownFileType = text.html; path = demo.html; sourceTree = "<group>"; };
		0DF3DBDA280D696E00A873C3 /* PageViewController.swift */ = {isa = PBXFileReference; fileEncoding = 4; lastKnownFileType = sourcecode.swift; path = PageViewController.swift; sourceTree = "<group>"; };
		0DF3DBDB280D696E00A873C3 /* ViewControllerSignUp.swift */ = {isa = PBXFileReference; fileEncoding = 4; lastKnownFileType = sourcecode.swift; path = ViewControllerSignUp.swift; sourceTree = "<group>"; };
		0DF3DBDC280D696E00A873C3 /* PinAnnotation.swift */ = {isa = PBXFileReference; fileEncoding = 4; lastKnownFileType = sourcecode.swift; path = PinAnnotation.swift; sourceTree = "<group>"; };
		0DF3DBDD280D696E00A873C3 /* Info.plist */ = {isa = PBXFileReference; fileEncoding = 4; lastKnownFileType = text.plist.xml; path = Info.plist; sourceTree = "<group>"; };
		0DF3DBDE280D696E00A873C3 /* SceneDelegate.swift */ = {isa = PBXFileReference; fileEncoding = 4; lastKnownFileType = sourcecode.swift; path = SceneDelegate.swift; sourceTree = "<group>"; };
		0DF3DBDF280D696E00A873C3 /* ViewControllerTabOne.swift */ = {isa = PBXFileReference; fileEncoding = 4; lastKnownFileType = sourcecode.swift; path = ViewControllerTabOne.swift; sourceTree = "<group>"; };
		0DF3DBE0280D696E00A873C3 /* TableViewTopicCell.swift */ = {isa = PBXFileReference; fileEncoding = 4; lastKnownFileType = sourcecode.swift; path = TableViewTopicCell.swift; sourceTree = "<group>"; };
		0DF3DBE1280D696E00A873C3 /* ViewControllerCollectionView.swift */ = {isa = PBXFileReference; fileEncoding = 4; lastKnownFileType = sourcecode.swift; path = ViewControllerCollectionView.swift; sourceTree = "<group>"; };
		0DFF83A327CE39C000DEA55B /* ViewControllerForSignup.swift */ = {isa = PBXFileReference; lastKnownFileType = sourcecode.swift; path = ViewControllerForSignup.swift; sourceTree = "<group>"; };
/* End PBXFileReference section */

/* Begin PBXFrameworksBuildPhase section */
		0DD4E7E427C4C61A0024EAC4 /* Frameworks */ = {
			isa = PBXFrameworksBuildPhase;
			buildActionMask = 2147483647;
			files = (
				0D582BE527D1EADC00AB8497 /* MapKit.framework in Frameworks */,
			);
			runOnlyForDeploymentPostprocessing = 0;
		};
		0DD4E7FA27C4C61D0024EAC4 /* Frameworks */ = {
			isa = PBXFrameworksBuildPhase;
			buildActionMask = 2147483647;
			files = (
			);
			runOnlyForDeploymentPostprocessing = 0;
		};
		0DD4E80427C4C61D0024EAC4 /* Frameworks */ = {
			isa = PBXFrameworksBuildPhase;
			buildActionMask = 2147483647;
			files = (
			);
			runOnlyForDeploymentPostprocessing = 0;
		};
/* End PBXFrameworksBuildPhase section */

/* Begin PBXGroup section */
		0D06785F27D9B49900B20B27 /* TableviewCollectionViewDemo */ = {
			isa = PBXGroup;
			children = (
				0D06786027D9B5CB00B20B27 /* SegmentedContlrollerToSwitchView.storyboard */,
				0D06786227D9B6D700B20B27 /* SegmentControllerToSwitchViewVC.swift */,
				0D4D787B27D9E924007B0100 /* TableCell.swift */,
				0D4D787D27D9EE8A007B0100 /* CollectionViewCelll.swift */,
			);
			path = TableviewCollectionViewDemo;
			sourceTree = "<group>";
		};
		0D582BE327D1EADC00AB8497 /* Frameworks */ = {
			isa = PBXGroup;
			children = (
				0D582BE427D1EADC00AB8497 /* MapKit.framework */,
			);
			name = Frameworks;
			sourceTree = "<group>";
		};
		0DCF9A9D280298C300669677 /* NavigationController */ = {
			isa = PBXGroup;
			children = (
				0DCF9AA228029BDD00669677 /* Coordinators */,
				0DCF9AA728029C2A00669677 /* NavigationController.storyboard */,
				0DCF9AA928029CF400669677 /* FirstViewController.swift */,
				0DCF9AAB28029D0100669677 /* SecondViewController.swift */,
				0DCF9AAD28029D3E00669677 /* ThirdViewController.swift */,
				0DCF9AAF28029D4A00669677 /* FourthViewController.swift */,
			);
			path = NavigationController;
			sourceTree = "<group>";
		};
		0DCF9AA228029BDD00669677 /* Coordinators */ = {
			isa = PBXGroup;
			children = (
				0DCF9AA328029C0A00669677 /* Coordinator.swift */,
				0DCF9AA528029C1500669677 /* AppCoordinator.swift */,
				0DCF9AB128029D9D00669677 /* HomeVCCoordinator.swift */,
				0DCF9AB328029DAE00669677 /* MainVCCoordinator.swift */,
				0DCF9AB528029DC100669677 /* VCOneCoordinator.swift */,
				0DCF9AB728029DD700669677 /* VCTwoCoordinator.swift */,
				0DCF9AB928029E0600669677 /* ViewControllerOneByCoordinator.swift */,
				0DCF9ABB28029E1400669677 /* ViewControllerTwoByCoordinator.swift */,
				0DCF9ABD2802A23200669677 /* RecievedItemTableViewCell.swift */,
			);
			path = Coordinators;
			sourceTree = "<group>";
		};
		0DD4E7DE27C4C61A0024EAC4 = {
			isa = PBXGroup;
			children = (
				0DCF9BBD2802AC9300669677 /* Internal Review  Report II.pptx (1).pdf */,
				0DD4E7E927C4C61A0024EAC4 /* IOSUIPracticals */,
				0DD4E80027C4C61D0024EAC4 /* IOSUIPracticalsTests */,
				0DD4E80A27C4C61D0024EAC4 /* IOSUIPracticalsUITests */,
				0DD4E7E827C4C61A0024EAC4 /* Products */,
				0D582BE327D1EADC00AB8497 /* Frameworks */,
			);
			sourceTree = "<group>";
		};
		0DD4E7E827C4C61A0024EAC4 /* Products */ = {
			isa = PBXGroup;
			children = (
				0DD4E7E727C4C61A0024EAC4 /* IOSUIPracticals.app */,
				0DD4E7FD27C4C61D0024EAC4 /* IOSUIPracticalsTests.xctest */,
				0DD4E80727C4C61D0024EAC4 /* IOSUIPracticalsUITests.xctest */,
			);
			name = Products;
			sourceTree = "<group>";
		};
		0DD4E7E927C4C61A0024EAC4 /* IOSUIPracticals */ = {
			isa = PBXGroup;
			children = (
				0DCF9A9D280298C300669677 /* NavigationController */,
				0D06785F27D9B49900B20B27 /* TableviewCollectionViewDemo */,
				0DD4E7EA27C4C61A0024EAC4 /* AppDelegate.swift */,
				0DD4E7EC27C4C61A0024EAC4 /* SceneDelegate.swift */,
				0DD4E7EE27C4C61A0024EAC4 /* ViewController.swift */,
				0DD4E7F327C4C61D0024EAC4 /* Assets.xcassets */,
				0DD4E7F527C4C61D0024EAC4 /* LaunchScreen.storyboard */,
				0DD4E7F827C4C61D0024EAC4 /* Info.plist */,
				0DD4E81A27C52BED0024EAC4 /* Main.storyboard */,
				0D88EE3827C6279F005B66BA /* ViewController1.swift */,
				0D88EE3A27C62F9E005B66BA /* ViewControllerSignUp.swift */,
				0D88EE3C27C65350005B66BA /* HuggingPriorityContentCompression.storyboard */,
				0D88EE3E27C65B76005B66BA /* Sizeclass.storyboard */,
				0D04FB3427C7555D00F9C31D /* ViewControllerSizeClass.swift */,
				0D04FB3627C7A31000F9C31D /* SizeClass2.storyboard */,
				0DC2720F27CCA5FD001A2C5B /* LoginSignupPractical1.storyboard */,
				0DC2721127CCC6B4001A2C5B /* PageViewController.swift */,
				0DFF83A327CE39C000DEA55B /* ViewControllerForSignup.swift */,
				0D07C53227D07BB900F31E5C /* ScrollView.storyboard */,
				0D07C53427D09CD700F31E5C /* TableViewWIthCustomCell.storyboard */,
				0D07C53627D09D1200F31E5C /* TableViewCell.swift */,
				0D07C53727D09D1200F31E5C /* TableViewCell.xib */,
				0D07C53A27D0A01900F31E5C /* ViewControllerTableViewCustomCell.swift */,
				0D582BE127D1E01F00AB8497 /* TabBarApp.storyboard */,
				0D582BDB27D1D51700AB8497 /* ViewControllerForTabBar.swift */,
				0D582BDF27D1D61C00AB8497 /* ViewControllerMapView.swift */,
				0D582BE627D1ED4C00AB8497 /* PinAnnotation.swift */,
				0D8739B427D5F92D0046218A /* ViewControllerCollectionView.swift */,
				0D8739B627D5F9CB0046218A /* CellStackViewAxisChanger.swift */,
				0D8739B827D5FA060046218A /* CellIncrementorDecrementor.swift */,
				0D8739BC27D613090046218A /* TableViewControllerForSearchBar.swift */,
				0D023C6027D7659100191426 /* DatePicker.storyboard */,
				0D023C6227D765BA00191426 /* DatePickerViewController.swift */,
				0DE8FB1327D86C6800003E4C /* LifecycleDemo.storyboard */,
				0DE8FB1527D86D5B00003E4C /* ViewControllerTabOne.swift */,
				0DE8FB1727D86D6C00003E4C /* ViewControllerTabTwo.swift */,
				0D4D787F27DA0ED2007B0100 /* WKWebkitDemo.storyboard */,
				0D4D788327DA118A007B0100 /* WKWebViewViewController.swift */,
				0D2681AC27DB4125002E6EA6 /* demo.html */,
				0DF3DBA0280D696D00A873C3 /* IOSUIPracticals */,
				0DBFD98C27DB0A040011FC1A /* MainViewController.swift */,
				0DBFD98E27DB0A6A0011FC1A /* TableViewCellData.swift */,
				0DBFD99027DB10030011FC1A /* TableViewTopicCell.swift */,
			);
			path = IOSUIPracticals;
			sourceTree = "<group>";
		};
		0DD4E80027C4C61D0024EAC4 /* IOSUIPracticalsTests */ = {
			isa = PBXGroup;
			children = (
				0DD4E80127C4C61D0024EAC4 /* IOSUIPracticalsTests.swift */,
			);
			path = IOSUIPracticalsTests;
			sourceTree = "<group>";
		};
		0DD4E80A27C4C61D0024EAC4 /* IOSUIPracticalsUITests */ = {
			isa = PBXGroup;
			children = (
				0DD4E80B27C4C61D0024EAC4 /* IOSUIPracticalsUITests.swift */,
				0DD4E80D27C4C61D0024EAC4 /* IOSUIPracticalsUITestsLaunchTests.swift */,
			);
			path = IOSUIPracticalsUITests;
			sourceTree = "<group>";
		};
		0DF3DBA0280D696D00A873C3 /* IOSUIPracticals */ = {
			isa = PBXGroup;
			children = (
				0DF3DBA1280D696D00A873C3 /* TableViewControllerForSearchBar.swift */,
				0DF3DBA2280D696D00A873C3 /* ViewControllerDemo.swift */,
				0DF3DBA3280D696D00A873C3 /* CellIncrementorDecrementor.swift */,
				0DF3DBA4280D696D00A873C3 /* ViewController.swift */,
				0DF3DBA5280D696E00A873C3 /* ViewControllerSizeClass.swift */,
				0DF3DBA6280D696E00A873C3 /* RadioTableViewCell.swift */,
				0DF3DBA7280D696E00A873C3 /* TableviewCollectionViewDemo */,
				0DF3DBAC280D696E00A873C3 /* NavigationController */,
				0DF3DBBC280D696E00A873C3 /* WKWebkitDemo.storyboard */,
				0DF3DBBD280D696E00A873C3 /* ViewControllerTabTwo.swift */,
				0DF3DBBE280D696E00A873C3 /* ViewController1.swift */,
				0DF3DBBF280D696E00A873C3 /* DatePickerViewController.swift */,
				0DF3DBC0280D696E00A873C3 /* LifecycleDemo.storyboard */,
				0DF3DBC1280D696E00A873C3 /* MainViewController.swift */,
				0DF3DBC2280D696E00A873C3 /* ViewControllerTableViewCustomCell.swift */,
				0DF3DBC3280D696E00A873C3 /* Sizeclass.storyboard */,
				0DF3DBC4280D696E00A873C3 /* Assets.xcassets */,
				0DF3DBC5280D696E00A873C3 /* TableViewCell.swift */,
				0DF3DBC6280D696E00A873C3 /* ViewControllerForSignup.swift */,
				0DF3DBC7280D696E00A873C3 /* CellStackViewAxisChanger.swift */,
				0DF3DBC8280D696E00A873C3 /* Internal Review  Report II.pptx (1).pdf */,
				0DF3DBC9280D696E00A873C3 /* LoginSignupPractical1.storyboard */,
				0DF3DBCA280D696E00A873C3 /* LaunchScreen.storyboard */,
				0DF3DBCC280D696E00A873C3 /* ViewControllerMapView.swift */,
				0DF3DBCD280D696E00A873C3 /* Main.storyboard */,
				0DF3DBCE280D696E00A873C3 /* TableViewCell.xib */,
				0DF3DBCF280D696E00A873C3 /* DatePicker.storyboard */,
				0DF3DBD0280D696E00A873C3 /* SizeClass2.storyboard */,
				0DF3DBD1280D696E00A873C3 /* TableViewCellData.swift */,
				0DF3DBD2280D696E00A873C3 /* WKWebViewViewController.swift */,
				0DF3DBD3280D696E00A873C3 /* TabBarApp.storyboard */,
				0DF3DBD4280D696E00A873C3 /* ScrollView.storyboard */,
				0DF3DBD5280D696E00A873C3 /* TableViewWIthCustomCell.storyboard */,
				0DF3DBD6280D696E00A873C3 /* ViewControllerForTabBar.swift */,
				0DF3DBD7280D696E00A873C3 /* AppDelegate.swift */,
				0DF3DBD8280D696E00A873C3 /* HuggingPriorityContentCompression.storyboard */,
				0DF3DBD9280D696E00A873C3 /* demo.html */,
				0DF3DBDA280D696E00A873C3 /* PageViewController.swift */,
				0DF3DBDB280D696E00A873C3 /* ViewControllerSignUp.swift */,
				0DF3DBDC280D696E00A873C3 /* PinAnnotation.swift */,
				0DF3DBDD280D696E00A873C3 /* Info.plist */,
				0DF3DBDE280D696E00A873C3 /* SceneDelegate.swift */,
				0DF3DBDF280D696E00A873C3 /* ViewControllerTabOne.swift */,
				0DF3DBE0280D696E00A873C3 /* TableViewTopicCell.swift */,
				0DF3DBE1280D696E00A873C3 /* ViewControllerCollectionView.swift */,
			);
			name = IOSUIPracticals;
			sourceTree = "<group>";
		};
		0DF3DBA7280D696E00A873C3 /* TableviewCollectionViewDemo */ = {
			isa = PBXGroup;
			children = (
				0DF3DBA8280D696E00A873C3 /* SegmentControllerToSwitchViewVC.swift */,
				0DF3DBA9280D696E00A873C3 /* TableCell.swift */,
				0DF3DBAA280D696E00A873C3 /* SegmentedContlrollerToSwitchView.storyboard */,
				0DF3DBAB280D696E00A873C3 /* CollectionViewCelll.swift */,
			);
			path = TableviewCollectionViewDemo;
			sourceTree = "<group>";
		};
		0DF3DBAC280D696E00A873C3 /* NavigationController */ = {
			isa = PBXGroup;
			children = (
				0DF3DBAD280D696E00A873C3 /* Coordinators */,
				0DF3DBB7280D696E00A873C3 /* ThirdViewController.swift */,
				0DF3DBB8280D696E00A873C3 /* FirstViewController.swift */,
				0DF3DBB9280D696E00A873C3 /* NavigationController.storyboard */,
				0DF3DBBA280D696E00A873C3 /* FourthViewController.swift */,
				0DF3DBBB280D696E00A873C3 /* SecondViewController.swift */,
			);
			path = NavigationController;
			sourceTree = "<group>";
		};
		0DF3DBAD280D696E00A873C3 /* Coordinators */ = {
			isa = PBXGroup;
			children = (
				0DF3DBAE280D696E00A873C3 /* ViewControllerOneByCoordinator.swift */,
				0DF3DBAF280D696E00A873C3 /* RecievedItemTableViewCell.swift */,
				0DF3DBB0280D696E00A873C3 /* AppCoordinator.swift */,
				0DF3DBB1280D696E00A873C3 /* VCOneCoordinator.swift */,
				0DF3DBB2280D696E00A873C3 /* MainVCCoordinator.swift */,
				0DF3DBB3280D696E00A873C3 /* HomeVCCoordinator.swift */,
				0DF3DBB4280D696E00A873C3 /* VCTwoCoordinator.swift */,
				0DF3DBB5280D696E00A873C3 /* ViewControllerTwoByCoordinator.swift */,
				0DF3DBB6280D696E00A873C3 /* Coordinator.swift */,
			);
			path = Coordinators;
			sourceTree = "<group>";
		};
/* End PBXGroup section */

/* Begin PBXNativeTarget section */
		0DD4E7E627C4C61A0024EAC4 /* IOSUIPracticals */ = {
			isa = PBXNativeTarget;
			buildConfigurationList = 0DD4E81127C4C61D0024EAC4 /* Build configuration list for PBXNativeTarget "IOSUIPracticals" */;
			buildPhases = (
				0DD4E7E327C4C61A0024EAC4 /* Sources */,
				0DD4E7E427C4C61A0024EAC4 /* Frameworks */,
				0DD4E7E527C4C61A0024EAC4 /* Resources */,
			);
			buildRules = (
			);
			dependencies = (
			);
			name = IOSUIPracticals;
			productName = IOSUIPracticals;
			productReference = 0DD4E7E727C4C61A0024EAC4 /* IOSUIPracticals.app */;
			productType = "com.apple.product-type.application";
		};
		0DD4E7FC27C4C61D0024EAC4 /* IOSUIPracticalsTests */ = {
			isa = PBXNativeTarget;
			buildConfigurationList = 0DD4E81427C4C61D0024EAC4 /* Build configuration list for PBXNativeTarget "IOSUIPracticalsTests" */;
			buildPhases = (
				0DD4E7F927C4C61D0024EAC4 /* Sources */,
				0DD4E7FA27C4C61D0024EAC4 /* Frameworks */,
				0DD4E7FB27C4C61D0024EAC4 /* Resources */,
			);
			buildRules = (
			);
			dependencies = (
				0DD4E7FF27C4C61D0024EAC4 /* PBXTargetDependency */,
			);
			name = IOSUIPracticalsTests;
			productName = IOSUIPracticalsTests;
			productReference = 0DD4E7FD27C4C61D0024EAC4 /* IOSUIPracticalsTests.xctest */;
			productType = "com.apple.product-type.bundle.unit-test";
		};
		0DD4E80627C4C61D0024EAC4 /* IOSUIPracticalsUITests */ = {
			isa = PBXNativeTarget;
			buildConfigurationList = 0DD4E81727C4C61D0024EAC4 /* Build configuration list for PBXNativeTarget "IOSUIPracticalsUITests" */;
			buildPhases = (
				0DD4E80327C4C61D0024EAC4 /* Sources */,
				0DD4E80427C4C61D0024EAC4 /* Frameworks */,
				0DD4E80527C4C61D0024EAC4 /* Resources */,
			);
			buildRules = (
			);
			dependencies = (
				0DD4E80927C4C61D0024EAC4 /* PBXTargetDependency */,
			);
			name = IOSUIPracticalsUITests;
			productName = IOSUIPracticalsUITests;
			productReference = 0DD4E80727C4C61D0024EAC4 /* IOSUIPracticalsUITests.xctest */;
			productType = "com.apple.product-type.bundle.ui-testing";
		};
/* End PBXNativeTarget section */

/* Begin PBXProject section */
		0DD4E7DF27C4C61A0024EAC4 /* Project object */ = {
			isa = PBXProject;
			attributes = {
				BuildIndependentTargetsInParallel = 1;
				LastSwiftUpdateCheck = 1310;
				LastUpgradeCheck = 1310;
				TargetAttributes = {
					0DD4E7E627C4C61A0024EAC4 = {
						CreatedOnToolsVersion = 13.1;
					};
					0DD4E7FC27C4C61D0024EAC4 = {
						CreatedOnToolsVersion = 13.1;
						TestTargetID = 0DD4E7E627C4C61A0024EAC4;
					};
					0DD4E80627C4C61D0024EAC4 = {
						CreatedOnToolsVersion = 13.1;
						TestTargetID = 0DD4E7E627C4C61A0024EAC4;
					};
				};
			};
			buildConfigurationList = 0DD4E7E227C4C61A0024EAC4 /* Build configuration list for PBXProject "IOSUIPracticals" */;
			compatibilityVersion = "Xcode 13.0";
			developmentRegion = en;
			hasScannedForEncodings = 0;
			knownRegions = (
				en,
				Base,
			);
			mainGroup = 0DD4E7DE27C4C61A0024EAC4;
			productRefGroup = 0DD4E7E827C4C61A0024EAC4 /* Products */;
			projectDirPath = "";
			projectRoot = "";
			targets = (
				0DD4E7E627C4C61A0024EAC4 /* IOSUIPracticals */,
				0DD4E7FC27C4C61D0024EAC4 /* IOSUIPracticalsTests */,
				0DD4E80627C4C61D0024EAC4 /* IOSUIPracticalsUITests */,
			);
		};
/* End PBXProject section */

/* Begin PBXResourcesBuildPhase section */
		0DD4E7E527C4C61A0024EAC4 /* Resources */ = {
			isa = PBXResourcesBuildPhase;
			buildActionMask = 2147483647;
			files = (
				0D582BE227D1E01F00AB8497 /* TabBarApp.storyboard in Resources */,
				0D88EE3F27C65B76005B66BA /* Sizeclass.storyboard in Resources */,
				0DD4E81B27C52BED0024EAC4 /* Main.storyboard in Resources */,
				0DF3DC12280D696E00A873C3 /* TableViewWIthCustomCell.storyboard in Resources */,
				0DF3DC08280D696E00A873C3 /* LaunchScreen.storyboard in Resources */,
				0DF3DC07280D696E00A873C3 /* LoginSignupPractical1.storyboard in Resources */,
				0DF3DC10280D696E00A873C3 /* TabBarApp.storyboard in Resources */,
				0DF3DC0B280D696E00A873C3 /* TableViewCell.xib in Resources */,
				0DF3DC1A280D696E00A873C3 /* Info.plist in Resources */,
				0DF3DBFA280D696E00A873C3 /* WKWebkitDemo.storyboard in Resources */,
				0DD4E7F727C4C61D0024EAC4 /* LaunchScreen.storyboard in Resources */,
				0DE8FB1427D86C6800003E4C /* LifecycleDemo.storyboard in Resources */,
				0DD4E7F427C4C61D0024EAC4 /* Assets.xcassets in Resources */,
				0DCF9AA828029C2A00669677 /* NavigationController.storyboard in Resources */,
				0DF3DC16280D696E00A873C3 /* demo.html in Resources */,
				0D88EE3D27C65350005B66BA /* HuggingPriorityContentCompression.storyboard in Resources */,
				0DF3DBEA280D696E00A873C3 /* SegmentedContlrollerToSwitchView.storyboard in Resources */,
				0DF3DC0D280D696E00A873C3 /* SizeClass2.storyboard in Resources */,
				0D04FB3727C7A31000F9C31D /* SizeClass2.storyboard in Resources */,
				0DC2721027CCA5FD001A2C5B /* LoginSignupPractical1.storyboard in Resources */,
				0DF3DC0C280D696E00A873C3 /* DatePicker.storyboard in Resources */,
				0DF3DC15280D696E00A873C3 /* HuggingPriorityContentCompression.storyboard in Resources */,
				0DF3DC06280D696E00A873C3 /* Internal Review  Report II.pptx (1).pdf in Resources */,
				0DF3DBF7280D696E00A873C3 /* NavigationController.storyboard in Resources */,
				0D2681AD27DB4125002E6EA6 /* demo.html in Resources */,
				0D4D788027DA0ED2007B0100 /* WKWebkitDemo.storyboard in Resources */,
				0DF3DC11280D696E00A873C3 /* ScrollView.storyboard in Resources */,
				0DCF9BBE2802AC9300669677 /* Internal Review  Report II.pptx (1).pdf in Resources */,
				0DF3DC01280D696E00A873C3 /* Sizeclass.storyboard in Resources */,
				0DD4E81B27C52BED0024EAC4 /* Main.storyboard in Resources */,
				0D06786127D9B5CB00B20B27 /* SegmentedContlrollerToSwitchView.storyboard in Resources */,
				0D023C6127D7659100191426 /* DatePicker.storyboard in Resources */,
				0DD4E7F727C4C61D0024EAC4 /* LaunchScreen.storyboard in Resources */,
				0DD4E7F427C4C61D0024EAC4 /* Assets.xcassets in Resources */,
				0DF3DBFE280D696E00A873C3 /* LifecycleDemo.storyboard in Resources */,
				0D07C53327D07BB900F31E5C /* ScrollView.storyboard in Resources */,
				0D07C53927D09D1200F31E5C /* TableViewCell.xib in Resources */,
				0DF3DC02280D696E00A873C3 /* Assets.xcassets in Resources */,
				0DF3DC0A280D696E00A873C3 /* Main.storyboard in Resources */,
				0D07C53527D09CD700F31E5C /* TableViewWIthCustomCell.storyboard in Resources */,
			);
			runOnlyForDeploymentPostprocessing = 0;
		};
		0DD4E7FB27C4C61D0024EAC4 /* Resources */ = {
			isa = PBXResourcesBuildPhase;
			buildActionMask = 2147483647;
			files = (
			);
			runOnlyForDeploymentPostprocessing = 0;
		};
		0DD4E80527C4C61D0024EAC4 /* Resources */ = {
			isa = PBXResourcesBuildPhase;
			buildActionMask = 2147483647;
			files = (
			);
			runOnlyForDeploymentPostprocessing = 0;
		};
/* End PBXResourcesBuildPhase section */

/* Begin PBXSourcesBuildPhase section */
		0DD4E7E327C4C61A0024EAC4 /* Sources */ = {
			isa = PBXSourcesBuildPhase;
			buildActionMask = 2147483647;
			files = (
				0DBFD98F27DB0A6A0011FC1A /* TableViewCellData.swift in Sources */,
				0DF3DC09280D696E00A873C3 /* ViewControllerMapView.swift in Sources */,
				0DF3DBFD280D696E00A873C3 /* DatePickerViewController.swift in Sources */,
				0D07C53827D09D1200F31E5C /* TableViewCell.swift in Sources */,
				0DF3DBE4280D696E00A873C3 /* CellIncrementorDecrementor.swift in Sources */,
				0DC2721227CCC6B4001A2C5B /* PageViewController.swift in Sources */,
				0DF3DBEF280D696E00A873C3 /* VCOneCoordinator.swift in Sources */,
				0D023C6327D765BA00191426 /* DatePickerViewController.swift in Sources */,
				0DCF9AB428029DAE00669677 /* MainVCCoordinator.swift in Sources */,
				0D88EE3927C6279F005B66BA /* ViewController1.swift in Sources */,
				0DF3DBEB280D696E00A873C3 /* CollectionViewCelll.swift in Sources */,
				0D06786327D9B6D700B20B27 /* SegmentControllerToSwitchViewVC.swift in Sources */,
				0D582BE727D1ED4C00AB8497 /* PinAnnotation.swift in Sources */,
				0DF3DC1C280D696E00A873C3 /* ViewControllerTabOne.swift in Sources */,
				0DCF9AB828029DD700669677 /* VCTwoCoordinator.swift in Sources */,
				0D8739B527D5F92D0046218A /* ViewControllerCollectionView.swift in Sources */,
				0DCF9AA628029C1500669677 /* AppCoordinator.swift in Sources */,
				0DF3DC1B280D696E00A873C3 /* SceneDelegate.swift in Sources */,
				0D88EE3B27C62F9E005B66BA /* ViewControllerSignUp.swift in Sources */,
				0DF3DBF6280D696E00A873C3 /* FirstViewController.swift in Sources */,
				0D04FB3527C7555D00F9C31D /* ViewControllerSizeClass.swift in Sources */,
				0DF3DBF2280D696E00A873C3 /* VCTwoCoordinator.swift in Sources */,
				0D8739B727D5F9CB0046218A /* CellStackViewAxisChanger.swift in Sources */,
				0DF3DBF4280D696E00A873C3 /* Coordinator.swift in Sources */,
				0DF3DBF8280D696E00A873C3 /* FourthViewController.swift in Sources */,
				0DCF9ABC28029E1400669677 /* ViewControllerTwoByCoordinator.swift in Sources */,
				0DF3DC0F280D696E00A873C3 /* WKWebViewViewController.swift in Sources */,
				0DE8FB1827D86D6C00003E4C /* ViewControllerTabTwo.swift in Sources */,
				0DF3DBF5280D696E00A873C3 /* ThirdViewController.swift in Sources */,
				0DCF9ABA28029E0600669677 /* ViewControllerOneByCoordinator.swift in Sources */,
				0DF3DBE9280D696E00A873C3 /* TableCell.swift in Sources */,
				0DF3DC1E280D696E00A873C3 /* ViewControllerCollectionView.swift in Sources */,
				0DF3DBF9280D696E00A873C3 /* SecondViewController.swift in Sources */,
				0DF3DC1D280D696E00A873C3 /* TableViewTopicCell.swift in Sources */,
				0DF3DBE8280D696E00A873C3 /* SegmentControllerToSwitchViewVC.swift in Sources */,
				0DF3DBF3280D696E00A873C3 /* ViewControllerTwoByCoordinator.swift in Sources */,
				0DF3DC13280D696E00A873C3 /* ViewControllerForTabBar.swift in Sources */,
				0D8739BD27D613090046218A /* TableViewControllerForSearchBar.swift in Sources */,
				0DF3DBE2280D696E00A873C3 /* TableViewControllerForSearchBar.swift in Sources */,
				0DCF9AAE28029D3E00669677 /* ThirdViewController.swift in Sources */,
				0DF3DBFC280D696E00A873C3 /* ViewController1.swift in Sources */,
				0D582BDC27D1D51700AB8497 /* ViewControllerForTabBar.swift in Sources */,
				0DCF9AB228029D9D00669677 /* HomeVCCoordinator.swift in Sources */,
				0DF3DBE6280D696E00A873C3 /* ViewControllerSizeClass.swift in Sources */,
				0DCF9AAA28029CF400669677 /* FirstViewController.swift in Sources */,
				0DF3DBEE280D696E00A873C3 /* AppCoordinator.swift in Sources */,
				0DD4E7EF27C4C61A0024EAC4 /* ViewController.swift in Sources */,
				0DBFD98D27DB0A040011FC1A /* MainViewController.swift in Sources */,
				0DF3DBE5280D696E00A873C3 /* ViewController.swift in Sources */,
				0DFF83A427CE39C000DEA55B /* ViewControllerForSignup.swift in Sources */,
				0D07C53B27D0A01900F31E5C /* ViewControllerTableViewCustomCell.swift in Sources */,
				0D4D787E27D9EE8A007B0100 /* CollectionViewCelll.swift in Sources */,
				0DF3DBFF280D696E00A873C3 /* MainViewController.swift in Sources */,
				0DF3DC0E280D696E00A873C3 /* TableViewCellData.swift in Sources */,
				0DCF9AB628029DC100669677 /* VCOneCoordinator.swift in Sources */,
				0DD4E7EB27C4C61A0024EAC4 /* AppDelegate.swift in Sources */,
				0DCF9AA428029C0A00669677 /* Coordinator.swift in Sources */,
				0DF3DC05280D696E00A873C3 /* CellStackViewAxisChanger.swift in Sources */,
				0DCF9AB028029D4A00669677 /* FourthViewController.swift in Sources */,
				0DF3DC18280D696E00A873C3 /* ViewControllerSignUp.swift in Sources */,
				0DF3DBE7280D696E00A873C3 /* RadioTableViewCell.swift in Sources */,
				0DF3DBED280D696E00A873C3 /* RecievedItemTableViewCell.swift in Sources */,
				0D4D788427DA118A007B0100 /* WKWebViewViewController.swift in Sources */,
				0D582BE027D1D61C00AB8497 /* ViewControllerMapView.swift in Sources */,
				0DF3DBEC280D696E00A873C3 /* ViewControllerOneByCoordinator.swift in Sources */,
				0D4D787C27D9E924007B0100 /* TableCell.swift in Sources */,
				0DF3DBF1280D696E00A873C3 /* HomeVCCoordinator.swift in Sources */,
				0DCF9AAC28029D0100669677 /* SecondViewController.swift in Sources */,
				0DF3DC14280D696E00A873C3 /* AppDelegate.swift in Sources */,
				0DCF9ABE2802A23200669677 /* RecievedItemTableViewCell.swift in Sources */,
				0DF3DC04280D696E00A873C3 /* ViewControllerForSignup.swift in Sources */,
				0D8739B927D5FA060046218A /* CellIncrementorDecrementor.swift in Sources */,
				0DBFD99127DB10030011FC1A /* TableViewTopicCell.swift in Sources */,
				0DF3DBE3280D696E00A873C3 /* ViewControllerDemo.swift in Sources */,
				0DF3DC19280D696E00A873C3 /* PinAnnotation.swift in Sources */,
				0DD4E7ED27C4C61A0024EAC4 /* SceneDelegate.swift in Sources */,
				0DF3DBF0280D696E00A873C3 /* MainVCCoordinator.swift in Sources */,
				0DF3DC17280D696E00A873C3 /* PageViewController.swift in Sources */,
				0DE8FB1627D86D5B00003E4C /* ViewControllerTabOne.swift in Sources */,
				0DF3DC03280D696E00A873C3 /* TableViewCell.swift in Sources */,
				0DF3DBFB280D696E00A873C3 /* ViewControllerTabTwo.swift in Sources */,
				0DF3DC00280D696E00A873C3 /* ViewControllerTableViewCustomCell.swift in Sources */,
			);
			runOnlyForDeploymentPostprocessing = 0;
		};
		0DD4E7F927C4C61D0024EAC4 /* Sources */ = {
			isa = PBXSourcesBuildPhase;
			buildActionMask = 2147483647;
			files = (
				0DD4E80227C4C61D0024EAC4 /* IOSUIPracticalsTests.swift in Sources */,
			);
			runOnlyForDeploymentPostprocessing = 0;
		};
		0DD4E80327C4C61D0024EAC4 /* Sources */ = {
			isa = PBXSourcesBuildPhase;
			buildActionMask = 2147483647;
			files = (
				0DD4E80E27C4C61D0024EAC4 /* IOSUIPracticalsUITestsLaunchTests.swift in Sources */,
				0DD4E80C27C4C61D0024EAC4 /* IOSUIPracticalsUITests.swift in Sources */,
			);
			runOnlyForDeploymentPostprocessing = 0;
		};
/* End PBXSourcesBuildPhase section */

/* Begin PBXTargetDependency section */
		0DD4E7FF27C4C61D0024EAC4 /* PBXTargetDependency */ = {
			isa = PBXTargetDependency;
			target = 0DD4E7E627C4C61A0024EAC4 /* IOSUIPracticals */;
			targetProxy = 0DD4E7FE27C4C61D0024EAC4 /* PBXContainerItemProxy */;
		};
		0DD4E80927C4C61D0024EAC4 /* PBXTargetDependency */ = {
			isa = PBXTargetDependency;
			target = 0DD4E7E627C4C61A0024EAC4 /* IOSUIPracticals */;
			targetProxy = 0DD4E80827C4C61D0024EAC4 /* PBXContainerItemProxy */;
		};
/* End PBXTargetDependency section */

/* Begin PBXVariantGroup section */
		0DD4E7F527C4C61D0024EAC4 /* LaunchScreen.storyboard */ = {
			isa = PBXVariantGroup;
			children = (
				0DD4E7F627C4C61D0024EAC4 /* Base */,
			);
			name = LaunchScreen.storyboard;
			sourceTree = "<group>";
		};
		0DF3DBCA280D696E00A873C3 /* LaunchScreen.storyboard */ = {
			isa = PBXVariantGroup;
			children = (
				0DF3DBCB280D696E00A873C3 /* Base */,
			);
			name = LaunchScreen.storyboard;
			sourceTree = "<group>";
		};
/* End PBXVariantGroup section */

/* Begin XCBuildConfiguration section */
		0DD4E80F27C4C61D0024EAC4 /* Debug */ = {
			isa = XCBuildConfiguration;
			buildSettings = {
				ALWAYS_SEARCH_USER_PATHS = NO;
				CLANG_ANALYZER_NONNULL = YES;
				CLANG_ANALYZER_NUMBER_OBJECT_CONVERSION = YES_AGGRESSIVE;
				CLANG_CXX_LANGUAGE_STANDARD = "gnu++17";
				CLANG_CXX_LIBRARY = "libc++";
				CLANG_ENABLE_MODULES = YES;
				CLANG_ENABLE_OBJC_ARC = YES;
				CLANG_ENABLE_OBJC_WEAK = YES;
				CLANG_WARN_BLOCK_CAPTURE_AUTORELEASING = YES;
				CLANG_WARN_BOOL_CONVERSION = YES;
				CLANG_WARN_COMMA = YES;
				CLANG_WARN_CONSTANT_CONVERSION = YES;
				CLANG_WARN_DEPRECATED_OBJC_IMPLEMENTATIONS = YES;
				CLANG_WARN_DIRECT_OBJC_ISA_USAGE = YES_ERROR;
				CLANG_WARN_DOCUMENTATION_COMMENTS = YES;
				CLANG_WARN_EMPTY_BODY = YES;
				CLANG_WARN_ENUM_CONVERSION = YES;
				CLANG_WARN_INFINITE_RECURSION = YES;
				CLANG_WARN_INT_CONVERSION = YES;
				CLANG_WARN_NON_LITERAL_NULL_CONVERSION = YES;
				CLANG_WARN_OBJC_IMPLICIT_RETAIN_SELF = YES;
				CLANG_WARN_OBJC_LITERAL_CONVERSION = YES;
				CLANG_WARN_OBJC_ROOT_CLASS = YES_ERROR;
				CLANG_WARN_QUOTED_INCLUDE_IN_FRAMEWORK_HEADER = YES;
				CLANG_WARN_RANGE_LOOP_ANALYSIS = YES;
				CLANG_WARN_STRICT_PROTOTYPES = YES;
				CLANG_WARN_SUSPICIOUS_MOVE = YES;
				CLANG_WARN_UNGUARDED_AVAILABILITY = YES_AGGRESSIVE;
				CLANG_WARN_UNREACHABLE_CODE = YES;
				CLANG_WARN__DUPLICATE_METHOD_MATCH = YES;
				COPY_PHASE_STRIP = NO;
				DEBUG_INFORMATION_FORMAT = dwarf;
				ENABLE_STRICT_OBJC_MSGSEND = YES;
				ENABLE_TESTABILITY = YES;
				GCC_C_LANGUAGE_STANDARD = gnu11;
				GCC_DYNAMIC_NO_PIC = NO;
				GCC_NO_COMMON_BLOCKS = YES;
				GCC_OPTIMIZATION_LEVEL = 0;
				GCC_PREPROCESSOR_DEFINITIONS = (
					"DEBUG=1",
					"$(inherited)",
				);
				GCC_WARN_64_TO_32_BIT_CONVERSION = YES;
				GCC_WARN_ABOUT_RETURN_TYPE = YES_ERROR;
				GCC_WARN_UNDECLARED_SELECTOR = YES;
				GCC_WARN_UNINITIALIZED_AUTOS = YES_AGGRESSIVE;
				GCC_WARN_UNUSED_FUNCTION = YES;
				GCC_WARN_UNUSED_VARIABLE = YES;
				IPHONEOS_DEPLOYMENT_TARGET = 15.0;
				MTL_ENABLE_DEBUG_INFO = INCLUDE_SOURCE;
				MTL_FAST_MATH = YES;
				ONLY_ACTIVE_ARCH = YES;
				SDKROOT = iphoneos;
				SWIFT_ACTIVE_COMPILATION_CONDITIONS = DEBUG;
				SWIFT_OPTIMIZATION_LEVEL = "-Onone";
			};
			name = Debug;
		};
		0DD4E81027C4C61D0024EAC4 /* Release */ = {
			isa = XCBuildConfiguration;
			buildSettings = {
				ALWAYS_SEARCH_USER_PATHS = NO;
				CLANG_ANALYZER_NONNULL = YES;
				CLANG_ANALYZER_NUMBER_OBJECT_CONVERSION = YES_AGGRESSIVE;
				CLANG_CXX_LANGUAGE_STANDARD = "gnu++17";
				CLANG_CXX_LIBRARY = "libc++";
				CLANG_ENABLE_MODULES = YES;
				CLANG_ENABLE_OBJC_ARC = YES;
				CLANG_ENABLE_OBJC_WEAK = YES;
				CLANG_WARN_BLOCK_CAPTURE_AUTORELEASING = YES;
				CLANG_WARN_BOOL_CONVERSION = YES;
				CLANG_WARN_COMMA = YES;
				CLANG_WARN_CONSTANT_CONVERSION = YES;
				CLANG_WARN_DEPRECATED_OBJC_IMPLEMENTATIONS = YES;
				CLANG_WARN_DIRECT_OBJC_ISA_USAGE = YES_ERROR;
				CLANG_WARN_DOCUMENTATION_COMMENTS = YES;
				CLANG_WARN_EMPTY_BODY = YES;
				CLANG_WARN_ENUM_CONVERSION = YES;
				CLANG_WARN_INFINITE_RECURSION = YES;
				CLANG_WARN_INT_CONVERSION = YES;
				CLANG_WARN_NON_LITERAL_NULL_CONVERSION = YES;
				CLANG_WARN_OBJC_IMPLICIT_RETAIN_SELF = YES;
				CLANG_WARN_OBJC_LITERAL_CONVERSION = YES;
				CLANG_WARN_OBJC_ROOT_CLASS = YES_ERROR;
				CLANG_WARN_QUOTED_INCLUDE_IN_FRAMEWORK_HEADER = YES;
				CLANG_WARN_RANGE_LOOP_ANALYSIS = YES;
				CLANG_WARN_STRICT_PROTOTYPES = YES;
				CLANG_WARN_SUSPICIOUS_MOVE = YES;
				CLANG_WARN_UNGUARDED_AVAILABILITY = YES_AGGRESSIVE;
				CLANG_WARN_UNREACHABLE_CODE = YES;
				CLANG_WARN__DUPLICATE_METHOD_MATCH = YES;
				COPY_PHASE_STRIP = NO;
				DEBUG_INFORMATION_FORMAT = "dwarf-with-dsym";
				ENABLE_NS_ASSERTIONS = NO;
				ENABLE_STRICT_OBJC_MSGSEND = YES;
				GCC_C_LANGUAGE_STANDARD = gnu11;
				GCC_NO_COMMON_BLOCKS = YES;
				GCC_WARN_64_TO_32_BIT_CONVERSION = YES;
				GCC_WARN_ABOUT_RETURN_TYPE = YES_ERROR;
				GCC_WARN_UNDECLARED_SELECTOR = YES;
				GCC_WARN_UNINITIALIZED_AUTOS = YES_AGGRESSIVE;
				GCC_WARN_UNUSED_FUNCTION = YES;
				GCC_WARN_UNUSED_VARIABLE = YES;
				IPHONEOS_DEPLOYMENT_TARGET = 15.0;
				MTL_ENABLE_DEBUG_INFO = NO;
				MTL_FAST_MATH = YES;
				SDKROOT = iphoneos;
				SWIFT_COMPILATION_MODE = wholemodule;
				SWIFT_OPTIMIZATION_LEVEL = "-O";
				VALIDATE_PRODUCT = YES;
			};
			name = Release;
		};
		0DD4E81227C4C61D0024EAC4 /* Debug */ = {
			isa = XCBuildConfiguration;
			buildSettings = {
				ASSETCATALOG_COMPILER_APPICON_NAME = AppIcon;
				ASSETCATALOG_COMPILER_GLOBAL_ACCENT_COLOR_NAME = AccentColor;
				CODE_SIGN_STYLE = Automatic;
				CURRENT_PROJECT_VERSION = 1;
				GENERATE_INFOPLIST_FILE = YES;
				INFOPLIST_FILE = IOSUIPracticals/Info.plist;
				INFOPLIST_KEY_UIApplicationSupportsIndirectInputEvents = YES;
				INFOPLIST_KEY_UILaunchStoryboardName = LaunchScreen;
				INFOPLIST_KEY_UIMainStoryboardFile = Main;
				INFOPLIST_KEY_UISupportedInterfaceOrientations_iPad = "UIInterfaceOrientationPortrait UIInterfaceOrientationPortraitUpsideDown UIInterfaceOrientationLandscapeLeft UIInterfaceOrientationLandscapeRight";
				INFOPLIST_KEY_UISupportedInterfaceOrientations_iPhone = "UIInterfaceOrientationPortrait UIInterfaceOrientationLandscapeLeft UIInterfaceOrientationLandscapeRight";
				LD_RUNPATH_SEARCH_PATHS = (
					"$(inherited)",
					"@executable_path/Frameworks",
				);
				MARKETING_VERSION = 1.0;
				PRODUCT_BUNDLE_IDENTIFIER = Rishita.IOSUIPracticals;
				PRODUCT_NAME = "$(TARGET_NAME)";
				SWIFT_EMIT_LOC_STRINGS = YES;
				SWIFT_VERSION = 5.0;
				TARGETED_DEVICE_FAMILY = "1,2";
			};
			name = Debug;
		};
		0DD4E81327C4C61D0024EAC4 /* Release */ = {
			isa = XCBuildConfiguration;
			buildSettings = {
				ASSETCATALOG_COMPILER_APPICON_NAME = AppIcon;
				ASSETCATALOG_COMPILER_GLOBAL_ACCENT_COLOR_NAME = AccentColor;
				CODE_SIGN_STYLE = Automatic;
				CURRENT_PROJECT_VERSION = 1;
				GENERATE_INFOPLIST_FILE = YES;
				INFOPLIST_FILE = IOSUIPracticals/Info.plist;
				INFOPLIST_KEY_UIApplicationSupportsIndirectInputEvents = YES;
				INFOPLIST_KEY_UILaunchStoryboardName = LaunchScreen;
				INFOPLIST_KEY_UIMainStoryboardFile = Main;
				INFOPLIST_KEY_UISupportedInterfaceOrientations_iPad = "UIInterfaceOrientationPortrait UIInterfaceOrientationPortraitUpsideDown UIInterfaceOrientationLandscapeLeft UIInterfaceOrientationLandscapeRight";
				INFOPLIST_KEY_UISupportedInterfaceOrientations_iPhone = "UIInterfaceOrientationPortrait UIInterfaceOrientationLandscapeLeft UIInterfaceOrientationLandscapeRight";
				LD_RUNPATH_SEARCH_PATHS = (
					"$(inherited)",
					"@executable_path/Frameworks",
				);
				MARKETING_VERSION = 1.0;
				PRODUCT_BUNDLE_IDENTIFIER = Rishita.IOSUIPracticals;
				PRODUCT_NAME = "$(TARGET_NAME)";
				SWIFT_EMIT_LOC_STRINGS = YES;
				SWIFT_VERSION = 5.0;
				TARGETED_DEVICE_FAMILY = "1,2";
			};
			name = Release;
		};
		0DD4E81527C4C61D0024EAC4 /* Debug */ = {
			isa = XCBuildConfiguration;
			buildSettings = {
				ALWAYS_EMBED_SWIFT_STANDARD_LIBRARIES = YES;
				BUNDLE_LOADER = "$(TEST_HOST)";
				CODE_SIGN_STYLE = Automatic;
				CURRENT_PROJECT_VERSION = 1;
				GENERATE_INFOPLIST_FILE = YES;
				IPHONEOS_DEPLOYMENT_TARGET = 15.0;
				LD_RUNPATH_SEARCH_PATHS = (
					"$(inherited)",
					"@executable_path/Frameworks",
					"@loader_path/Frameworks",
				);
				MARKETING_VERSION = 1.0;
				PRODUCT_BUNDLE_IDENTIFIER = Rishita.IOSUIPracticalsTests;
				PRODUCT_NAME = "$(TARGET_NAME)";
				SWIFT_EMIT_LOC_STRINGS = NO;
				SWIFT_VERSION = 5.0;
				TARGETED_DEVICE_FAMILY = "1,2";
				TEST_HOST = "$(BUILT_PRODUCTS_DIR)/IOSUIPracticals.app/IOSUIPracticals";
			};
			name = Debug;
		};
		0DD4E81627C4C61D0024EAC4 /* Release */ = {
			isa = XCBuildConfiguration;
			buildSettings = {
				ALWAYS_EMBED_SWIFT_STANDARD_LIBRARIES = YES;
				BUNDLE_LOADER = "$(TEST_HOST)";
				CODE_SIGN_STYLE = Automatic;
				CURRENT_PROJECT_VERSION = 1;
				GENERATE_INFOPLIST_FILE = YES;
				IPHONEOS_DEPLOYMENT_TARGET = 15.0;
				LD_RUNPATH_SEARCH_PATHS = (
					"$(inherited)",
					"@executable_path/Frameworks",
					"@loader_path/Frameworks",
				);
				MARKETING_VERSION = 1.0;
				PRODUCT_BUNDLE_IDENTIFIER = Rishita.IOSUIPracticalsTests;
				PRODUCT_NAME = "$(TARGET_NAME)";
				SWIFT_EMIT_LOC_STRINGS = NO;
				SWIFT_VERSION = 5.0;
				TARGETED_DEVICE_FAMILY = "1,2";
				TEST_HOST = "$(BUILT_PRODUCTS_DIR)/IOSUIPracticals.app/IOSUIPracticals";
			};
			name = Release;
		};
		0DD4E81827C4C61D0024EAC4 /* Debug */ = {
			isa = XCBuildConfiguration;
			buildSettings = {
				ALWAYS_EMBED_SWIFT_STANDARD_LIBRARIES = YES;
				CODE_SIGN_STYLE = Automatic;
				CURRENT_PROJECT_VERSION = 1;
				GENERATE_INFOPLIST_FILE = YES;
				LD_RUNPATH_SEARCH_PATHS = (
					"$(inherited)",
					"@executable_path/Frameworks",
					"@loader_path/Frameworks",
				);
				MARKETING_VERSION = 1.0;
				PRODUCT_BUNDLE_IDENTIFIER = Rishita.IOSUIPracticalsUITests;
				PRODUCT_NAME = "$(TARGET_NAME)";
				SWIFT_EMIT_LOC_STRINGS = NO;
				SWIFT_VERSION = 5.0;
				TARGETED_DEVICE_FAMILY = "1,2";
				TEST_TARGET_NAME = IOSUIPracticals;
			};
			name = Debug;
		};
		0DD4E81927C4C61D0024EAC4 /* Release */ = {
			isa = XCBuildConfiguration;
			buildSettings = {
				ALWAYS_EMBED_SWIFT_STANDARD_LIBRARIES = YES;
				CODE_SIGN_STYLE = Automatic;
				CURRENT_PROJECT_VERSION = 1;
				GENERATE_INFOPLIST_FILE = YES;
				LD_RUNPATH_SEARCH_PATHS = (
					"$(inherited)",
					"@executable_path/Frameworks",
					"@loader_path/Frameworks",
				);
				MARKETING_VERSION = 1.0;
				PRODUCT_BUNDLE_IDENTIFIER = Rishita.IOSUIPracticalsUITests;
				PRODUCT_NAME = "$(TARGET_NAME)";
				SWIFT_EMIT_LOC_STRINGS = NO;
				SWIFT_VERSION = 5.0;
				TARGETED_DEVICE_FAMILY = "1,2";
				TEST_TARGET_NAME = IOSUIPracticals;
			};
			name = Release;
		};
/* End XCBuildConfiguration section */

/* Begin XCConfigurationList section */
		0DD4E7E227C4C61A0024EAC4 /* Build configuration list for PBXProject "IOSUIPracticals" */ = {
			isa = XCConfigurationList;
			buildConfigurations = (
				0DD4E80F27C4C61D0024EAC4 /* Debug */,
				0DD4E81027C4C61D0024EAC4 /* Release */,
			);
			defaultConfigurationIsVisible = 0;
			defaultConfigurationName = Release;
		};
		0DD4E81127C4C61D0024EAC4 /* Build configuration list for PBXNativeTarget "IOSUIPracticals" */ = {
			isa = XCConfigurationList;
			buildConfigurations = (
				0DD4E81227C4C61D0024EAC4 /* Debug */,
				0DD4E81327C4C61D0024EAC4 /* Release */,
			);
			defaultConfigurationIsVisible = 0;
			defaultConfigurationName = Release;
		};
		0DD4E81427C4C61D0024EAC4 /* Build configuration list for PBXNativeTarget "IOSUIPracticalsTests" */ = {
			isa = XCConfigurationList;
			buildConfigurations = (
				0DD4E81527C4C61D0024EAC4 /* Debug */,
				0DD4E81627C4C61D0024EAC4 /* Release */,
			);
			defaultConfigurationIsVisible = 0;
			defaultConfigurationName = Release;
		};
		0DD4E81727C4C61D0024EAC4 /* Build configuration list for PBXNativeTarget "IOSUIPracticalsUITests" */ = {
			isa = XCConfigurationList;
			buildConfigurations = (
				0DD4E81827C4C61D0024EAC4 /* Debug */,
				0DD4E81927C4C61D0024EAC4 /* Release */,
			);
			defaultConfigurationIsVisible = 0;
			defaultConfigurationName = Release;
		};
/* End XCConfigurationList section */
	};
	rootObject = 0DD4E7DF27C4C61A0024EAC4 /* Project object */;
}
