// !$*UTF8*$!
{
	archiveVersion = 1;
	classes = {
	};
	objectVersion = 55;
	objects = {

/* Begin PBXBuildFile section */
		0D023C6127D7659100191426 /* DatePicker.storyboard in Resources */ = {isa = PBXBuildFile; fileRef = 0D023C6027D7659100191426 /* DatePicker.storyboard */; };
		0D023C6327D765BA00191426 /* DatePickerViewController.swift in Sources */ = {isa = PBXBuildFile; fileRef = 0D023C6227D765BA00191426 /* DatePickerViewController.swift */; };
		0D04FB3527C7555D00F9C31D /* ViewControllerSizeClass.swift in Sources */ = {isa = PBXBuildFile; fileRef = 0D04FB3427C7555D00F9C31D /* ViewControllerSizeClass.swift */; };
		0D04FB3727C7A31000F9C31D /* SizeClass2.storyboard in Resources */ = {isa = PBXBuildFile; fileRef = 0D04FB3627C7A31000F9C31D /* SizeClass2.storyboard */; };
		0D06786127D9B5CB00B20B27 /* SegCtlrToSwitchView.storyboard in Resources */ = {isa = PBXBuildFile; fileRef = 0D06786027D9B5CB00B20B27 /* SegCtlrToSwitchView.storyboard */; };
		0D06786327D9B6D700B20B27 /* SegmentControllerToSwitchViewVC.swift in Sources */ = {isa = PBXBuildFile; fileRef = 0D06786227D9B6D700B20B27 /* SegmentControllerToSwitchViewVC.swift */; };
		0D07C53327D07BB900F31E5C /* ScrollView.storyboard in Resources */ = {isa = PBXBuildFile; fileRef = 0D07C53227D07BB900F31E5C /* ScrollView.storyboard */; };
		0D07C53527D09CD700F31E5C /* TableViewWIthCustomCell.storyboard in Resources */ = {isa = PBXBuildFile; fileRef = 0D07C53427D09CD700F31E5C /* TableViewWIthCustomCell.storyboard */; };
		0D07C53827D09D1200F31E5C /* TableViewCell.swift in Sources */ = {isa = PBXBuildFile; fileRef = 0D07C53627D09D1200F31E5C /* TableViewCell.swift */; };
		0D07C53927D09D1200F31E5C /* TableViewCell.xib in Resources */ = {isa = PBXBuildFile; fileRef = 0D07C53727D09D1200F31E5C /* TableViewCell.xib */; };
		0D07C53B27D0A01900F31E5C /* ViewControllerTableViewCustomCell.swift in Sources */ = {isa = PBXBuildFile; fileRef = 0D07C53A27D0A01900F31E5C /* ViewControllerTableViewCustomCell.swift */; };
		0D181F9E2805A2AD00A969DF /* MVCCommentsList.storyboard in Resources */ = {isa = PBXBuildFile; fileRef = 0D181F9D2805A2AD00A969DF /* MVCCommentsList.storyboard */; };
		0D181FA02805A31500A969DF /* MVCCommentsVC.swift in Sources */ = {isa = PBXBuildFile; fileRef = 0D181F9F2805A31500A969DF /* MVCCommentsVC.swift */; };
		0D181FA22805A34400A969DF /* MVCCeommentCell.swift in Sources */ = {isa = PBXBuildFile; fileRef = 0D181FA12805A34400A969DF /* MVCCeommentCell.swift */; };
		0D2681AD27DB4125002E6EA6 /* demo.html in Resources */ = {isa = PBXBuildFile; fileRef = 0D2681AC27DB4125002E6EA6 /* demo.html */; };
		0D3D8A3F28093977003A4527 /* VIPERCommentsList.storyboard in Resources */ = {isa = PBXBuildFile; fileRef = 0D3D8A3E28093977003A4527 /* VIPERCommentsList.storyboard */; };
		0D3D8A41280939E4003A4527 /* VIPERView.swift in Sources */ = {isa = PBXBuildFile; fileRef = 0D3D8A40280939E4003A4527 /* VIPERView.swift */; };
		0D3D8A4328093C00003A4527 /* Router.swift in Sources */ = {isa = PBXBuildFile; fileRef = 0D3D8A4228093C00003A4527 /* Router.swift */; };
		0D3D8A4528093C66003A4527 /* Entity.swift in Sources */ = {isa = PBXBuildFile; fileRef = 0D3D8A4428093C66003A4527 /* Entity.swift */; };
		0D3D8A4728093CA3003A4527 /* Presenter.swift in Sources */ = {isa = PBXBuildFile; fileRef = 0D3D8A4628093CA3003A4527 /* Presenter.swift */; };
		0D3D8A4928093D27003A4527 /* Interactor.swift in Sources */ = {isa = PBXBuildFile; fileRef = 0D3D8A4828093D27003A4527 /* Interactor.swift */; };
		0D3D8A4B28094A7C003A4527 /* VIPERCommentCell.swift in Sources */ = {isa = PBXBuildFile; fileRef = 0D3D8A4A28094A7C003A4527 /* VIPERCommentCell.swift */; };
		0D4D787C27D9E924007B0100 /* TableCell.swift in Sources */ = {isa = PBXBuildFile; fileRef = 0D4D787B27D9E924007B0100 /* TableCell.swift */; };
		0D4D787E27D9EE8A007B0100 /* CollectionViewCelll.swift in Sources */ = {isa = PBXBuildFile; fileRef = 0D4D787D27D9EE8A007B0100 /* CollectionViewCelll.swift */; };
		0D4D788027DA0ED2007B0100 /* WKWebkitDemo.storyboard in Resources */ = {isa = PBXBuildFile; fileRef = 0D4D787F27DA0ED2007B0100 /* WKWebkitDemo.storyboard */; };
		0D4D788427DA118A007B0100 /* WKWebViewViewController.swift in Sources */ = {isa = PBXBuildFile; fileRef = 0D4D788327DA118A007B0100 /* WKWebViewViewController.swift */; };
		0D57502E28068FB000DD2679 /* UsersData.swift in Sources */ = {isa = PBXBuildFile; fileRef = 0D57502D28068FB000DD2679 /* UsersData.swift */; };
		0D5750362806BED600DD2679 /* MVPCommentsList.storyboard in Resources */ = {isa = PBXBuildFile; fileRef = 0D5750352806BED600DD2679 /* MVPCommentsList.storyboard */; };
		0D5750382806C09100DD2679 /* MVPPresenter.swift in Sources */ = {isa = PBXBuildFile; fileRef = 0D5750372806C09100DD2679 /* MVPPresenter.swift */; };
		0D57503A2806C39C00DD2679 /* MVPCommentsVC.swift in Sources */ = {isa = PBXBuildFile; fileRef = 0D5750392806C39C00DD2679 /* MVPCommentsVC.swift */; };
		0D57503C2806C45900DD2679 /* MVPCeommentCell.swift in Sources */ = {isa = PBXBuildFile; fileRef = 0D57503B2806C45900DD2679 /* MVPCeommentCell.swift */; };
		0D57503F28070BAB00DD2679 /* APIClient.swift in Sources */ = {isa = PBXBuildFile; fileRef = 0D57503E28070BAB00DD2679 /* APIClient.swift */; };
		0D582BDC27D1D51700AB8497 /* ViewControllerForTabBar.swift in Sources */ = {isa = PBXBuildFile; fileRef = 0D582BDB27D1D51700AB8497 /* ViewControllerForTabBar.swift */; };
		0D582BE027D1D61C00AB8497 /* ViewControllerMapView.swift in Sources */ = {isa = PBXBuildFile; fileRef = 0D582BDF27D1D61C00AB8497 /* ViewControllerMapView.swift */; };
		0D582BE227D1E01F00AB8497 /* TabBarApp.storyboard in Resources */ = {isa = PBXBuildFile; fileRef = 0D582BE127D1E01F00AB8497 /* TabBarApp.storyboard */; };
		0D582BE527D1EADC00AB8497 /* MapKit.framework in Frameworks */ = {isa = PBXBuildFile; fileRef = 0D582BE427D1EADC00AB8497 /* MapKit.framework */; };
		0D582BE727D1ED4C00AB8497 /* PinAnnotation.swift in Sources */ = {isa = PBXBuildFile; fileRef = 0D582BE627D1ED4C00AB8497 /* PinAnnotation.swift */; };
		0D8739B527D5F92D0046218A /* ViewControllerCollectionView.swift in Sources */ = {isa = PBXBuildFile; fileRef = 0D8739B427D5F92D0046218A /* ViewControllerCollectionView.swift */; };
		0D8739B727D5F9CB0046218A /* CellStackViewAxisChanger.swift in Sources */ = {isa = PBXBuildFile; fileRef = 0D8739B627D5F9CB0046218A /* CellStackViewAxisChanger.swift */; };
		0D8739B927D5FA060046218A /* CellIncrementorDecrementor.swift in Sources */ = {isa = PBXBuildFile; fileRef = 0D8739B827D5FA060046218A /* CellIncrementorDecrementor.swift */; };
		0D8739BD27D613090046218A /* TableViewControllerForSearchBar.swift in Sources */ = {isa = PBXBuildFile; fileRef = 0D8739BC27D613090046218A /* TableViewControllerForSearchBar.swift */; };
		0D88EE3927C6279F005B66BA /* ViewController1.swift in Sources */ = {isa = PBXBuildFile; fileRef = 0D88EE3827C6279F005B66BA /* ViewController1.swift */; };
		0D88EE3B27C62F9E005B66BA /* ViewControllerSignUp.swift in Sources */ = {isa = PBXBuildFile; fileRef = 0D88EE3A27C62F9E005B66BA /* ViewControllerSignUp.swift */; };
		0D88EE3D27C65350005B66BA /* HuggingPriorityContentCompression.storyboard in Resources */ = {isa = PBXBuildFile; fileRef = 0D88EE3C27C65350005B66BA /* HuggingPriorityContentCompression.storyboard */; };
		0D88EE3F27C65B76005B66BA /* Sizeclass.storyboard in Resources */ = {isa = PBXBuildFile; fileRef = 0D88EE3E27C65B76005B66BA /* Sizeclass.storyboard */; };
		0D98F5002807F1B0006F724F /* MVVMUsingCoordinator.storyboard in Resources */ = {isa = PBXBuildFile; fileRef = 0D98F4FF2807F1B0006F724F /* MVVMUsingCoordinator.storyboard */; };
		0D98F51228080005006F724F /* MVVMLoginViewController.swift in Sources */ = {isa = PBXBuildFile; fileRef = 0D98F51128080005006F724F /* MVVMLoginViewController.swift */; };
		0D98F5152808009A006F724F /* MVVMUser.swift in Sources */ = {isa = PBXBuildFile; fileRef = 0D98F5142808009A006F724F /* MVVMUser.swift */; };
		0D98F51728080102006F724F /* LoginViewModel.swift in Sources */ = {isa = PBXBuildFile; fileRef = 0D98F51628080102006F724F /* LoginViewModel.swift */; };
		0DBFD98D27DB0A040011FC1A /* MainViewController.swift in Sources */ = {isa = PBXBuildFile; fileRef = 0DBFD98C27DB0A040011FC1A /* MainViewController.swift */; };
		0DBFD98F27DB0A6A0011FC1A /* TableViewCellData.swift in Sources */ = {isa = PBXBuildFile; fileRef = 0DBFD98E27DB0A6A0011FC1A /* TableViewCellData.swift */; };
		0DBFD99127DB10030011FC1A /* TableViewTopicCell.swift in Sources */ = {isa = PBXBuildFile; fileRef = 0DBFD99027DB10030011FC1A /* TableViewTopicCell.swift */; };
		0DC2721027CCA5FD001A2C5B /* LoginSignupPractical1.storyboard in Resources */ = {isa = PBXBuildFile; fileRef = 0DC2720F27CCA5FD001A2C5B /* LoginSignupPractical1.storyboard */; };
		0DC2721227CCC6B4001A2C5B /* PageViewController.swift in Sources */ = {isa = PBXBuildFile; fileRef = 0DC2721127CCC6B4001A2C5B /* PageViewController.swift */; };
		0DC7624E280829C1009813EE /* MVVMshowCommentsViewController.swift in Sources */ = {isa = PBXBuildFile; fileRef = 0DC7624D280829C1009813EE /* MVVMshowCommentsViewController.swift */; };
		0DC7625028082A60009813EE /* ListCommentCell.swift in Sources */ = {isa = PBXBuildFile; fileRef = 0DC7624F28082A60009813EE /* ListCommentCell.swift */; };
		0DC7625228082E8C009813EE /* Dynamic.swift in Sources */ = {isa = PBXBuildFile; fileRef = 0DC7625128082E8C009813EE /* Dynamic.swift */; };
		0DC7625E2808405D009813EE /* AppCoordinator.swift in Sources */ = {isa = PBXBuildFile; fileRef = 0DC7625D2808405D009813EE /* AppCoordinator.swift */; };
		0DC7626028084071009813EE /* Coordinator.swift in Sources */ = {isa = PBXBuildFile; fileRef = 0DC7625F28084071009813EE /* Coordinator.swift */; };
		0DC76262280840A7009813EE /* LoginVCCoordinator.swift in Sources */ = {isa = PBXBuildFile; fileRef = 0DC76261280840A7009813EE /* LoginVCCoordinator.swift */; };
		0DC762642808419C009813EE /* MainViewVCCoordinator.swift in Sources */ = {isa = PBXBuildFile; fileRef = 0DC762632808419C009813EE /* MainViewVCCoordinator.swift */; };
		0DC7626628084294009813EE /* CommentsVCCoordinator.swift in Sources */ = {isa = PBXBuildFile; fileRef = 0DC7626528084294009813EE /* CommentsVCCoordinator.swift */; };
		0DD4E7EB27C4C61A0024EAC4 /* AppDelegate.swift in Sources */ = {isa = PBXBuildFile; fileRef = 0DD4E7EA27C4C61A0024EAC4 /* AppDelegate.swift */; };
		0DD4E7ED27C4C61A0024EAC4 /* SceneDelegate.swift in Sources */ = {isa = PBXBuildFile; fileRef = 0DD4E7EC27C4C61A0024EAC4 /* SceneDelegate.swift */; };
		0DD4E7EF27C4C61A0024EAC4 /* ViewController.swift in Sources */ = {isa = PBXBuildFile; fileRef = 0DD4E7EE27C4C61A0024EAC4 /* ViewController.swift */; };
		0DD4E7F427C4C61D0024EAC4 /* Assets.xcassets in Resources */ = {isa = PBXBuildFile; fileRef = 0DD4E7F327C4C61D0024EAC4 /* Assets.xcassets */; };
		0DD4E7F727C4C61D0024EAC4 /* LaunchScreen.storyboard in Resources */ = {isa = PBXBuildFile; fileRef = 0DD4E7F527C4C61D0024EAC4 /* LaunchScreen.storyboard */; };
		0DD4E80227C4C61D0024EAC4 /* IOSUIPracticalsTests.swift in Sources */ = {isa = PBXBuildFile; fileRef = 0DD4E80127C4C61D0024EAC4 /* IOSUIPracticalsTests.swift */; };
		0DD4E80C27C4C61D0024EAC4 /* IOSUIPracticalsUITests.swift in Sources */ = {isa = PBXBuildFile; fileRef = 0DD4E80B27C4C61D0024EAC4 /* IOSUIPracticalsUITests.swift */; };
		0DD4E80E27C4C61D0024EAC4 /* IOSUIPracticalsUITestsLaunchTests.swift in Sources */ = {isa = PBXBuildFile; fileRef = 0DD4E80D27C4C61D0024EAC4 /* IOSUIPracticalsUITestsLaunchTests.swift */; };
		0DD4E81B27C52BED0024EAC4 /* Main.storyboard in Resources */ = {isa = PBXBuildFile; fileRef = 0DD4E81A27C52BED0024EAC4 /* Main.storyboard */; };
		0DE8FB1427D86C6800003E4C /* LifecycleDemo.storyboard in Resources */ = {isa = PBXBuildFile; fileRef = 0DE8FB1327D86C6800003E4C /* LifecycleDemo.storyboard */; };
		0DE8FB1627D86D5B00003E4C /* ViewControllerTabOne.swift in Sources */ = {isa = PBXBuildFile; fileRef = 0DE8FB1527D86D5B00003E4C /* ViewControllerTabOne.swift */; };
		0DE8FB1827D86D6C00003E4C /* ViewControllerTabTwo.swift in Sources */ = {isa = PBXBuildFile; fileRef = 0DE8FB1727D86D6C00003E4C /* ViewControllerTabTwo.swift */; };
		0DFF83A427CE39C000DEA55B /* ViewControllerForSignup.swift in Sources */ = {isa = PBXBuildFile; fileRef = 0DFF83A327CE39C000DEA55B /* ViewControllerForSignup.swift */; };
/* End PBXBuildFile section */

/* Begin PBXContainerItemProxy section */
		0DD4E7FE27C4C61D0024EAC4 /* PBXContainerItemProxy */ = {
			isa = PBXContainerItemProxy;
			containerPortal = 0DD4E7DF27C4C61A0024EAC4 /* Project object */;
			proxyType = 1;
			remoteGlobalIDString = 0DD4E7E627C4C61A0024EAC4;
			remoteInfo = IOSUIPracticals;
		};
		0DD4E80827C4C61D0024EAC4 /* PBXContainerItemProxy */ = {
			isa = PBXContainerItemProxy;
			containerPortal = 0DD4E7DF27C4C61A0024EAC4 /* Project object */;
			proxyType = 1;
			remoteGlobalIDString = 0DD4E7E627C4C61A0024EAC4;
			remoteInfo = IOSUIPracticals;
		};
/* End PBXContainerItemProxy section */

/* Begin PBXFileReference section */
		0D023C6027D7659100191426 /* DatePicker.storyboard */ = {isa = PBXFileReference; lastKnownFileType = file.storyboard; path = DatePicker.storyboard; sourceTree = "<group>"; };
		0D023C6227D765BA00191426 /* DatePickerViewController.swift */ = {isa = PBXFileReference; lastKnownFileType = sourcecode.swift; path = DatePickerViewController.swift; sourceTree = "<group>"; };
		0D04FB3427C7555D00F9C31D /* ViewControllerSizeClass.swift */ = {isa = PBXFileReference; lastKnownFileType = sourcecode.swift; path = ViewControllerSizeClass.swift; sourceTree = "<group>"; };
		0D04FB3627C7A31000F9C31D /* SizeClass2.storyboard */ = {isa = PBXFileReference; lastKnownFileType = file.storyboard; path = SizeClass2.storyboard; sourceTree = "<group>"; };
		0D06786027D9B5CB00B20B27 /* SegCtlrToSwitchView.storyboard */ = {isa = PBXFileReference; lastKnownFileType = file.storyboard; path = SegCtlrToSwitchView.storyboard; sourceTree = "<group>"; };
		0D06786227D9B6D700B20B27 /* SegmentControllerToSwitchViewVC.swift */ = {isa = PBXFileReference; lastKnownFileType = sourcecode.swift; path = SegmentControllerToSwitchViewVC.swift; sourceTree = "<group>"; };
		0D07C53227D07BB900F31E5C /* ScrollView.storyboard */ = {isa = PBXFileReference; lastKnownFileType = file.storyboard; path = ScrollView.storyboard; sourceTree = "<group>"; };
		0D07C53427D09CD700F31E5C /* TableViewWIthCustomCell.storyboard */ = {isa = PBXFileReference; lastKnownFileType = file.storyboard; path = TableViewWIthCustomCell.storyboard; sourceTree = "<group>"; };
		0D07C53627D09D1200F31E5C /* TableViewCell.swift */ = {isa = PBXFileReference; lastKnownFileType = sourcecode.swift; path = TableViewCell.swift; sourceTree = "<group>"; };
		0D07C53727D09D1200F31E5C /* TableViewCell.xib */ = {isa = PBXFileReference; lastKnownFileType = file.xib; path = TableViewCell.xib; sourceTree = "<group>"; };
		0D07C53A27D0A01900F31E5C /* ViewControllerTableViewCustomCell.swift */ = {isa = PBXFileReference; lastKnownFileType = sourcecode.swift; path = ViewControllerTableViewCustomCell.swift; sourceTree = "<group>"; };
		0D181F9D2805A2AD00A969DF /* MVCCommentsList.storyboard */ = {isa = PBXFileReference; lastKnownFileType = file.storyboard; path = MVCCommentsList.storyboard; sourceTree = "<group>"; };
		0D181F9F2805A31500A969DF /* MVCCommentsVC.swift */ = {isa = PBXFileReference; lastKnownFileType = sourcecode.swift; path = MVCCommentsVC.swift; sourceTree = "<group>"; };
		0D181FA12805A34400A969DF /* MVCCeommentCell.swift */ = {isa = PBXFileReference; lastKnownFileType = sourcecode.swift; path = MVCCeommentCell.swift; sourceTree = "<group>"; };
		0D2681AC27DB4125002E6EA6 /* demo.html */ = {isa = PBXFileReference; fileEncoding = 4; lastKnownFileType = text.html; name = demo.html; path = ../../../demo.html; sourceTree = "<group>"; };
		0D3D8A3E28093977003A4527 /* VIPERCommentsList.storyboard */ = {isa = PBXFileReference; lastKnownFileType = file.storyboard; path = VIPERCommentsList.storyboard; sourceTree = "<group>"; };
		0D3D8A40280939E4003A4527 /* VIPERView.swift */ = {isa = PBXFileReference; lastKnownFileType = sourcecode.swift; path = VIPERView.swift; sourceTree = "<group>"; };
		0D3D8A4228093C00003A4527 /* Router.swift */ = {isa = PBXFileReference; lastKnownFileType = sourcecode.swift; path = Router.swift; sourceTree = "<group>"; };
		0D3D8A4428093C66003A4527 /* Entity.swift */ = {isa = PBXFileReference; lastKnownFileType = sourcecode.swift; path = Entity.swift; sourceTree = "<group>"; };
		0D3D8A4628093CA3003A4527 /* Presenter.swift */ = {isa = PBXFileReference; lastKnownFileType = sourcecode.swift; path = Presenter.swift; sourceTree = "<group>"; };
		0D3D8A4828093D27003A4527 /* Interactor.swift */ = {isa = PBXFileReference; lastKnownFileType = sourcecode.swift; path = Interactor.swift; sourceTree = "<group>"; };
		0D3D8A4A28094A7C003A4527 /* VIPERCommentCell.swift */ = {isa = PBXFileReference; lastKnownFileType = sourcecode.swift; path = VIPERCommentCell.swift; sourceTree = "<group>"; };
		0D4D787B27D9E924007B0100 /* TableCell.swift */ = {isa = PBXFileReference; lastKnownFileType = sourcecode.swift; path = TableCell.swift; sourceTree = "<group>"; };
		0D4D787D27D9EE8A007B0100 /* CollectionViewCelll.swift */ = {isa = PBXFileReference; lastKnownFileType = sourcecode.swift; path = CollectionViewCelll.swift; sourceTree = "<group>"; };
		0D4D787F27DA0ED2007B0100 /* WKWebkitDemo.storyboard */ = {isa = PBXFileReference; lastKnownFileType = file.storyboard; path = WKWebkitDemo.storyboard; sourceTree = "<group>"; };
		0D4D788327DA118A007B0100 /* WKWebViewViewController.swift */ = {isa = PBXFileReference; lastKnownFileType = sourcecode.swift; path = WKWebViewViewController.swift; sourceTree = "<group>"; };
		0D57502D28068FB000DD2679 /* UsersData.swift */ = {isa = PBXFileReference; lastKnownFileType = sourcecode.swift; path = UsersData.swift; sourceTree = "<group>"; };
		0D5750352806BED600DD2679 /* MVPCommentsList.storyboard */ = {isa = PBXFileReference; lastKnownFileType = file.storyboard; path = MVPCommentsList.storyboard; sourceTree = "<group>"; };
		0D5750372806C09100DD2679 /* MVPPresenter.swift */ = {isa = PBXFileReference; lastKnownFileType = sourcecode.swift; path = MVPPresenter.swift; sourceTree = "<group>"; };
		0D5750392806C39C00DD2679 /* MVPCommentsVC.swift */ = {isa = PBXFileReference; lastKnownFileType = sourcecode.swift; path = MVPCommentsVC.swift; sourceTree = "<group>"; };
		0D57503B2806C45900DD2679 /* MVPCeommentCell.swift */ = {isa = PBXFileReference; lastKnownFileType = sourcecode.swift; path = MVPCeommentCell.swift; sourceTree = "<group>"; };
		0D57503E28070BAB00DD2679 /* APIClient.swift */ = {isa = PBXFileReference; lastKnownFileType = sourcecode.swift; path = APIClient.swift; sourceTree = "<group>"; };
		0D582BDB27D1D51700AB8497 /* ViewControllerForTabBar.swift */ = {isa = PBXFileReference; lastKnownFileType = sourcecode.swift; path = ViewControllerForTabBar.swift; sourceTree = "<group>"; };
		0D582BDF27D1D61C00AB8497 /* ViewControllerMapView.swift */ = {isa = PBXFileReference; lastKnownFileType = sourcecode.swift; path = ViewControllerMapView.swift; sourceTree = "<group>"; };
		0D582BE127D1E01F00AB8497 /* TabBarApp.storyboard */ = {isa = PBXFileReference; lastKnownFileType = file.storyboard; path = TabBarApp.storyboard; sourceTree = "<group>"; };
		0D582BE427D1EADC00AB8497 /* MapKit.framework */ = {isa = PBXFileReference; lastKnownFileType = wrapper.framework; name = MapKit.framework; path = System/Library/Frameworks/MapKit.framework; sourceTree = SDKROOT; };
		0D582BE627D1ED4C00AB8497 /* PinAnnotation.swift */ = {isa = PBXFileReference; lastKnownFileType = sourcecode.swift; path = PinAnnotation.swift; sourceTree = "<group>"; };
		0D8739B427D5F92D0046218A /* ViewControllerCollectionView.swift */ = {isa = PBXFileReference; lastKnownFileType = sourcecode.swift; path = ViewControllerCollectionView.swift; sourceTree = "<group>"; };
		0D8739B627D5F9CB0046218A /* CellStackViewAxisChanger.swift */ = {isa = PBXFileReference; lastKnownFileType = sourcecode.swift; path = CellStackViewAxisChanger.swift; sourceTree = "<group>"; };
		0D8739B827D5FA060046218A /* CellIncrementorDecrementor.swift */ = {isa = PBXFileReference; lastKnownFileType = sourcecode.swift; path = CellIncrementorDecrementor.swift; sourceTree = "<group>"; };
		0D8739BC27D613090046218A /* TableViewControllerForSearchBar.swift */ = {isa = PBXFileReference; lastKnownFileType = sourcecode.swift; path = TableViewControllerForSearchBar.swift; sourceTree = "<group>"; };
		0D88EE3827C6279F005B66BA /* ViewController1.swift */ = {isa = PBXFileReference; lastKnownFileType = sourcecode.swift; path = ViewController1.swift; sourceTree = "<group>"; };
		0D88EE3A27C62F9E005B66BA /* ViewControllerSignUp.swift */ = {isa = PBXFileReference; lastKnownFileType = sourcecode.swift; path = ViewControllerSignUp.swift; sourceTree = "<group>"; };
		0D88EE3C27C65350005B66BA /* HuggingPriorityContentCompression.storyboard */ = {isa = PBXFileReference; lastKnownFileType = file.storyboard; path = HuggingPriorityContentCompression.storyboard; sourceTree = "<group>"; };
		0D88EE3E27C65B76005B66BA /* Sizeclass.storyboard */ = {isa = PBXFileReference; lastKnownFileType = file.storyboard; path = Sizeclass.storyboard; sourceTree = "<group>"; };
		0D98F4FF2807F1B0006F724F /* MVVMUsingCoordinator.storyboard */ = {isa = PBXFileReference; lastKnownFileType = file.storyboard; path = MVVMUsingCoordinator.storyboard; sourceTree = "<group>"; };
		0D98F51128080005006F724F /* MVVMLoginViewController.swift */ = {isa = PBXFileReference; lastKnownFileType = sourcecode.swift; path = MVVMLoginViewController.swift; sourceTree = "<group>"; };
		0D98F5142808009A006F724F /* MVVMUser.swift */ = {isa = PBXFileReference; lastKnownFileType = sourcecode.swift; path = MVVMUser.swift; sourceTree = "<group>"; };
		0D98F51628080102006F724F /* LoginViewModel.swift */ = {isa = PBXFileReference; lastKnownFileType = sourcecode.swift; path = LoginViewModel.swift; sourceTree = "<group>"; };
		0DBFD98C27DB0A040011FC1A /* MainViewController.swift */ = {isa = PBXFileReference; lastKnownFileType = sourcecode.swift; path = MainViewController.swift; sourceTree = "<group>"; };
		0DBFD98E27DB0A6A0011FC1A /* TableViewCellData.swift */ = {isa = PBXFileReference; lastKnownFileType = sourcecode.swift; path = TableViewCellData.swift; sourceTree = "<group>"; };
		0DBFD99027DB10030011FC1A /* TableViewTopicCell.swift */ = {isa = PBXFileReference; lastKnownFileType = sourcecode.swift; path = TableViewTopicCell.swift; sourceTree = "<group>"; };
		0DC2720F27CCA5FD001A2C5B /* LoginSignupPractical1.storyboard */ = {isa = PBXFileReference; lastKnownFileType = file.storyboard; path = LoginSignupPractical1.storyboard; sourceTree = "<group>"; };
		0DC2721127CCC6B4001A2C5B /* PageViewController.swift */ = {isa = PBXFileReference; lastKnownFileType = sourcecode.swift; path = PageViewController.swift; sourceTree = "<group>"; };
		0DC7624D280829C1009813EE /* MVVMshowCommentsViewController.swift */ = {isa = PBXFileReference; lastKnownFileType = sourcecode.swift; path = MVVMshowCommentsViewController.swift; sourceTree = "<group>"; };
		0DC7624F28082A60009813EE /* ListCommentCell.swift */ = {isa = PBXFileReference; lastKnownFileType = sourcecode.swift; path = ListCommentCell.swift; sourceTree = "<group>"; };
		0DC7625128082E8C009813EE /* Dynamic.swift */ = {isa = PBXFileReference; lastKnownFileType = sourcecode.swift; path = Dynamic.swift; sourceTree = "<group>"; };
		0DC7625D2808405D009813EE /* AppCoordinator.swift */ = {isa = PBXFileReference; lastKnownFileType = sourcecode.swift; path = AppCoordinator.swift; sourceTree = "<group>"; };
		0DC7625F28084071009813EE /* Coordinator.swift */ = {isa = PBXFileReference; lastKnownFileType = sourcecode.swift; path = Coordinator.swift; sourceTree = "<group>"; };
		0DC76261280840A7009813EE /* LoginVCCoordinator.swift */ = {isa = PBXFileReference; lastKnownFileType = sourcecode.swift; path = LoginVCCoordinator.swift; sourceTree = "<group>"; };
		0DC762632808419C009813EE /* MainViewVCCoordinator.swift */ = {isa = PBXFileReference; lastKnownFileType = sourcecode.swift; path = MainViewVCCoordinator.swift; sourceTree = "<group>"; };
		0DC7626528084294009813EE /* CommentsVCCoordinator.swift */ = {isa = PBXFileReference; lastKnownFileType = sourcecode.swift; path = CommentsVCCoordinator.swift; sourceTree = "<group>"; };
		0DD4E7E727C4C61A0024EAC4 /* IOSUIPracticals.app */ = {isa = PBXFileReference; explicitFileType = wrapper.application; includeInIndex = 0; path = IOSUIPracticals.app; sourceTree = BUILT_PRODUCTS_DIR; };
		0DD4E7EA27C4C61A0024EAC4 /* AppDelegate.swift */ = {isa = PBXFileReference; lastKnownFileType = sourcecode.swift; path = AppDelegate.swift; sourceTree = "<group>"; };
		0DD4E7EC27C4C61A0024EAC4 /* SceneDelegate.swift */ = {isa = PBXFileReference; lastKnownFileType = sourcecode.swift; path = SceneDelegate.swift; sourceTree = "<group>"; };
		0DD4E7EE27C4C61A0024EAC4 /* ViewController.swift */ = {isa = PBXFileReference; lastKnownFileType = sourcecode.swift; path = ViewController.swift; sourceTree = "<group>"; };
		0DD4E7F327C4C61D0024EAC4 /* Assets.xcassets */ = {isa = PBXFileReference; lastKnownFileType = folder.assetcatalog; path = Assets.xcassets; sourceTree = "<group>"; };
		0DD4E7F627C4C61D0024EAC4 /* Base */ = {isa = PBXFileReference; lastKnownFileType = file.storyboard; name = Base; path = Base.lproj/LaunchScreen.storyboard; sourceTree = "<group>"; };
		0DD4E7F827C4C61D0024EAC4 /* Info.plist */ = {isa = PBXFileReference; lastKnownFileType = text.plist.xml; path = Info.plist; sourceTree = "<group>"; };
		0DD4E7FD27C4C61D0024EAC4 /* IOSUIPracticalsTests.xctest */ = {isa = PBXFileReference; explicitFileType = wrapper.cfbundle; includeInIndex = 0; path = IOSUIPracticalsTests.xctest; sourceTree = BUILT_PRODUCTS_DIR; };
		0DD4E80127C4C61D0024EAC4 /* IOSUIPracticalsTests.swift */ = {isa = PBXFileReference; lastKnownFileType = sourcecode.swift; path = IOSUIPracticalsTests.swift; sourceTree = "<group>"; };
		0DD4E80727C4C61D0024EAC4 /* IOSUIPracticalsUITests.xctest */ = {isa = PBXFileReference; explicitFileType = wrapper.cfbundle; includeInIndex = 0; path = IOSUIPracticalsUITests.xctest; sourceTree = BUILT_PRODUCTS_DIR; };
		0DD4E80B27C4C61D0024EAC4 /* IOSUIPracticalsUITests.swift */ = {isa = PBXFileReference; lastKnownFileType = sourcecode.swift; path = IOSUIPracticalsUITests.swift; sourceTree = "<group>"; };
		0DD4E80D27C4C61D0024EAC4 /* IOSUIPracticalsUITestsLaunchTests.swift */ = {isa = PBXFileReference; lastKnownFileType = sourcecode.swift; path = IOSUIPracticalsUITestsLaunchTests.swift; sourceTree = "<group>"; };
		0DD4E81A27C52BED0024EAC4 /* Main.storyboard */ = {isa = PBXFileReference; lastKnownFileType = file.storyboard; path = Main.storyboard; sourceTree = "<group>"; };
		0DE8FB1327D86C6800003E4C /* LifecycleDemo.storyboard */ = {isa = PBXFileReference; lastKnownFileType = file.storyboard; path = LifecycleDemo.storyboard; sourceTree = "<group>"; };
		0DE8FB1527D86D5B00003E4C /* ViewControllerTabOne.swift */ = {isa = PBXFileReference; lastKnownFileType = sourcecode.swift; path = ViewControllerTabOne.swift; sourceTree = "<group>"; };
		0DE8FB1727D86D6C00003E4C /* ViewControllerTabTwo.swift */ = {isa = PBXFileReference; lastKnownFileType = sourcecode.swift; path = ViewControllerTabTwo.swift; sourceTree = "<group>"; };
		0DFF83A327CE39C000DEA55B /* ViewControllerForSignup.swift */ = {isa = PBXFileReference; lastKnownFileType = sourcecode.swift; path = ViewControllerForSignup.swift; sourceTree = "<group>"; };
/* End PBXFileReference section */

/* Begin PBXFrameworksBuildPhase section */
		0DD4E7E427C4C61A0024EAC4 /* Frameworks */ = {
			isa = PBXFrameworksBuildPhase;
			buildActionMask = 2147483647;
			files = (
				0D582BE527D1EADC00AB8497 /* MapKit.framework in Frameworks */,
			);
			runOnlyForDeploymentPostprocessing = 0;
		};
		0DD4E7FA27C4C61D0024EAC4 /* Frameworks */ = {
			isa = PBXFrameworksBuildPhase;
			buildActionMask = 2147483647;
			files = (
			);
			runOnlyForDeploymentPostprocessing = 0;
		};
		0DD4E80427C4C61D0024EAC4 /* Frameworks */ = {
			isa = PBXFrameworksBuildPhase;
			buildActionMask = 2147483647;
			files = (
			);
			runOnlyForDeploymentPostprocessing = 0;
		};
/* End PBXFrameworksBuildPhase section */

/* Begin PBXGroup section */
		0D06785F27D9B49900B20B27 /* SegCtrlToSwitchView */ = {
			isa = PBXGroup;
			children = (
				0D06786027D9B5CB00B20B27 /* SegCtlrToSwitchView.storyboard */,
				0D06786227D9B6D700B20B27 /* SegmentControllerToSwitchViewVC.swift */,
				0D4D787B27D9E924007B0100 /* TableCell.swift */,
				0D4D787D27D9EE8A007B0100 /* CollectionViewCelll.swift */,
			);
			path = SegCtrlToSwitchView;
			sourceTree = "<group>";
		};
		0D181F9728059A2800A969DF /* IOSArchitetcture */ = {
			isa = PBXGroup;
			children = (
				0D3D8A3D28092EDD003A4527 /* VIPER */,
				0D181F9C2805A1DC00A969DF /* Storyboard */,
				0D181F992805A19C00A969DF /* Model */,
				0D57503D2806F79100DD2679 /* MVVM */,
				0D5750312806BC4100DD2679 /* MVP */,
				0D181F9828059A4500A969DF /* MVC */,
			);
			path = IOSArchitetcture;
			sourceTree = "<group>";
		};
		0D181F9828059A4500A969DF /* MVC */ = {
			isa = PBXGroup;
			children = (
				0D181F9B2805A1D500A969DF /* View */,
				0D181F9A2805A1B000A969DF /* Controller */,
			);
			path = MVC;
			sourceTree = "<group>";
		};
		0D181F992805A19C00A969DF /* Model */ = {
			isa = PBXGroup;
			children = (
				0D57502D28068FB000DD2679 /* UsersData.swift */,
				0D57503E28070BAB00DD2679 /* APIClient.swift */,
			);
			path = Model;
			sourceTree = "<group>";
		};
		0D181F9A2805A1B000A969DF /* Controller */ = {
			isa = PBXGroup;
			children = (
				0D181F9F2805A31500A969DF /* MVCCommentsVC.swift */,
			);
			path = Controller;
			sourceTree = "<group>";
		};
		0D181F9B2805A1D500A969DF /* View */ = {
			isa = PBXGroup;
			children = (
				0D181FA12805A34400A969DF /* MVCCeommentCell.swift */,
			);
			path = View;
			sourceTree = "<group>";
		};
		0D181F9C2805A1DC00A969DF /* Storyboard */ = {
			isa = PBXGroup;
			children = (
				0D181F9D2805A2AD00A969DF /* MVCCommentsList.storyboard */,
				0D5750352806BED600DD2679 /* MVPCommentsList.storyboard */,
				0D98F4FF2807F1B0006F724F /* MVVMUsingCoordinator.storyboard */,
				0D3D8A3E28093977003A4527 /* VIPERCommentsList.storyboard */,
			);
			path = Storyboard;
			sourceTree = "<group>";
		};
		0D3D8A3D28092EDD003A4527 /* VIPER */ = {
			isa = PBXGroup;
			children = (
				0D3D8A40280939E4003A4527 /* VIPERView.swift */,
				0D3D8A4228093C00003A4527 /* Router.swift */,
				0D3D8A4428093C66003A4527 /* Entity.swift */,
				0D3D8A4628093CA3003A4527 /* Presenter.swift */,
				0D3D8A4828093D27003A4527 /* Interactor.swift */,
				0D3D8A4A28094A7C003A4527 /* VIPERCommentCell.swift */,
			);
			path = VIPER;
			sourceTree = "<group>";
		};
		0D5750312806BC4100DD2679 /* MVP */ = {
			isa = PBXGroup;
			children = (
				0D5750332806BD9600DD2679 /* View */,
				0D5750322806BD8000DD2679 /* Presenter */,
			);
			path = MVP;
			sourceTree = "<group>";
		};
		0D5750322806BD8000DD2679 /* Presenter */ = {
			isa = PBXGroup;
			children = (
				0D5750372806C09100DD2679 /* MVPPresenter.swift */,
			);
			path = Presenter;
			sourceTree = "<group>";
		};
		0D5750332806BD9600DD2679 /* View */ = {
			isa = PBXGroup;
			children = (
				0D5750392806C39C00DD2679 /* MVPCommentsVC.swift */,
				0D57503B2806C45900DD2679 /* MVPCeommentCell.swift */,
			);
			path = View;
			sourceTree = "<group>";
		};
		0D57503D2806F79100DD2679 /* MVVM */ = {
			isa = PBXGroup;
			children = (
				0D98F51328080076006F724F /* Model */,
				0D98F50E2807FC32006F724F /* ViewModel */,
				0D98F5092807F8B5006F724F /* View */,
				0DC7625128082E8C009813EE /* Dynamic.swift */,
			);
			path = MVVM;
			sourceTree = "<group>";
		};
		0D582BE327D1EADC00AB8497 /* Frameworks */ = {
			isa = PBXGroup;
			children = (
				0D582BE427D1EADC00AB8497 /* MapKit.framework */,
			);
			name = Frameworks;
			sourceTree = "<group>";
		};
		0D98F5092807F8B5006F724F /* View */ = {
			isa = PBXGroup;
			children = (
				0D98F51128080005006F724F /* MVVMLoginViewController.swift */,
				0DC7624D280829C1009813EE /* MVVMshowCommentsViewController.swift */,
				0DC7624F28082A60009813EE /* ListCommentCell.swift */,
			);
			path = View;
			sourceTree = "<group>";
		};
		0D98F50E2807FC32006F724F /* ViewModel */ = {
			isa = PBXGroup;
			children = (
				0D98F51628080102006F724F /* LoginViewModel.swift */,
			);
			path = ViewModel;
			sourceTree = "<group>";
		};
		0D98F51328080076006F724F /* Model */ = {
			isa = PBXGroup;
			children = (
				0D98F5142808009A006F724F /* MVVMUser.swift */,
			);
			path = Model;
			sourceTree = "<group>";
		};
		0DC7625C2808404D009813EE /* Coordinator */ = {
			isa = PBXGroup;
			children = (
				0DC7625D2808405D009813EE /* AppCoordinator.swift */,
				0DC7625F28084071009813EE /* Coordinator.swift */,
				0DC762632808419C009813EE /* MainViewVCCoordinator.swift */,
				0DC76261280840A7009813EE /* LoginVCCoordinator.swift */,
				0DC7626528084294009813EE /* CommentsVCCoordinator.swift */,
			);
			path = Coordinator;
			sourceTree = "<group>";
		};
		0DD4E7DE27C4C61A0024EAC4 = {
			isa = PBXGroup;
			children = (
				0DD4E7E927C4C61A0024EAC4 /* IOSUIPracticals */,
				0DD4E80027C4C61D0024EAC4 /* IOSUIPracticalsTests */,
				0DD4E80A27C4C61D0024EAC4 /* IOSUIPracticalsUITests */,
				0DD4E7E827C4C61A0024EAC4 /* Products */,
				0D582BE327D1EADC00AB8497 /* Frameworks */,
			);
			sourceTree = "<group>";
		};
		0DD4E7E827C4C61A0024EAC4 /* Products */ = {
			isa = PBXGroup;
			children = (
				0DD4E7E727C4C61A0024EAC4 /* IOSUIPracticals.app */,
				0DD4E7FD27C4C61D0024EAC4 /* IOSUIPracticalsTests.xctest */,
				0DD4E80727C4C61D0024EAC4 /* IOSUIPracticalsUITests.xctest */,
			);
			name = Products;
			sourceTree = "<group>";
		};
		0DD4E7E927C4C61A0024EAC4 /* IOSUIPracticals */ = {
			isa = PBXGroup;
			children = (
				0DC7625C2808404D009813EE /* Coordinator */,
				0D181F9728059A2800A969DF /* IOSArchitetcture */,
				0D06785F27D9B49900B20B27 /* SegCtrlToSwitchView */,
				0DD4E7EA27C4C61A0024EAC4 /* AppDelegate.swift */,
				0DD4E7EC27C4C61A0024EAC4 /* SceneDelegate.swift */,
				0DD4E7EE27C4C61A0024EAC4 /* ViewController.swift */,
				0DD4E7F327C4C61D0024EAC4 /* Assets.xcassets */,
				0DD4E7F527C4C61D0024EAC4 /* LaunchScreen.storyboard */,
				0DD4E7F827C4C61D0024EAC4 /* Info.plist */,
				0DD4E81A27C52BED0024EAC4 /* Main.storyboard */,
				0D88EE3827C6279F005B66BA /* ViewController1.swift */,
				0D88EE3A27C62F9E005B66BA /* ViewControllerSignUp.swift */,
				0D88EE3C27C65350005B66BA /* HuggingPriorityContentCompression.storyboard */,
				0D88EE3E27C65B76005B66BA /* Sizeclass.storyboard */,
				0D04FB3427C7555D00F9C31D /* ViewControllerSizeClass.swift */,
				0D04FB3627C7A31000F9C31D /* SizeClass2.storyboard */,
				0DC2720F27CCA5FD001A2C5B /* LoginSignupPractical1.storyboard */,
				0DC2721127CCC6B4001A2C5B /* PageViewController.swift */,
				0DFF83A327CE39C000DEA55B /* ViewControllerForSignup.swift */,
				0D07C53227D07BB900F31E5C /* ScrollView.storyboard */,
				0D07C53427D09CD700F31E5C /* TableViewWIthCustomCell.storyboard */,
				0D07C53627D09D1200F31E5C /* TableViewCell.swift */,
				0D07C53727D09D1200F31E5C /* TableViewCell.xib */,
				0D07C53A27D0A01900F31E5C /* ViewControllerTableViewCustomCell.swift */,
				0D582BE127D1E01F00AB8497 /* TabBarApp.storyboard */,
				0D582BDB27D1D51700AB8497 /* ViewControllerForTabBar.swift */,
				0D582BDF27D1D61C00AB8497 /* ViewControllerMapView.swift */,
				0D582BE627D1ED4C00AB8497 /* PinAnnotation.swift */,
				0D8739B427D5F92D0046218A /* ViewControllerCollectionView.swift */,
				0D8739B627D5F9CB0046218A /* CellStackViewAxisChanger.swift */,
				0D8739B827D5FA060046218A /* CellIncrementorDecrementor.swift */,
				0D8739BC27D613090046218A /* TableViewControllerForSearchBar.swift */,
				0D023C6027D7659100191426 /* DatePicker.storyboard */,
				0D023C6227D765BA00191426 /* DatePickerViewController.swift */,
				0DE8FB1327D86C6800003E4C /* LifecycleDemo.storyboard */,
				0DE8FB1527D86D5B00003E4C /* ViewControllerTabOne.swift */,
				0DE8FB1727D86D6C00003E4C /* ViewControllerTabTwo.swift */,
				0D4D787F27DA0ED2007B0100 /* WKWebkitDemo.storyboard */,
				0D4D788327DA118A007B0100 /* WKWebViewViewController.swift */,
				0D2681AC27DB4125002E6EA6 /* demo.html */,
				0DBFD98C27DB0A040011FC1A /* MainViewController.swift */,
				0DBFD98E27DB0A6A0011FC1A /* TableViewCellData.swift */,
				0DBFD99027DB10030011FC1A /* TableViewTopicCell.swift */,
			);
			path = IOSUIPracticals;
			sourceTree = "<group>";
		};
		0DD4E80027C4C61D0024EAC4 /* IOSUIPracticalsTests */ = {
			isa = PBXGroup;
			children = (
				0DD4E80127C4C61D0024EAC4 /* IOSUIPracticalsTests.swift */,
			);
			path = IOSUIPracticalsTests;
			sourceTree = "<group>";
		};
		0DD4E80A27C4C61D0024EAC4 /* IOSUIPracticalsUITests */ = {
			isa = PBXGroup;
			children = (
				0DD4E80B27C4C61D0024EAC4 /* IOSUIPracticalsUITests.swift */,
				0DD4E80D27C4C61D0024EAC4 /* IOSUIPracticalsUITestsLaunchTests.swift */,
			);
			path = IOSUIPracticalsUITests;
			sourceTree = "<group>";
		};
/* End PBXGroup section */

/* Begin PBXNativeTarget section */
		0DD4E7E627C4C61A0024EAC4 /* IOSUIPracticals */ = {
			isa = PBXNativeTarget;
			buildConfigurationList = 0DD4E81127C4C61D0024EAC4 /* Build configuration list for PBXNativeTarget "IOSUIPracticals" */;
			buildPhases = (
				0DD4E7E327C4C61A0024EAC4 /* Sources */,
				0DD4E7E427C4C61A0024EAC4 /* Frameworks */,
				0DD4E7E527C4C61A0024EAC4 /* Resources */,
			);
			buildRules = (
			);
			dependencies = (
			);
			name = IOSUIPracticals;
			productName = IOSUIPracticals;
			productReference = 0DD4E7E727C4C61A0024EAC4 /* IOSUIPracticals.app */;
			productType = "com.apple.product-type.application";
		};
		0DD4E7FC27C4C61D0024EAC4 /* IOSUIPracticalsTests */ = {
			isa = PBXNativeTarget;
			buildConfigurationList = 0DD4E81427C4C61D0024EAC4 /* Build configuration list for PBXNativeTarget "IOSUIPracticalsTests" */;
			buildPhases = (
				0DD4E7F927C4C61D0024EAC4 /* Sources */,
				0DD4E7FA27C4C61D0024EAC4 /* Frameworks */,
				0DD4E7FB27C4C61D0024EAC4 /* Resources */,
			);
			buildRules = (
			);
			dependencies = (
				0DD4E7FF27C4C61D0024EAC4 /* PBXTargetDependency */,
			);
			name = IOSUIPracticalsTests;
			productName = IOSUIPracticalsTests;
			productReference = 0DD4E7FD27C4C61D0024EAC4 /* IOSUIPracticalsTests.xctest */;
			productType = "com.apple.product-type.bundle.unit-test";
		};
		0DD4E80627C4C61D0024EAC4 /* IOSUIPracticalsUITests */ = {
			isa = PBXNativeTarget;
			buildConfigurationList = 0DD4E81727C4C61D0024EAC4 /* Build configuration list for PBXNativeTarget "IOSUIPracticalsUITests" */;
			buildPhases = (
				0DD4E80327C4C61D0024EAC4 /* Sources */,
				0DD4E80427C4C61D0024EAC4 /* Frameworks */,
				0DD4E80527C4C61D0024EAC4 /* Resources */,
			);
			buildRules = (
			);
			dependencies = (
				0DD4E80927C4C61D0024EAC4 /* PBXTargetDependency */,
			);
			name = IOSUIPracticalsUITests;
			productName = IOSUIPracticalsUITests;
			productReference = 0DD4E80727C4C61D0024EAC4 /* IOSUIPracticalsUITests.xctest */;
			productType = "com.apple.product-type.bundle.ui-testing";
		};
/* End PBXNativeTarget section */

/* Begin PBXProject section */
		0DD4E7DF27C4C61A0024EAC4 /* Project object */ = {
			isa = PBXProject;
			attributes = {
				BuildIndependentTargetsInParallel = 1;
				LastSwiftUpdateCheck = 1310;
				LastUpgradeCheck = 1310;
				TargetAttributes = {
					0DD4E7E627C4C61A0024EAC4 = {
						CreatedOnToolsVersion = 13.1;
					};
					0DD4E7FC27C4C61D0024EAC4 = {
						CreatedOnToolsVersion = 13.1;
						TestTargetID = 0DD4E7E627C4C61A0024EAC4;
					};
					0DD4E80627C4C61D0024EAC4 = {
						CreatedOnToolsVersion = 13.1;
						TestTargetID = 0DD4E7E627C4C61A0024EAC4;
					};
				};
			};
			buildConfigurationList = 0DD4E7E227C4C61A0024EAC4 /* Build configuration list for PBXProject "IOSUIPracticals" */;
			compatibilityVersion = "Xcode 13.0";
			developmentRegion = en;
			hasScannedForEncodings = 0;
			knownRegions = (
				en,
				Base,
			);
			mainGroup = 0DD4E7DE27C4C61A0024EAC4;
			productRefGroup = 0DD4E7E827C4C61A0024EAC4 /* Products */;
			projectDirPath = "";
			projectRoot = "";
			targets = (
				0DD4E7E627C4C61A0024EAC4 /* IOSUIPracticals */,
				0DD4E7FC27C4C61D0024EAC4 /* IOSUIPracticalsTests */,
				0DD4E80627C4C61D0024EAC4 /* IOSUIPracticalsUITests */,
			);
		};
/* End PBXProject section */

/* Begin PBXResourcesBuildPhase section */
		0DD4E7E527C4C61A0024EAC4 /* Resources */ = {
			isa = PBXResourcesBuildPhase;
			buildActionMask = 2147483647;
			files = (
				0D582BE227D1E01F00AB8497 /* TabBarApp.storyboard in Resources */,
				0D3D8A3F28093977003A4527 /* VIPERCommentsList.storyboard in Resources */,
				0D5750362806BED600DD2679 /* MVPCommentsList.storyboard in Resources */,
				0D88EE3F27C65B76005B66BA /* Sizeclass.storyboard in Resources */,
				0DD4E81B27C52BED0024EAC4 /* Main.storyboard in Resources */,
				0DD4E7F727C4C61D0024EAC4 /* LaunchScreen.storyboard in Resources */,
				0DE8FB1427D86C6800003E4C /* LifecycleDemo.storyboard in Resources */,
				0DD4E7F427C4C61D0024EAC4 /* Assets.xcassets in Resources */,
				0D88EE3D27C65350005B66BA /* HuggingPriorityContentCompression.storyboard in Resources */,
				0D04FB3727C7A31000F9C31D /* SizeClass2.storyboard in Resources */,
				0DC2721027CCA5FD001A2C5B /* LoginSignupPractical1.storyboard in Resources */,
				0D2681AD27DB4125002E6EA6 /* demo.html in Resources */,
				0D4D788027DA0ED2007B0100 /* WKWebkitDemo.storyboard in Resources */,
				0DD4E81B27C52BED0024EAC4 /* Main.storyboard in Resources */,
				0D06786127D9B5CB00B20B27 /* SegCtlrToSwitchView.storyboard in Resources */,
				0D023C6127D7659100191426 /* DatePicker.storyboard in Resources */,
				0DD4E7F727C4C61D0024EAC4 /* LaunchScreen.storyboard in Resources */,
				0DD4E7F427C4C61D0024EAC4 /* Assets.xcassets in Resources */,
				0D07C53327D07BB900F31E5C /* ScrollView.storyboard in Resources */,
				0D98F5002807F1B0006F724F /* MVVMUsingCoordinator.storyboard in Resources */,
				0D07C53927D09D1200F31E5C /* TableViewCell.xib in Resources */,
				0D181F9E2805A2AD00A969DF /* MVCCommentsList.storyboard in Resources */,
				0D07C53527D09CD700F31E5C /* TableViewWIthCustomCell.storyboard in Resources */,
			);
			runOnlyForDeploymentPostprocessing = 0;
		};
		0DD4E7FB27C4C61D0024EAC4 /* Resources */ = {
			isa = PBXResourcesBuildPhase;
			buildActionMask = 2147483647;
			files = (
			);
			runOnlyForDeploymentPostprocessing = 0;
		};
		0DD4E80527C4C61D0024EAC4 /* Resources */ = {
			isa = PBXResourcesBuildPhase;
			buildActionMask = 2147483647;
			files = (
			);
			runOnlyForDeploymentPostprocessing = 0;
		};
/* End PBXResourcesBuildPhase section */

/* Begin PBXSourcesBuildPhase section */
		0DD4E7E327C4C61A0024EAC4 /* Sources */ = {
			isa = PBXSourcesBuildPhase;
			buildActionMask = 2147483647;
			files = (
				0DBFD98F27DB0A6A0011FC1A /* TableViewCellData.swift in Sources */,
				0DC76262280840A7009813EE /* LoginVCCoordinator.swift in Sources */,
				0D57503F28070BAB00DD2679 /* APIClient.swift in Sources */,
				0DC7626028084071009813EE /* Coordinator.swift in Sources */,
				0D57503C2806C45900DD2679 /* MVPCeommentCell.swift in Sources */,
				0D07C53827D09D1200F31E5C /* TableViewCell.swift in Sources */,
				0D98F51228080005006F724F /* MVVMLoginViewController.swift in Sources */,
				0DC2721227CCC6B4001A2C5B /* PageViewController.swift in Sources */,
				0DC7625E2808405D009813EE /* AppCoordinator.swift in Sources */,
				0D57503A2806C39C00DD2679 /* MVPCommentsVC.swift in Sources */,
				0D023C6327D765BA00191426 /* DatePickerViewController.swift in Sources */,
				0D88EE3927C6279F005B66BA /* ViewController1.swift in Sources */,
				0D3D8A4928093D27003A4527 /* Interactor.swift in Sources */,
				0D181FA22805A34400A969DF /* MVCCeommentCell.swift in Sources */,
				0D06786327D9B6D700B20B27 /* SegmentControllerToSwitchViewVC.swift in Sources */,
				0D3D8A4728093CA3003A4527 /* Presenter.swift in Sources */,
				0D582BE727D1ED4C00AB8497 /* PinAnnotation.swift in Sources */,
				0D8739B527D5F92D0046218A /* ViewControllerCollectionView.swift in Sources */,
				0D88EE3B27C62F9E005B66BA /* ViewControllerSignUp.swift in Sources */,
				0DC7626628084294009813EE /* CommentsVCCoordinator.swift in Sources */,
				0D3D8A4B28094A7C003A4527 /* VIPERCommentCell.swift in Sources */,
				0D3D8A41280939E4003A4527 /* VIPERView.swift in Sources */,
				0DC762642808419C009813EE /* MainViewVCCoordinator.swift in Sources */,
				0D04FB3527C7555D00F9C31D /* ViewControllerSizeClass.swift in Sources */,
				0D98F5152808009A006F724F /* MVVMUser.swift in Sources */,
				0D8739B727D5F9CB0046218A /* CellStackViewAxisChanger.swift in Sources */,
				0D5750382806C09100DD2679 /* MVPPresenter.swift in Sources */,
				0DE8FB1827D86D6C00003E4C /* ViewControllerTabTwo.swift in Sources */,
				0D8739BD27D613090046218A /* TableViewControllerForSearchBar.swift in Sources */,
				0D582BDC27D1D51700AB8497 /* ViewControllerForTabBar.swift in Sources */,
				0DC7625228082E8C009813EE /* Dynamic.swift in Sources */,
				0DD4E7EF27C4C61A0024EAC4 /* ViewController.swift in Sources */,
				0DBFD98D27DB0A040011FC1A /* MainViewController.swift in Sources */,
				0DFF83A427CE39C000DEA55B /* ViewControllerForSignup.swift in Sources */,
				0D07C53B27D0A01900F31E5C /* ViewControllerTableViewCustomCell.swift in Sources */,
				0D4D787E27D9EE8A007B0100 /* CollectionViewCelll.swift in Sources */,
				0D98F51728080102006F724F /* LoginViewModel.swift in Sources */,
				0DD4E7EB27C4C61A0024EAC4 /* AppDelegate.swift in Sources */,
				0D4D788427DA118A007B0100 /* WKWebViewViewController.swift in Sources */,
				0DC7625028082A60009813EE /* ListCommentCell.swift in Sources */,
				0D57502E28068FB000DD2679 /* UsersData.swift in Sources */,
				0D582BE027D1D61C00AB8497 /* ViewControllerMapView.swift in Sources */,
				0D3D8A4328093C00003A4527 /* Router.swift in Sources */,
				0D4D787C27D9E924007B0100 /* TableCell.swift in Sources */,
				0DC7624E280829C1009813EE /* MVVMshowCommentsViewController.swift in Sources */,
				0D8739B927D5FA060046218A /* CellIncrementorDecrementor.swift in Sources */,
				0D3D8A4528093C66003A4527 /* Entity.swift in Sources */,
				0DBFD99127DB10030011FC1A /* TableViewTopicCell.swift in Sources */,
				0DD4E7ED27C4C61A0024EAC4 /* SceneDelegate.swift in Sources */,
				0D181FA02805A31500A969DF /* MVCCommentsVC.swift in Sources */,
				0DE8FB1627D86D5B00003E4C /* ViewControllerTabOne.swift in Sources */,
			);
			runOnlyForDeploymentPostprocessing = 0;
		};
		0DD4E7F927C4C61D0024EAC4 /* Sources */ = {
			isa = PBXSourcesBuildPhase;
			buildActionMask = 2147483647;
			files = (
				0DD4E80227C4C61D0024EAC4 /* IOSUIPracticalsTests.swift in Sources */,
			);
			runOnlyForDeploymentPostprocessing = 0;
		};
		0DD4E80327C4C61D0024EAC4 /* Sources */ = {
			isa = PBXSourcesBuildPhase;
			buildActionMask = 2147483647;
			files = (
				0DD4E80E27C4C61D0024EAC4 /* IOSUIPracticalsUITestsLaunchTests.swift in Sources */,
				0DD4E80C27C4C61D0024EAC4 /* IOSUIPracticalsUITests.swift in Sources */,
			);
			runOnlyForDeploymentPostprocessing = 0;
		};
/* End PBXSourcesBuildPhase section */

/* Begin PBXTargetDependency section */
		0DD4E7FF27C4C61D0024EAC4 /* PBXTargetDependency */ = {
			isa = PBXTargetDependency;
			target = 0DD4E7E627C4C61A0024EAC4 /* IOSUIPracticals */;
			targetProxy = 0DD4E7FE27C4C61D0024EAC4 /* PBXContainerItemProxy */;
		};
		0DD4E80927C4C61D0024EAC4 /* PBXTargetDependency */ = {
			isa = PBXTargetDependency;
			target = 0DD4E7E627C4C61A0024EAC4 /* IOSUIPracticals */;
			targetProxy = 0DD4E80827C4C61D0024EAC4 /* PBXContainerItemProxy */;
		};
/* End PBXTargetDependency section */

/* Begin PBXVariantGroup section */
		0DD4E7F527C4C61D0024EAC4 /* LaunchScreen.storyboard */ = {
			isa = PBXVariantGroup;
			children = (
				0DD4E7F627C4C61D0024EAC4 /* Base */,
			);
			name = LaunchScreen.storyboard;
			sourceTree = "<group>";
		};
/* End PBXVariantGroup section */

/* Begin XCBuildConfiguration section */
		0DD4E80F27C4C61D0024EAC4 /* Debug */ = {
			isa = XCBuildConfiguration;
			buildSettings = {
				ALWAYS_SEARCH_USER_PATHS = NO;
				CLANG_ANALYZER_NONNULL = YES;
				CLANG_ANALYZER_NUMBER_OBJECT_CONVERSION = YES_AGGRESSIVE;
				CLANG_CXX_LANGUAGE_STANDARD = "gnu++17";
				CLANG_CXX_LIBRARY = "libc++";
				CLANG_ENABLE_MODULES = YES;
				CLANG_ENABLE_OBJC_ARC = YES;
				CLANG_ENABLE_OBJC_WEAK = YES;
				CLANG_WARN_BLOCK_CAPTURE_AUTORELEASING = YES;
				CLANG_WARN_BOOL_CONVERSION = YES;
				CLANG_WARN_COMMA = YES;
				CLANG_WARN_CONSTANT_CONVERSION = YES;
				CLANG_WARN_DEPRECATED_OBJC_IMPLEMENTATIONS = YES;
				CLANG_WARN_DIRECT_OBJC_ISA_USAGE = YES_ERROR;
				CLANG_WARN_DOCUMENTATION_COMMENTS = YES;
				CLANG_WARN_EMPTY_BODY = YES;
				CLANG_WARN_ENUM_CONVERSION = YES;
				CLANG_WARN_INFINITE_RECURSION = YES;
				CLANG_WARN_INT_CONVERSION = YES;
				CLANG_WARN_NON_LITERAL_NULL_CONVERSION = YES;
				CLANG_WARN_OBJC_IMPLICIT_RETAIN_SELF = YES;
				CLANG_WARN_OBJC_LITERAL_CONVERSION = YES;
				CLANG_WARN_OBJC_ROOT_CLASS = YES_ERROR;
				CLANG_WARN_QUOTED_INCLUDE_IN_FRAMEWORK_HEADER = YES;
				CLANG_WARN_RANGE_LOOP_ANALYSIS = YES;
				CLANG_WARN_STRICT_PROTOTYPES = YES;
				CLANG_WARN_SUSPICIOUS_MOVE = YES;
				CLANG_WARN_UNGUARDED_AVAILABILITY = YES_AGGRESSIVE;
				CLANG_WARN_UNREACHABLE_CODE = YES;
				CLANG_WARN__DUPLICATE_METHOD_MATCH = YES;
				COPY_PHASE_STRIP = NO;
				DEBUG_INFORMATION_FORMAT = dwarf;
				ENABLE_STRICT_OBJC_MSGSEND = YES;
				ENABLE_TESTABILITY = YES;
				GCC_C_LANGUAGE_STANDARD = gnu11;
				GCC_DYNAMIC_NO_PIC = NO;
				GCC_NO_COMMON_BLOCKS = YES;
				GCC_OPTIMIZATION_LEVEL = 0;
				GCC_PREPROCESSOR_DEFINITIONS = (
					"DEBUG=1",
					"$(inherited)",
				);
				GCC_WARN_64_TO_32_BIT_CONVERSION = YES;
				GCC_WARN_ABOUT_RETURN_TYPE = YES_ERROR;
				GCC_WARN_UNDECLARED_SELECTOR = YES;
				GCC_WARN_UNINITIALIZED_AUTOS = YES_AGGRESSIVE;
				GCC_WARN_UNUSED_FUNCTION = YES;
				GCC_WARN_UNUSED_VARIABLE = YES;
				IPHONEOS_DEPLOYMENT_TARGET = 15.0;
				MTL_ENABLE_DEBUG_INFO = INCLUDE_SOURCE;
				MTL_FAST_MATH = YES;
				ONLY_ACTIVE_ARCH = YES;
				SDKROOT = iphoneos;
				SWIFT_ACTIVE_COMPILATION_CONDITIONS = DEBUG;
				SWIFT_OPTIMIZATION_LEVEL = "-Onone";
			};
			name = Debug;
		};
		0DD4E81027C4C61D0024EAC4 /* Release */ = {
			isa = XCBuildConfiguration;
			buildSettings = {
				ALWAYS_SEARCH_USER_PATHS = NO;
				CLANG_ANALYZER_NONNULL = YES;
				CLANG_ANALYZER_NUMBER_OBJECT_CONVERSION = YES_AGGRESSIVE;
				CLANG_CXX_LANGUAGE_STANDARD = "gnu++17";
				CLANG_CXX_LIBRARY = "libc++";
				CLANG_ENABLE_MODULES = YES;
				CLANG_ENABLE_OBJC_ARC = YES;
				CLANG_ENABLE_OBJC_WEAK = YES;
				CLANG_WARN_BLOCK_CAPTURE_AUTORELEASING = YES;
				CLANG_WARN_BOOL_CONVERSION = YES;
				CLANG_WARN_COMMA = YES;
				CLANG_WARN_CONSTANT_CONVERSION = YES;
				CLANG_WARN_DEPRECATED_OBJC_IMPLEMENTATIONS = YES;
				CLANG_WARN_DIRECT_OBJC_ISA_USAGE = YES_ERROR;
				CLANG_WARN_DOCUMENTATION_COMMENTS = YES;
				CLANG_WARN_EMPTY_BODY = YES;
				CLANG_WARN_ENUM_CONVERSION = YES;
				CLANG_WARN_INFINITE_RECURSION = YES;
				CLANG_WARN_INT_CONVERSION = YES;
				CLANG_WARN_NON_LITERAL_NULL_CONVERSION = YES;
				CLANG_WARN_OBJC_IMPLICIT_RETAIN_SELF = YES;
				CLANG_WARN_OBJC_LITERAL_CONVERSION = YES;
				CLANG_WARN_OBJC_ROOT_CLASS = YES_ERROR;
				CLANG_WARN_QUOTED_INCLUDE_IN_FRAMEWORK_HEADER = YES;
				CLANG_WARN_RANGE_LOOP_ANALYSIS = YES;
				CLANG_WARN_STRICT_PROTOTYPES = YES;
				CLANG_WARN_SUSPICIOUS_MOVE = YES;
				CLANG_WARN_UNGUARDED_AVAILABILITY = YES_AGGRESSIVE;
				CLANG_WARN_UNREACHABLE_CODE = YES;
				CLANG_WARN__DUPLICATE_METHOD_MATCH = YES;
				COPY_PHASE_STRIP = NO;
				DEBUG_INFORMATION_FORMAT = "dwarf-with-dsym";
				ENABLE_NS_ASSERTIONS = NO;
				ENABLE_STRICT_OBJC_MSGSEND = YES;
				GCC_C_LANGUAGE_STANDARD = gnu11;
				GCC_NO_COMMON_BLOCKS = YES;
				GCC_WARN_64_TO_32_BIT_CONVERSION = YES;
				GCC_WARN_ABOUT_RETURN_TYPE = YES_ERROR;
				GCC_WARN_UNDECLARED_SELECTOR = YES;
				GCC_WARN_UNINITIALIZED_AUTOS = YES_AGGRESSIVE;
				GCC_WARN_UNUSED_FUNCTION = YES;
				GCC_WARN_UNUSED_VARIABLE = YES;
				IPHONEOS_DEPLOYMENT_TARGET = 15.0;
				MTL_ENABLE_DEBUG_INFO = NO;
				MTL_FAST_MATH = YES;
				SDKROOT = iphoneos;
				SWIFT_COMPILATION_MODE = wholemodule;
				SWIFT_OPTIMIZATION_LEVEL = "-O";
				VALIDATE_PRODUCT = YES;
			};
			name = Release;
		};
		0DD4E81227C4C61D0024EAC4 /* Debug */ = {
			isa = XCBuildConfiguration;
			buildSettings = {
				ASSETCATALOG_COMPILER_APPICON_NAME = AppIcon;
				ASSETCATALOG_COMPILER_GLOBAL_ACCENT_COLOR_NAME = AccentColor;
				CODE_SIGN_STYLE = Automatic;
				CURRENT_PROJECT_VERSION = 1;
				GENERATE_INFOPLIST_FILE = YES;
				INFOPLIST_FILE = IOSUIPracticals/Info.plist;
				INFOPLIST_KEY_UIApplicationSupportsIndirectInputEvents = YES;
				INFOPLIST_KEY_UILaunchStoryboardName = LaunchScreen;
				INFOPLIST_KEY_UIMainStoryboardFile = Main;
				INFOPLIST_KEY_UISupportedInterfaceOrientations_iPad = "UIInterfaceOrientationPortrait UIInterfaceOrientationPortraitUpsideDown UIInterfaceOrientationLandscapeLeft UIInterfaceOrientationLandscapeRight";
				INFOPLIST_KEY_UISupportedInterfaceOrientations_iPhone = "UIInterfaceOrientationPortrait UIInterfaceOrientationLandscapeLeft UIInterfaceOrientationLandscapeRight";
				LD_RUNPATH_SEARCH_PATHS = (
					"$(inherited)",
					"@executable_path/Frameworks",
				);
				MARKETING_VERSION = 1.0;
				PRODUCT_BUNDLE_IDENTIFIER = Rishita.IOSUIPracticals;
				PRODUCT_NAME = "$(TARGET_NAME)";
				SWIFT_EMIT_LOC_STRINGS = YES;
				SWIFT_VERSION = 5.0;
				TARGETED_DEVICE_FAMILY = "1,2";
			};
			name = Debug;
		};
		0DD4E81327C4C61D0024EAC4 /* Release */ = {
			isa = XCBuildConfiguration;
			buildSettings = {
				ASSETCATALOG_COMPILER_APPICON_NAME = AppIcon;
				ASSETCATALOG_COMPILER_GLOBAL_ACCENT_COLOR_NAME = AccentColor;
				CODE_SIGN_STYLE = Automatic;
				CURRENT_PROJECT_VERSION = 1;
				GENERATE_INFOPLIST_FILE = YES;
				INFOPLIST_FILE = IOSUIPracticals/Info.plist;
				INFOPLIST_KEY_UIApplicationSupportsIndirectInputEvents = YES;
				INFOPLIST_KEY_UILaunchStoryboardName = LaunchScreen;
				INFOPLIST_KEY_UIMainStoryboardFile = Main;
				INFOPLIST_KEY_UISupportedInterfaceOrientations_iPad = "UIInterfaceOrientationPortrait UIInterfaceOrientationPortraitUpsideDown UIInterfaceOrientationLandscapeLeft UIInterfaceOrientationLandscapeRight";
				INFOPLIST_KEY_UISupportedInterfaceOrientations_iPhone = "UIInterfaceOrientationPortrait UIInterfaceOrientationLandscapeLeft UIInterfaceOrientationLandscapeRight";
				LD_RUNPATH_SEARCH_PATHS = (
					"$(inherited)",
					"@executable_path/Frameworks",
				);
				MARKETING_VERSION = 1.0;
				PRODUCT_BUNDLE_IDENTIFIER = Rishita.IOSUIPracticals;
				PRODUCT_NAME = "$(TARGET_NAME)";
				SWIFT_EMIT_LOC_STRINGS = YES;
				SWIFT_VERSION = 5.0;
				TARGETED_DEVICE_FAMILY = "1,2";
			};
			name = Release;
		};
		0DD4E81527C4C61D0024EAC4 /* Debug */ = {
			isa = XCBuildConfiguration;
			buildSettings = {
				ALWAYS_EMBED_SWIFT_STANDARD_LIBRARIES = YES;
				BUNDLE_LOADER = "$(TEST_HOST)";
				CODE_SIGN_STYLE = Automatic;
				CURRENT_PROJECT_VERSION = 1;
				GENERATE_INFOPLIST_FILE = YES;
				IPHONEOS_DEPLOYMENT_TARGET = 15.0;
				LD_RUNPATH_SEARCH_PATHS = (
					"$(inherited)",
					"@executable_path/Frameworks",
					"@loader_path/Frameworks",
				);
				MARKETING_VERSION = 1.0;
				PRODUCT_BUNDLE_IDENTIFIER = Rishita.IOSUIPracticalsTests;
				PRODUCT_NAME = "$(TARGET_NAME)";
				SWIFT_EMIT_LOC_STRINGS = NO;
				SWIFT_VERSION = 5.0;
				TARGETED_DEVICE_FAMILY = "1,2";
				TEST_HOST = "$(BUILT_PRODUCTS_DIR)/IOSUIPracticals.app/IOSUIPracticals";
			};
			name = Debug;
		};
		0DD4E81627C4C61D0024EAC4 /* Release */ = {
			isa = XCBuildConfiguration;
			buildSettings = {
				ALWAYS_EMBED_SWIFT_STANDARD_LIBRARIES = YES;
				BUNDLE_LOADER = "$(TEST_HOST)";
				CODE_SIGN_STYLE = Automatic;
				CURRENT_PROJECT_VERSION = 1;
				GENERATE_INFOPLIST_FILE = YES;
				IPHONEOS_DEPLOYMENT_TARGET = 15.0;
				LD_RUNPATH_SEARCH_PATHS = (
					"$(inherited)",
					"@executable_path/Frameworks",
					"@loader_path/Frameworks",
				);
				MARKETING_VERSION = 1.0;
				PRODUCT_BUNDLE_IDENTIFIER = Rishita.IOSUIPracticalsTests;
				PRODUCT_NAME = "$(TARGET_NAME)";
				SWIFT_EMIT_LOC_STRINGS = NO;
				SWIFT_VERSION = 5.0;
				TARGETED_DEVICE_FAMILY = "1,2";
				TEST_HOST = "$(BUILT_PRODUCTS_DIR)/IOSUIPracticals.app/IOSUIPracticals";
			};
			name = Release;
		};
		0DD4E81827C4C61D0024EAC4 /* Debug */ = {
			isa = XCBuildConfiguration;
			buildSettings = {
				ALWAYS_EMBED_SWIFT_STANDARD_LIBRARIES = YES;
				CODE_SIGN_STYLE = Automatic;
				CURRENT_PROJECT_VERSION = 1;
				GENERATE_INFOPLIST_FILE = YES;
				LD_RUNPATH_SEARCH_PATHS = (
					"$(inherited)",
					"@executable_path/Frameworks",
					"@loader_path/Frameworks",
				);
				MARKETING_VERSION = 1.0;
				PRODUCT_BUNDLE_IDENTIFIER = Rishita.IOSUIPracticalsUITests;
				PRODUCT_NAME = "$(TARGET_NAME)";
				SWIFT_EMIT_LOC_STRINGS = NO;
				SWIFT_VERSION = 5.0;
				TARGETED_DEVICE_FAMILY = "1,2";
				TEST_TARGET_NAME = IOSUIPracticals;
			};
			name = Debug;
		};
		0DD4E81927C4C61D0024EAC4 /* Release */ = {
			isa = XCBuildConfiguration;
			buildSettings = {
				ALWAYS_EMBED_SWIFT_STANDARD_LIBRARIES = YES;
				CODE_SIGN_STYLE = Automatic;
				CURRENT_PROJECT_VERSION = 1;
				GENERATE_INFOPLIST_FILE = YES;
				LD_RUNPATH_SEARCH_PATHS = (
					"$(inherited)",
					"@executable_path/Frameworks",
					"@loader_path/Frameworks",
				);
				MARKETING_VERSION = 1.0;
				PRODUCT_BUNDLE_IDENTIFIER = Rishita.IOSUIPracticalsUITests;
				PRODUCT_NAME = "$(TARGET_NAME)";
				SWIFT_EMIT_LOC_STRINGS = NO;
				SWIFT_VERSION = 5.0;
				TARGETED_DEVICE_FAMILY = "1,2";
				TEST_TARGET_NAME = IOSUIPracticals;
			};
			name = Release;
		};
/* End XCBuildConfiguration section */

/* Begin XCConfigurationList section */
		0DD4E7E227C4C61A0024EAC4 /* Build configuration list for PBXProject "IOSUIPracticals" */ = {
			isa = XCConfigurationList;
			buildConfigurations = (
				0DD4E80F27C4C61D0024EAC4 /* Debug */,
				0DD4E81027C4C61D0024EAC4 /* Release */,
			);
			defaultConfigurationIsVisible = 0;
			defaultConfigurationName = Release;
		};
		0DD4E81127C4C61D0024EAC4 /* Build configuration list for PBXNativeTarget "IOSUIPracticals" */ = {
			isa = XCConfigurationList;
			buildConfigurations = (
				0DD4E81227C4C61D0024EAC4 /* Debug */,
				0DD4E81327C4C61D0024EAC4 /* Release */,
			);
			defaultConfigurationIsVisible = 0;
			defaultConfigurationName = Release;
		};
		0DD4E81427C4C61D0024EAC4 /* Build configuration list for PBXNativeTarget "IOSUIPracticalsTests" */ = {
			isa = XCConfigurationList;
			buildConfigurations = (
				0DD4E81527C4C61D0024EAC4 /* Debug */,
				0DD4E81627C4C61D0024EAC4 /* Release */,
			);
			defaultConfigurationIsVisible = 0;
			defaultConfigurationName = Release;
		};
		0DD4E81727C4C61D0024EAC4 /* Build configuration list for PBXNativeTarget "IOSUIPracticalsUITests" */ = {
			isa = XCConfigurationList;
			buildConfigurations = (
				0DD4E81827C4C61D0024EAC4 /* Debug */,
				0DD4E81927C4C61D0024EAC4 /* Release */,
			);
			defaultConfigurationIsVisible = 0;
			defaultConfigurationName = Release;
		};
/* End XCConfigurationList section */
	};
	rootObject = 0DD4E7DF27C4C61A0024EAC4 /* Project object */;
}
