// !$*UTF8*$!
{
	archiveVersion = 1;
	classes = {
	};
	objectVersion = 55;
	objects = {

/* Begin PBXBuildFile section */
		0DD4E7EB27C4C61A0024EAC4 /* AppDelegate.swift in Sources */ = {isa = PBXBuildFile; fileRef = 0DD4E7EA27C4C61A0024EAC4 /* AppDelegate.swift */; };
		0DD4E7ED27C4C61A0024EAC4 /* SceneDelegate.swift in Sources */ = {isa = PBXBuildFile; fileRef = 0DD4E7EC27C4C61A0024EAC4 /* SceneDelegate.swift */; };
		0DD4E7EF27C4C61A0024EAC4 /* ViewController.swift in Sources */ = {isa = PBXBuildFile; fileRef = 0DD4E7EE27C4C61A0024EAC4 /* ViewController.swift */; };
		0DD4E7F427C4C61D0024EAC4 /* Assets.xcassets in Resources */ = {isa = PBXBuildFile; fileRef = 0DD4E7F327C4C61D0024EAC4 /* Assets.xcassets */; };
		0DD4E7F727C4C61D0024EAC4 /* LaunchScreen.storyboard in Resources */ = {isa = PBXBuildFile; fileRef = 0DD4E7F527C4C61D0024EAC4 /* LaunchScreen.storyboard */; };
		0DD4E80227C4C61D0024EAC4 /* IOSUIPracticalsTests.swift in Sources */ = {isa = PBXBuildFile; fileRef = 0DD4E80127C4C61D0024EAC4 /* IOSUIPracticalsTests.swift */; };
		0DD4E80C27C4C61D0024EAC4 /* IOSUIPracticalsUITests.swift in Sources */ = {isa = PBXBuildFile; fileRef = 0DD4E80B27C4C61D0024EAC4 /* IOSUIPracticalsUITests.swift */; };
		0DD4E80E27C4C61D0024EAC4 /* IOSUIPracticalsUITestsLaunchTests.swift in Sources */ = {isa = PBXBuildFile; fileRef = 0DD4E80D27C4C61D0024EAC4 /* IOSUIPracticalsUITestsLaunchTests.swift */; };
		0DD4E81B27C52BED0024EAC4 /* Main.storyboard in Resources */ = {isa = PBXBuildFile; fileRef = 0DD4E81A27C52BED0024EAC4 /* Main.storyboard */; };
/* End PBXBuildFile section */

/* Begin PBXContainerItemProxy section */
		0DD4E7FE27C4C61D0024EAC4 /* PBXContainerItemProxy */ = {
			isa = PBXContainerItemProxy;
			containerPortal = 0DD4E7DF27C4C61A0024EAC4 /* Project object */;
			proxyType = 1;
			remoteGlobalIDString = 0DD4E7E627C4C61A0024EAC4;
			remoteInfo = IOSUIPracticals;
		};
		0DD4E80827C4C61D0024EAC4 /* PBXContainerItemProxy */ = {
			isa = PBXContainerItemProxy;
			containerPortal = 0DD4E7DF27C4C61A0024EAC4 /* Project object */;
			proxyType = 1;
			remoteGlobalIDString = 0DD4E7E627C4C61A0024EAC4;
			remoteInfo = IOSUIPracticals;
		};
/* End PBXContainerItemProxy section */

/* Begin PBXFileReference section */
		0DD4E7E727C4C61A0024EAC4 /* IOSUIPracticals.app */ = {isa = PBXFileReference; explicitFileType = wrapper.application; includeInIndex = 0; path = IOSUIPracticals.app; sourceTree = BUILT_PRODUCTS_DIR; };
		0DD4E7EA27C4C61A0024EAC4 /* AppDelegate.swift */ = {isa = PBXFileReference; lastKnownFileType = sourcecode.swift; path = AppDelegate.swift; sourceTree = "<group>"; };
		0DD4E7EC27C4C61A0024EAC4 /* SceneDelegate.swift */ = {isa = PBXFileReference; lastKnownFileType = sourcecode.swift; path = SceneDelegate.swift; sourceTree = "<group>"; };
		0DD4E7EE27C4C61A0024EAC4 /* ViewController.swift */ = {isa = PBXFileReference; lastKnownFileType = sourcecode.swift; path = ViewController.swift; sourceTree = "<group>"; };
		0DD4E7F327C4C61D0024EAC4 /* Assets.xcassets */ = {isa = PBXFileReference; lastKnownFileType = folder.assetcatalog; path = Assets.xcassets; sourceTree = "<group>"; };
		0DD4E7F627C4C61D0024EAC4 /* Base */ = {isa = PBXFileReference; lastKnownFileType = file.storyboard; name = Base; path = Base.lproj/LaunchScreen.storyboard; sourceTree = "<group>"; };
		0DD4E7F827C4C61D0024EAC4 /* Info.plist */ = {isa = PBXFileReference; lastKnownFileType = text.plist.xml; path = Info.plist; sourceTree = "<group>"; };
		0DD4E7FD27C4C61D0024EAC4 /* IOSUIPracticalsTests.xctest */ = {isa = PBXFileReference; explicitFileType = wrapper.cfbundle; includeInIndex = 0; path = IOSUIPracticalsTests.xctest; sourceTree = BUILT_PRODUCTS_DIR; };
		0DD4E80127C4C61D0024EAC4 /* IOSUIPracticalsTests.swift */ = {isa = PBXFileReference; lastKnownFileType = sourcecode.swift; path = IOSUIPracticalsTests.swift; sourceTree = "<group>"; };
		0DD4E80727C4C61D0024EAC4 /* IOSUIPracticalsUITests.xctest */ = {isa = PBXFileReference; explicitFileType = wrapper.cfbundle; includeInIndex = 0; path = IOSUIPracticalsUITests.xctest; sourceTree = BUILT_PRODUCTS_DIR; };
		0DD4E80B27C4C61D0024EAC4 /* IOSUIPracticalsUITests.swift */ = {isa = PBXFileReference; lastKnownFileType = sourcecode.swift; path = IOSUIPracticalsUITests.swift; sourceTree = "<group>"; };
		0DD4E80D27C4C61D0024EAC4 /* IOSUIPracticalsUITestsLaunchTests.swift */ = {isa = PBXFileReference; lastKnownFileType = sourcecode.swift; path = IOSUIPracticalsUITestsLaunchTests.swift; sourceTree = "<group>"; };
		0DD4E81A27C52BED0024EAC4 /* Main.storyboard */ = {isa = PBXFileReference; lastKnownFileType = file.storyboard; path = Main.storyboard; sourceTree = "<group>"; };
/* End PBXFileReference section */

/* Begin PBXFrameworksBuildPhase section */
		0DD4E7E427C4C61A0024EAC4 /* Frameworks */ = {
			isa = PBXFrameworksBuildPhase;
			buildActionMask = 2147483647;
			files = (
			);
			runOnlyForDeploymentPostprocessing = 0;
		};
		0DD4E7FA27C4C61D0024EAC4 /* Frameworks */ = {
			isa = PBXFrameworksBuildPhase;
			buildActionMask = 2147483647;
			files = (
			);
			runOnlyForDeploymentPostprocessing = 0;
		};
		0DD4E80427C4C61D0024EAC4 /* Frameworks */ = {
			isa = PBXFrameworksBuildPhase;
			buildActionMask = 2147483647;
			files = (
			);
			runOnlyForDeploymentPostprocessing = 0;
		};
/* End PBXFrameworksBuildPhase section */

/* Begin PBXGroup section */
		0DD4E7DE27C4C61A0024EAC4 = {
			isa = PBXGroup;
			children = (
				0DD4E7E927C4C61A0024EAC4 /* IOSUIPracticals */,
				0DD4E80027C4C61D0024EAC4 /* IOSUIPracticalsTests */,
				0DD4E80A27C4C61D0024EAC4 /* IOSUIPracticalsUITests */,
				0DD4E7E827C4C61A0024EAC4 /* Products */,
			);
			sourceTree = "<group>";
		};
		0DD4E7E827C4C61A0024EAC4 /* Products */ = {
			isa = PBXGroup;
			children = (
				0DD4E7E727C4C61A0024EAC4 /* IOSUIPracticals.app */,
				0DD4E7FD27C4C61D0024EAC4 /* IOSUIPracticalsTests.xctest */,
				0DD4E80727C4C61D0024EAC4 /* IOSUIPracticalsUITests.xctest */,
			);
			name = Products;
			sourceTree = "<group>";
		};
		0DD4E7E927C4C61A0024EAC4 /* IOSUIPracticals */ = {
			isa = PBXGroup;
			children = (
				0DD4E7EA27C4C61A0024EAC4 /* AppDelegate.swift */,
				0DD4E7EC27C4C61A0024EAC4 /* SceneDelegate.swift */,
				0DD4E7EE27C4C61A0024EAC4 /* ViewController.swift */,
				0DD4E7F327C4C61D0024EAC4 /* Assets.xcassets */,
				0DD4E7F527C4C61D0024EAC4 /* LaunchScreen.storyboard */,
				0DD4E7F827C4C61D0024EAC4 /* Info.plist */,
				0DD4E81A27C52BED0024EAC4 /* Main.storyboard */,
			);
			path = IOSUIPracticals;
			sourceTree = "<group>";
		};
		0DD4E80027C4C61D0024EAC4 /* IOSUIPracticalsTests */ = {
			isa = PBXGroup;
			children = (
				0DD4E80127C4C61D0024EAC4 /* IOSUIPracticalsTests.swift */,
			);
			path = IOSUIPracticalsTests;
			sourceTree = "<group>";
		};
		0DD4E80A27C4C61D0024EAC4 /* IOSUIPracticalsUITests */ = {
			isa = PBXGroup;
			children = (
				0DD4E80B27C4C61D0024EAC4 /* IOSUIPracticalsUITests.swift */,
				0DD4E80D27C4C61D0024EAC4 /* IOSUIPracticalsUITestsLaunchTests.swift */,
			);
			path = IOSUIPracticalsUITests;
			sourceTree = "<group>";
		};
/* End PBXGroup section */

/* Begin PBXNativeTarget section */
		0DD4E7E627C4C61A0024EAC4 /* IOSUIPracticals */ = {
			isa = PBXNativeTarget;
			buildConfigurationList = 0DD4E81127C4C61D0024EAC4 /* Build configuration list for PBXNativeTarget "IOSUIPracticals" */;
			buildPhases = (
				0DD4E7E327C4C61A0024EAC4 /* Sources */,
				0DD4E7E427C4C61A0024EAC4 /* Frameworks */,
				0DD4E7E527C4C61A0024EAC4 /* Resources */,
			);
			buildRules = (
			);
			dependencies = (
			);
			name = IOSUIPracticals;
			productName = IOSUIPracticals;
			productReference = 0DD4E7E727C4C61A0024EAC4 /* IOSUIPracticals.app */;
			productType = "com.apple.product-type.application";
		};
		0DD4E7FC27C4C61D0024EAC4 /* IOSUIPracticalsTests */ = {
			isa = PBXNativeTarget;
			buildConfigurationList = 0DD4E81427C4C61D0024EAC4 /* Build configuration list for PBXNativeTarget "IOSUIPracticalsTests" */;
			buildPhases = (
				0DD4E7F927C4C61D0024EAC4 /* Sources */,
				0DD4E7FA27C4C61D0024EAC4 /* Frameworks */,
				0DD4E7FB27C4C61D0024EAC4 /* Resources */,
			);
			buildRules = (
			);
			dependencies = (
				0DD4E7FF27C4C61D0024EAC4 /* PBXTargetDependency */,
			);
			name = IOSUIPracticalsTests;
			productName = IOSUIPracticalsTests;
			productReference = 0DD4E7FD27C4C61D0024EAC4 /* IOSUIPracticalsTests.xctest */;
			productType = "com.apple.product-type.bundle.unit-test";
		};
		0DD4E80627C4C61D0024EAC4 /* IOSUIPracticalsUITests */ = {
			isa = PBXNativeTarget;
			buildConfigurationList = 0DD4E81727C4C61D0024EAC4 /* Build configuration list for PBXNativeTarget "IOSUIPracticalsUITests" */;
			buildPhases = (
				0DD4E80327C4C61D0024EAC4 /* Sources */,
				0DD4E80427C4C61D0024EAC4 /* Frameworks */,
				0DD4E80527C4C61D0024EAC4 /* Resources */,
			);
			buildRules = (
			);
			dependencies = (
				0DD4E80927C4C61D0024EAC4 /* PBXTargetDependency */,
			);
			name = IOSUIPracticalsUITests;
			productName = IOSUIPracticalsUITests;
			productReference = 0DD4E80727C4C61D0024EAC4 /* IOSUIPracticalsUITests.xctest */;
			productType = "com.apple.product-type.bundle.ui-testing";
		};
/* End PBXNativeTarget section */

/* Begin PBXProject section */
		0DD4E7DF27C4C61A0024EAC4 /* Project object */ = {
			isa = PBXProject;
			attributes = {
				BuildIndependentTargetsInParallel = 1;
				LastSwiftUpdateCheck = 1310;
				LastUpgradeCheck = 1310;
				TargetAttributes = {
					0DD4E7E627C4C61A0024EAC4 = {
						CreatedOnToolsVersion = 13.1;
					};
					0DD4E7FC27C4C61D0024EAC4 = {
						CreatedOnToolsVersion = 13.1;
						TestTargetID = 0DD4E7E627C4C61A0024EAC4;
					};
					0DD4E80627C4C61D0024EAC4 = {
						CreatedOnToolsVersion = 13.1;
						TestTargetID = 0DD4E7E627C4C61A0024EAC4;
					};
				};
			};
			buildConfigurationList = 0DD4E7E227C4C61A0024EAC4 /* Build configuration list for PBXProject "IOSUIPracticals" */;
			compatibilityVersion = "Xcode 13.0";
			developmentRegion = en;
			hasScannedForEncodings = 0;
			knownRegions = (
				en,
				Base,
			);
			mainGroup = 0DD4E7DE27C4C61A0024EAC4;
			productRefGroup = 0DD4E7E827C4C61A0024EAC4 /* Products */;
			projectDirPath = "";
			projectRoot = "";
			targets = (
				0DD4E7E627C4C61A0024EAC4 /* IOSUIPracticals */,
				0DD4E7FC27C4C61D0024EAC4 /* IOSUIPracticalsTests */,
				0DD4E80627C4C61D0024EAC4 /* IOSUIPracticalsUITests */,
			);
		};
/* End PBXProject section */

/* Begin PBXResourcesBuildPhase section */
		0DD4E7E527C4C61A0024EAC4 /* Resources */ = {
			isa = PBXResourcesBuildPhase;
			buildActionMask = 2147483647;
			files = (
				0DD4E81B27C52BED0024EAC4 /* Main.storyboard in Resources */,
				0DD4E7F727C4C61D0024EAC4 /* LaunchScreen.storyboard in Resources */,
				0DD4E7F427C4C61D0024EAC4 /* Assets.xcassets in Resources */,
			);
			runOnlyForDeploymentPostprocessing = 0;
		};
		0DD4E7FB27C4C61D0024EAC4 /* Resources */ = {
			isa = PBXResourcesBuildPhase;
			buildActionMask = 2147483647;
			files = (
			);
			runOnlyForDeploymentPostprocessing = 0;
		};
		0DD4E80527C4C61D0024EAC4 /* Resources */ = {
			isa = PBXResourcesBuildPhase;
			buildActionMask = 2147483647;
			files = (
			);
			runOnlyForDeploymentPostprocessing = 0;
		};
/* End PBXResourcesBuildPhase section */

/* Begin PBXSourcesBuildPhase section */
		0DD4E7E327C4C61A0024EAC4 /* Sources */ = {
			isa = PBXSourcesBuildPhase;
			buildActionMask = 2147483647;
			files = (
				0DD4E7EF27C4C61A0024EAC4 /* ViewController.swift in Sources */,
				0DD4E7EB27C4C61A0024EAC4 /* AppDelegate.swift in Sources */,
				0DD4E7ED27C4C61A0024EAC4 /* SceneDelegate.swift in Sources */,
			);
			runOnlyForDeploymentPostprocessing = 0;
		};
		0DD4E7F927C4C61D0024EAC4 /* Sources */ = {
			isa = PBXSourcesBuildPhase;
			buildActionMask = 2147483647;
			files = (
				0DD4E80227C4C61D0024EAC4 /* IOSUIPracticalsTests.swift in Sources */,
			);
			runOnlyForDeploymentPostprocessing = 0;
		};
		0DD4E80327C4C61D0024EAC4 /* Sources */ = {
			isa = PBXSourcesBuildPhase;
			buildActionMask = 2147483647;
			files = (
				0DD4E80E27C4C61D0024EAC4 /* IOSUIPracticalsUITestsLaunchTests.swift in Sources */,
				0DD4E80C27C4C61D0024EAC4 /* IOSUIPracticalsUITests.swift in Sources */,
			);
			runOnlyForDeploymentPostprocessing = 0;
		};
/* End PBXSourcesBuildPhase section */

/* Begin PBXTargetDependency section */
		0DD4E7FF27C4C61D0024EAC4 /* PBXTargetDependency */ = {
			isa = PBXTargetDependency;
			target = 0DD4E7E627C4C61A0024EAC4 /* IOSUIPracticals */;
			targetProxy = 0DD4E7FE27C4C61D0024EAC4 /* PBXContainerItemProxy */;
		};
		0DD4E80927C4C61D0024EAC4 /* PBXTargetDependency */ = {
			isa = PBXTargetDependency;
			target = 0DD4E7E627C4C61A0024EAC4 /* IOSUIPracticals */;
			targetProxy = 0DD4E80827C4C61D0024EAC4 /* PBXContainerItemProxy */;
		};
/* End PBXTargetDependency section */

/* Begin PBXVariantGroup section */
		0DD4E7F527C4C61D0024EAC4 /* LaunchScreen.storyboard */ = {
			isa = PBXVariantGroup;
			children = (
				0DD4E7F627C4C61D0024EAC4 /* Base */,
			);
			name = LaunchScreen.storyboard;
			sourceTree = "<group>";
		};
/* End PBXVariantGroup section */

/* Begin XCBuildConfiguration section */
		0DD4E80F27C4C61D0024EAC4 /* Debug */ = {
			isa = XCBuildConfiguration;
			buildSettings = {
				ALWAYS_SEARCH_USER_PATHS = NO;
				CLANG_ANALYZER_NONNULL = YES;
				CLANG_ANALYZER_NUMBER_OBJECT_CONVERSION = YES_AGGRESSIVE;
				CLANG_CXX_LANGUAGE_STANDARD = "gnu++17";
				CLANG_CXX_LIBRARY = "libc++";
				CLANG_ENABLE_MODULES = YES;
				CLANG_ENABLE_OBJC_ARC = YES;
				CLANG_ENABLE_OBJC_WEAK = YES;
				CLANG_WARN_BLOCK_CAPTURE_AUTORELEASING = YES;
				CLANG_WARN_BOOL_CONVERSION = YES;
				CLANG_WARN_COMMA = YES;
				CLANG_WARN_CONSTANT_CONVERSION = YES;
				CLANG_WARN_DEPRECATED_OBJC_IMPLEMENTATIONS = YES;
				CLANG_WARN_DIRECT_OBJC_ISA_USAGE = YES_ERROR;
				CLANG_WARN_DOCUMENTATION_COMMENTS = YES;
				CLANG_WARN_EMPTY_BODY = YES;
				CLANG_WARN_ENUM_CONVERSION = YES;
				CLANG_WARN_INFINITE_RECURSION = YES;
				CLANG_WARN_INT_CONVERSION = YES;
				CLANG_WARN_NON_LITERAL_NULL_CONVERSION = YES;
				CLANG_WARN_OBJC_IMPLICIT_RETAIN_SELF = YES;
				CLANG_WARN_OBJC_LITERAL_CONVERSION = YES;
				CLANG_WARN_OBJC_ROOT_CLASS = YES_ERROR;
				CLANG_WARN_QUOTED_INCLUDE_IN_FRAMEWORK_HEADER = YES;
				CLANG_WARN_RANGE_LOOP_ANALYSIS = YES;
				CLANG_WARN_STRICT_PROTOTYPES = YES;
				CLANG_WARN_SUSPICIOUS_MOVE = YES;
				CLANG_WARN_UNGUARDED_AVAILABILITY = YES_AGGRESSIVE;
				CLANG_WARN_UNREACHABLE_CODE = YES;
				CLANG_WARN__DUPLICATE_METHOD_MATCH = YES;
				COPY_PHASE_STRIP = NO;
				DEBUG_INFORMATION_FORMAT = dwarf;
				ENABLE_STRICT_OBJC_MSGSEND = YES;
				ENABLE_TESTABILITY = YES;
				GCC_C_LANGUAGE_STANDARD = gnu11;
				GCC_DYNAMIC_NO_PIC = NO;
				GCC_NO_COMMON_BLOCKS = YES;
				GCC_OPTIMIZATION_LEVEL = 0;
				GCC_PREPROCESSOR_DEFINITIONS = (
					"DEBUG=1",
					"$(inherited)",
				);
				GCC_WARN_64_TO_32_BIT_CONVERSION = YES;
				GCC_WARN_ABOUT_RETURN_TYPE = YES_ERROR;
				GCC_WARN_UNDECLARED_SELECTOR = YES;
				GCC_WARN_UNINITIALIZED_AUTOS = YES_AGGRESSIVE;
				GCC_WARN_UNUSED_FUNCTION = YES;
				GCC_WARN_UNUSED_VARIABLE = YES;
				IPHONEOS_DEPLOYMENT_TARGET = 15.0;
				MTL_ENABLE_DEBUG_INFO = INCLUDE_SOURCE;
				MTL_FAST_MATH = YES;
				ONLY_ACTIVE_ARCH = YES;
				SDKROOT = iphoneos;
				SWIFT_ACTIVE_COMPILATION_CONDITIONS = DEBUG;
				SWIFT_OPTIMIZATION_LEVEL = "-Onone";
			};
			name = Debug;
		};
		0DD4E81027C4C61D0024EAC4 /* Release */ = {
			isa = XCBuildConfiguration;
			buildSettings = {
				ALWAYS_SEARCH_USER_PATHS = NO;
				CLANG_ANALYZER_NONNULL = YES;
				CLANG_ANALYZER_NUMBER_OBJECT_CONVERSION = YES_AGGRESSIVE;
				CLANG_CXX_LANGUAGE_STANDARD = "gnu++17";
				CLANG_CXX_LIBRARY = "libc++";
				CLANG_ENABLE_MODULES = YES;
				CLANG_ENABLE_OBJC_ARC = YES;
				CLANG_ENABLE_OBJC_WEAK = YES;
				CLANG_WARN_BLOCK_CAPTURE_AUTORELEASING = YES;
				CLANG_WARN_BOOL_CONVERSION = YES;
				CLANG_WARN_COMMA = YES;
				CLANG_WARN_CONSTANT_CONVERSION = YES;
				CLANG_WARN_DEPRECATED_OBJC_IMPLEMENTATIONS = YES;
				CLANG_WARN_DIRECT_OBJC_ISA_USAGE = YES_ERROR;
				CLANG_WARN_DOCUMENTATION_COMMENTS = YES;
				CLANG_WARN_EMPTY_BODY = YES;
				CLANG_WARN_ENUM_CONVERSION = YES;
				CLANG_WARN_INFINITE_RECURSION = YES;
				CLANG_WARN_INT_CONVERSION = YES;
				CLANG_WARN_NON_LITERAL_NULL_CONVERSION = YES;
				CLANG_WARN_OBJC_IMPLICIT_RETAIN_SELF = YES;
				CLANG_WARN_OBJC_LITERAL_CONVERSION = YES;
				CLANG_WARN_OBJC_ROOT_CLASS = YES_ERROR;
				CLANG_WARN_QUOTED_INCLUDE_IN_FRAMEWORK_HEADER = YES;
				CLANG_WARN_RANGE_LOOP_ANALYSIS = YES;
				CLANG_WARN_STRICT_PROTOTYPES = YES;
				CLANG_WARN_SUSPICIOUS_MOVE = YES;
				CLANG_WARN_UNGUARDED_AVAILABILITY = YES_AGGRESSIVE;
				CLANG_WARN_UNREACHABLE_CODE = YES;
				CLANG_WARN__DUPLICATE_METHOD_MATCH = YES;
				COPY_PHASE_STRIP = NO;
				DEBUG_INFORMATION_FORMAT = "dwarf-with-dsym";
				ENABLE_NS_ASSERTIONS = NO;
				ENABLE_STRICT_OBJC_MSGSEND = YES;
				GCC_C_LANGUAGE_STANDARD = gnu11;
				GCC_NO_COMMON_BLOCKS = YES;
				GCC_WARN_64_TO_32_BIT_CONVERSION = YES;
				GCC_WARN_ABOUT_RETURN_TYPE = YES_ERROR;
				GCC_WARN_UNDECLARED_SELECTOR = YES;
				GCC_WARN_UNINITIALIZED_AUTOS = YES_AGGRESSIVE;
				GCC_WARN_UNUSED_FUNCTION = YES;
				GCC_WARN_UNUSED_VARIABLE = YES;
				IPHONEOS_DEPLOYMENT_TARGET = 15.0;
				MTL_ENABLE_DEBUG_INFO = NO;
				MTL_FAST_MATH = YES;
				SDKROOT = iphoneos;
				SWIFT_COMPILATION_MODE = wholemodule;
				SWIFT_OPTIMIZATION_LEVEL = "-O";
				VALIDATE_PRODUCT = YES;
			};
			name = Release;
		};
		0DD4E81227C4C61D0024EAC4 /* Debug */ = {
			isa = XCBuildConfiguration;
			buildSettings = {
				ASSETCATALOG_COMPILER_APPICON_NAME = AppIcon;
				ASSETCATALOG_COMPILER_GLOBAL_ACCENT_COLOR_NAME = AccentColor;
				CODE_SIGN_STYLE = Automatic;
				CURRENT_PROJECT_VERSION = 1;
				GENERATE_INFOPLIST_FILE = YES;
				INFOPLIST_FILE = IOSUIPracticals/Info.plist;
				INFOPLIST_KEY_UIApplicationSupportsIndirectInputEvents = YES;
				INFOPLIST_KEY_UILaunchStoryboardName = LaunchScreen;
				INFOPLIST_KEY_UIMainStoryboardFile = Main;
				INFOPLIST_KEY_UISupportedInterfaceOrientations_iPad = "UIInterfaceOrientationPortrait UIInterfaceOrientationPortraitUpsideDown UIInterfaceOrientationLandscapeLeft UIInterfaceOrientationLandscapeRight";
				INFOPLIST_KEY_UISupportedInterfaceOrientations_iPhone = "UIInterfaceOrientationPortrait UIInterfaceOrientationLandscapeLeft UIInterfaceOrientationLandscapeRight";
				LD_RUNPATH_SEARCH_PATHS = (
					"$(inherited)",
					"@executable_path/Frameworks",
				);
				MARKETING_VERSION = 1.0;
				PRODUCT_BUNDLE_IDENTIFIER = Rishita.IOSUIPracticals;
				PRODUCT_NAME = "$(TARGET_NAME)";
				SWIFT_EMIT_LOC_STRINGS = YES;
				SWIFT_VERSION = 5.0;
				TARGETED_DEVICE_FAMILY = "1,2";
			};
			name = Debug;
		};
		0DD4E81327C4C61D0024EAC4 /* Release */ = {
			isa = XCBuildConfiguration;
			buildSettings = {
				ASSETCATALOG_COMPILER_APPICON_NAME = AppIcon;
				ASSETCATALOG_COMPILER_GLOBAL_ACCENT_COLOR_NAME = AccentColor;
				CODE_SIGN_STYLE = Automatic;
				CURRENT_PROJECT_VERSION = 1;
				GENERATE_INFOPLIST_FILE = YES;
				INFOPLIST_FILE = IOSUIPracticals/Info.plist;
				INFOPLIST_KEY_UIApplicationSupportsIndirectInputEvents = YES;
				INFOPLIST_KEY_UILaunchStoryboardName = LaunchScreen;
				INFOPLIST_KEY_UIMainStoryboardFile = Main;
				INFOPLIST_KEY_UISupportedInterfaceOrientations_iPad = "UIInterfaceOrientationPortrait UIInterfaceOrientationPortraitUpsideDown UIInterfaceOrientationLandscapeLeft UIInterfaceOrientationLandscapeRight";
				INFOPLIST_KEY_UISupportedInterfaceOrientations_iPhone = "UIInterfaceOrientationPortrait UIInterfaceOrientationLandscapeLeft UIInterfaceOrientationLandscapeRight";
				LD_RUNPATH_SEARCH_PATHS = (
					"$(inherited)",
					"@executable_path/Frameworks",
				);
				MARKETING_VERSION = 1.0;
				PRODUCT_BUNDLE_IDENTIFIER = Rishita.IOSUIPracticals;
				PRODUCT_NAME = "$(TARGET_NAME)";
				SWIFT_EMIT_LOC_STRINGS = YES;
				SWIFT_VERSION = 5.0;
				TARGETED_DEVICE_FAMILY = "1,2";
			};
			name = Release;
		};
		0DD4E81527C4C61D0024EAC4 /* Debug */ = {
			isa = XCBuildConfiguration;
			buildSettings = {
				ALWAYS_EMBED_SWIFT_STANDARD_LIBRARIES = YES;
				BUNDLE_LOADER = "$(TEST_HOST)";
				CODE_SIGN_STYLE = Automatic;
				CURRENT_PROJECT_VERSION = 1;
				GENERATE_INFOPLIST_FILE = YES;
				IPHONEOS_DEPLOYMENT_TARGET = 15.0;
				LD_RUNPATH_SEARCH_PATHS = (
					"$(inherited)",
					"@executable_path/Frameworks",
					"@loader_path/Frameworks",
				);
				MARKETING_VERSION = 1.0;
				PRODUCT_BUNDLE_IDENTIFIER = Rishita.IOSUIPracticalsTests;
				PRODUCT_NAME = "$(TARGET_NAME)";
				SWIFT_EMIT_LOC_STRINGS = NO;
				SWIFT_VERSION = 5.0;
				TARGETED_DEVICE_FAMILY = "1,2";
				TEST_HOST = "$(BUILT_PRODUCTS_DIR)/IOSUIPracticals.app/IOSUIPracticals";
			};
			name = Debug;
		};
		0DD4E81627C4C61D0024EAC4 /* Release */ = {
			isa = XCBuildConfiguration;
			buildSettings = {
				ALWAYS_EMBED_SWIFT_STANDARD_LIBRARIES = YES;
				BUNDLE_LOADER = "$(TEST_HOST)";
				CODE_SIGN_STYLE = Automatic;
				CURRENT_PROJECT_VERSION = 1;
				GENERATE_INFOPLIST_FILE = YES;
				IPHONEOS_DEPLOYMENT_TARGET = 15.0;
				LD_RUNPATH_SEARCH_PATHS = (
					"$(inherited)",
					"@executable_path/Frameworks",
					"@loader_path/Frameworks",
				);
				MARKETING_VERSION = 1.0;
				PRODUCT_BUNDLE_IDENTIFIER = Rishita.IOSUIPracticalsTests;
				PRODUCT_NAME = "$(TARGET_NAME)";
				SWIFT_EMIT_LOC_STRINGS = NO;
				SWIFT_VERSION = 5.0;
				TARGETED_DEVICE_FAMILY = "1,2";
				TEST_HOST = "$(BUILT_PRODUCTS_DIR)/IOSUIPracticals.app/IOSUIPracticals";
			};
			name = Release;
		};
		0DD4E81827C4C61D0024EAC4 /* Debug */ = {
			isa = XCBuildConfiguration;
			buildSettings = {
				ALWAYS_EMBED_SWIFT_STANDARD_LIBRARIES = YES;
				CODE_SIGN_STYLE = Automatic;
				CURRENT_PROJECT_VERSION = 1;
				GENERATE_INFOPLIST_FILE = YES;
				LD_RUNPATH_SEARCH_PATHS = (
					"$(inherited)",
					"@executable_path/Frameworks",
					"@loader_path/Frameworks",
				);
				MARKETING_VERSION = 1.0;
				PRODUCT_BUNDLE_IDENTIFIER = Rishita.IOSUIPracticalsUITests;
				PRODUCT_NAME = "$(TARGET_NAME)";
				SWIFT_EMIT_LOC_STRINGS = NO;
				SWIFT_VERSION = 5.0;
				TARGETED_DEVICE_FAMILY = "1,2";
				TEST_TARGET_NAME = IOSUIPracticals;
			};
			name = Debug;
		};
		0DD4E81927C4C61D0024EAC4 /* Release */ = {
			isa = XCBuildConfiguration;
			buildSettings = {
				ALWAYS_EMBED_SWIFT_STANDARD_LIBRARIES = YES;
				CODE_SIGN_STYLE = Automatic;
				CURRENT_PROJECT_VERSION = 1;
				GENERATE_INFOPLIST_FILE = YES;
				LD_RUNPATH_SEARCH_PATHS = (
					"$(inherited)",
					"@executable_path/Frameworks",
					"@loader_path/Frameworks",
				);
				MARKETING_VERSION = 1.0;
				PRODUCT_BUNDLE_IDENTIFIER = Rishita.IOSUIPracticalsUITests;
				PRODUCT_NAME = "$(TARGET_NAME)";
				SWIFT_EMIT_LOC_STRINGS = NO;
				SWIFT_VERSION = 5.0;
				TARGETED_DEVICE_FAMILY = "1,2";
				TEST_TARGET_NAME = IOSUIPracticals;
			};
			name = Release;
		};
/* End XCBuildConfiguration section */

/* Begin XCConfigurationList section */
		0DD4E7E227C4C61A0024EAC4 /* Build configuration list for PBXProject "IOSUIPracticals" */ = {
			isa = XCConfigurationList;
			buildConfigurations = (
				0DD4E80F27C4C61D0024EAC4 /* Debug */,
				0DD4E81027C4C61D0024EAC4 /* Release */,
			);
			defaultConfigurationIsVisible = 0;
			defaultConfigurationName = Release;
		};
		0DD4E81127C4C61D0024EAC4 /* Build configuration list for PBXNativeTarget "IOSUIPracticals" */ = {
			isa = XCConfigurationList;
			buildConfigurations = (
				0DD4E81227C4C61D0024EAC4 /* Debug */,
				0DD4E81327C4C61D0024EAC4 /* Release */,
			);
			defaultConfigurationIsVisible = 0;
			defaultConfigurationName = Release;
		};
		0DD4E81427C4C61D0024EAC4 /* Build configuration list for PBXNativeTarget "IOSUIPracticalsTests" */ = {
			isa = XCConfigurationList;
			buildConfigurations = (
				0DD4E81527C4C61D0024EAC4 /* Debug */,
				0DD4E81627C4C61D0024EAC4 /* Release */,
			);
			defaultConfigurationIsVisible = 0;
			defaultConfigurationName = Release;
		};
		0DD4E81727C4C61D0024EAC4 /* Build configuration list for PBXNativeTarget "IOSUIPracticalsUITests" */ = {
			isa = XCConfigurationList;
			buildConfigurations = (
				0DD4E81827C4C61D0024EAC4 /* Debug */,
				0DD4E81927C4C61D0024EAC4 /* Release */,
			);
			defaultConfigurationIsVisible = 0;
			defaultConfigurationName = Release;
		};
/* End XCConfigurationList section */
	};
	rootObject = 0DD4E7DF27C4C61A0024EAC4 /* Project object */;
}
